# This file is generated by running "yarn install" inside your project.
# Manual changes might be lost - proceed with caution!

__metadata:
  version: 6
  cacheKey: 8

"date-format@npm:^4.0.14":
  version: 4.0.14
  resolution: "date-format@npm:4.0.14"
  checksum: dfe5139df6af5759b9dd3c007b899b3f60d45a9240ffeee6314ab74e6ab52e9b519a44ccf285888bdd6b626c66ee9b4c8a523075fa1140617b5beb1cbb9b18d1
  languageName: node
  linkType: hard

"debug@npm:^4.3.4":
  version: 4.3.4
  resolution: "debug@npm:4.3.4"
  dependencies:
    ms: 2.1.2
  peerDependenciesMeta:
    supports-color:
      optional: true
  checksum: 3dbad3f94ea64f34431a9cbf0bafb61853eda57bff2880036153438f50fb5a84f27683ba0d8e5426bf41a8c6ff03879488120cf5b3a761e77953169c0600a708
  languageName: node
  linkType: hard

"flatted@npm:^3.2.7":
  version: 3.2.7
  resolution: "flatted@npm:3.2.7"
  checksum: 427633049d55bdb80201c68f7eb1cbd533e03eac541f97d3aecab8c5526f12a20ccecaeede08b57503e772c769e7f8680b37e8d482d1e5f8d7e2194687f9ea35
  languageName: node
  linkType: hard

"fs-extra@npm:^8.1.0":
  version: 8.1.0
  resolution: "fs-extra@npm:8.1.0"
  dependencies:
    graceful-fs: ^4.2.0
    jsonfile: ^4.0.0
    universalify: ^0.1.0
  checksum: bf44f0e6cea59d5ce071bba4c43ca76d216f89e402dc6285c128abc0902e9b8525135aa808adad72c9d5d218e9f4bcc63962815529ff2f684ad532172a284880
  languageName: node
  linkType: hard

"graceful-fs@npm:^4.1.6, graceful-fs@npm:^4.2.0":
  version: 4.2.10
  resolution: "graceful-fs@npm:4.2.10"
  checksum: 3f109d70ae123951905d85032ebeae3c2a5a7a997430df00ea30df0e3a6c60cf6689b109654d6fdacd28810a053348c4d14642da1d075049e6be1ba5216218da
  languageName: node
  linkType: hard

"jsonfile@npm:^4.0.0":
  version: 4.0.0
  resolution: "jsonfile@npm:4.0.0"
  dependencies:
    graceful-fs: ^4.1.6
  dependenciesMeta:
    graceful-fs:
      optional: true
  checksum: 6447d6224f0d31623eef9b51185af03ac328a7553efcee30fa423d98a9e276ca08db87d71e17f2310b0263fd3ffa6c2a90a6308367f661dc21580f9469897c9e
  languageName: node
  linkType: hard

"log4js@npm:*":
  version: 6.7.1
  resolution: "log4js@npm:6.7.1"
  dependencies:
    date-format: ^4.0.14
    debug: ^4.3.4
    flatted: ^3.2.7
    rfdc: ^1.3.0
    streamroller: ^3.1.3
  checksum: ea4f1c4b6aea8533181ffcf2ded6f73aea8a38b004c85d0731ce0c7372c9f63a3c00af1311435f38908bd19634b72ca72d1dfe470fee3f6b650e0234bc840007
  languageName: node
  linkType: hard

"ms@npm:2.1.2":
  version: 2.1.2
  resolution: "ms@npm:2.1.2"
  checksum: 673cdb2c3133eb050c745908d8ce632ed2c02d85640e2edb3ace856a2266a813b30c613569bf3354fdf4ea7d1a1494add3bfa95e2713baa27d0c2c71fc44f58f
  languageName: node
  linkType: hard

"nodejs@workspace:.":
  version: 0.0.0-use.local
  resolution: "nodejs@workspace:."
  dependencies:
    log4js: "*"
  languageName: unknown
  linkType: soft

"rfdc@npm:^1.3.0":
  version: 1.3.0
  resolution: "rfdc@npm:1.3.0"
  checksum: fb2ba8512e43519983b4c61bd3fa77c0f410eff6bae68b08614437bc3f35f91362215f7b4a73cbda6f67330b5746ce07db5dd9850ad3edc91271ad6deea0df32
  languageName: node
  linkType: hard

"streamroller@npm:^3.1.3":
  version: 3.1.4
  resolution: "streamroller@npm:3.1.4"
  dependencies:
    date-format: ^4.0.14
    debug: ^4.3.4
    fs-extra: ^8.1.0
  checksum: c7b48b806f48d0c692fd7594913c6541c68ef0f35b950dcef82664b988d59334b44a30ad1666c80efc4f25d4fdd6e45efa401e9ca945b586e0e87a4520bc9a71
  languageName: node
  linkType: hard

"universalify@npm:^0.1.0":
  version: 0.1.2
  resolution: "universalify@npm:0.1.2"
  checksum: 40cdc60f6e61070fe658ca36016a8f4ec216b29bf04a55dce14e3710cc84c7448538ef4dad3728d0bfe29975ccd7bfb5f414c45e7b78883567fb31b246f02dff
  languageName: node
  linkType: hard
