# THIS IS AN AUTOGENERATED FILE. DO NOT EDIT THIS FILE DIRECTLY.
# yarn lockfile v1


date-format@^4.0.5:
  version "4.0.5"
  resolved "https://registry.yarnpkg.com/date-format/-/date-format-4.0.5.tgz#ba385f89782c6cb114cf45dfa4704c6bb29fca51"
  integrity sha512-zBhRiN/M0gDxUoM2xRtzTjJzSg0XEi1ofYpF84PfXeS3hN2PsGxmc7jw3DNQtFlimRbMmob5FC3G0cJq6jQQpw==

debug@^4.3.3:
  version "4.3.3"
  resolved "https://registry.yarnpkg.com/debug/-/debug-4.3.3.tgz#04266e0b70a98d4462e6e288e38259213332b664"
  integrity sha512-/zxw5+vh1Tfv+4Qn7a5nsbcJKPaSvCDhojn6FEl9vupwK2VCSDtEiEtqr8DFtzYFOdz63LBkxec7DYuc2jon6Q==
  dependencies:
    ms "2.1.2"

flatted@^3.2.5:
  version "3.2.5"
  resolved "https://registry.yarnpkg.com/flatted/-/flatted-3.2.5.tgz#76c8584f4fc843db64702a6bd04ab7a8bd666da3"
  integrity sha512-WIWGi2L3DyTUvUrwRKgGi9TwxQMUEqPOPQBVi71R96jZXJdFskXEmf54BoZaS1kknGODoIGASGEzBUYdyMCBJg==

fs-extra@^10.0.1:
  version "10.0.1"
  resolved "https://registry.yarnpkg.com/fs-extra/-/fs-extra-10.0.1.tgz#27de43b4320e833f6867cc044bfce29fdf0ef3b8"
  integrity sha512-NbdoVMZso2Lsrn/QwLXOy6rm0ufY2zEOKCDzJR/0kBsb0E6qed0P3iYK+Ath3BfvXEeu4JhEtXLgILx5psUfag==
  dependencies:
    graceful-fs "^4.2.0"
    jsonfile "^6.0.1"
    universalify "^2.0.0"

graceful-fs@^4.1.6, graceful-fs@^4.2.0:
  version "4.2.9"
  resolved "https://registry.yarnpkg.com/graceful-fs/-/graceful-fs-4.2.9.tgz#041b05df45755e587a24942279b9d113146e1c96"
  integrity sha512-NtNxqUcXgpW2iMrfqSfR73Glt39K+BLwWsPs94yR63v45T0Wbej7eRmL5cWfwEgqXnmjQp3zaJTshdRW/qC2ZQ==

jsonfile@^6.0.1:
  version "6.1.0"
  resolved "https://registry.yarnpkg.com/jsonfile/-/jsonfile-6.1.0.tgz#bc55b2634793c679ec6403094eb13698a6ec0aae"
  integrity sha512-5dgndWOriYSm5cnYaJNhalLNDKOqFwyDB/rr1E9ZsGciGvKPs8R2xYGCacuf3z6K1YKDz182fd+fY3cn3pMqXQ==
  dependencies:
    universalify "^2.0.0"
  optionalDependencies:
    graceful-fs "^4.1.6"

log4js@^6.4.3:
  version "6.4.3"
  resolved "https://registry.yarnpkg.com/log4js/-/log4js-6.4.3.tgz#8bddd981846873895bcc55c0961560c7214a8ad7"
  integrity sha512-H/oQKcCVIhQ8zCtUh5aftdp9eRpGyVB1M5sKzAJ0i10q5jS+YXk133vtLgzT1RIoWMbIn7QD1LUto8a1hqh6gA==
  dependencies:
    date-format "^4.0.5"
    debug "^4.3.3"
    flatted "^3.2.5"
    rfdc "^1.3.0"
    streamroller "^3.0.5"

ms@2.1.2:
  version "2.1.2"
  resolved "https://registry.yarnpkg.com/ms/-/ms-2.1.2.tgz#d09d1f357b443f493382a8eb3ccd183872ae6009"
  integrity sha512-sGkPx+VjMtmA6MX27oA4FBFELFCZZ4S4XqeGOXCv68tT+jb3vk/RyaKWP0PTKyWtmLSM0b+adUTEvbs1PEaH2w==

rfdc@^1.3.0:
  version "1.3.0"
  resolved "https://registry.yarnpkg.com/rfdc/-/rfdc-1.3.0.tgz#d0b7c441ab2720d05dc4cf26e01c89631d9da08b"
  integrity sha512-V2hovdzFbOi77/WajaSMXk2OLm+xNIeQdMMuB7icj7bk6zi2F8GGAxigcnDFpJHbNyNcgyJDiP+8nOrY5cZGrA==

streamroller@^3.0.5:
  version "3.0.5"
  resolved "https://registry.yarnpkg.com/streamroller/-/streamroller-3.0.5.tgz#17e348dc2a662f9f325373549ab91d55316051ab"
  integrity sha512-5uzTEUIi4OB5zy/H30kbUN/zpDNJsFUA+Z47ZL8EfrP93lcZvRLEqdbhdunEPa7CouuAzXXsHpCJ9dg90Umw7g==
  dependencies:
    date-format "^4.0.5"
    debug "^4.3.3"
    fs-extra "^10.0.1"

universalify@^2.0.0:
  version "2.0.0"
  resolved "https://registry.yarnpkg.com/universalify/-/universalify-2.0.0.tgz#75a4984efedc4b08975c5aeb73f530d02df25717"
  integrity sha512-hAZsKq7Yy11Zu1DE0OzWjw7nnLZmJZYTDZZyEFHZdUhV8FkH5MCfoU1XMaxXovpyW5nq5scPqq0ZDP9Zyl04oQ==
