# THIS IS AN AUTOGENERATED FILE. DO NOT EDIT THIS FILE DIRECTLY.
# yarn lockfile v1


"@aws-crypto/ie11-detection@^2.0.0", "@aws-crypto/ie11-detection@^2.0.2":
  version "2.0.2"
  resolved "https://registry.yarnpkg.com/@aws-crypto/ie11-detection/-/ie11-detection-2.0.2.tgz#9c39f4a5558196636031a933ec1b4792de959d6a"
  integrity sha512-5XDMQY98gMAf/WRTic5G++jfmS/VLM0rwpiOpaainKi4L0nqWMSB1SzsrEG5rjFZGYN6ZAefO+/Yta2dFM0kMw==
  dependencies:
    tslib "^1.11.1"

"@aws-crypto/sha256-browser@2.0.0":
  version "2.0.0"
  resolved "https://registry.yarnpkg.com/@aws-crypto/sha256-browser/-/sha256-browser-2.0.0.tgz#741c9024df55ec59b51e5b1f5d806a4852699fb5"
  integrity sha512-rYXOQ8BFOaqMEHJrLHul/25ckWH6GTJtdLSajhlqGMx0PmSueAuvboCuZCTqEKlxR8CQOwRarxYMZZSYlhRA1A==
  dependencies:
    "@aws-crypto/ie11-detection" "^2.0.0"
    "@aws-crypto/sha256-js" "^2.0.0"
    "@aws-crypto/supports-web-crypto" "^2.0.0"
    "@aws-crypto/util" "^2.0.0"
    "@aws-sdk/types" "^3.1.0"
    "@aws-sdk/util-locate-window" "^3.0.0"
    "@aws-sdk/util-utf8-browser" "^3.0.0"
    tslib "^1.11.1"

"@aws-crypto/sha256-browser@^2.0.2":
  version "2.0.2"
  resolved "https://registry.yarnpkg.com/@aws-crypto/sha256-browser/-/sha256-browser-2.0.2.tgz#b205b5c2ff20bdde7e791d7d1ee89391ce87cd24"
  integrity sha512-V7nEV6nKYHqiWVksjQ/BnIppDHrvALDrLoL9lsxvhn/iVo77L7zGLjR+/+nFFvqg/EUz/AJr7YnVGimf1e9X7Q==
  dependencies:
    "@aws-crypto/ie11-detection" "^2.0.2"
    "@aws-crypto/sha256-js" "^2.0.2"
    "@aws-crypto/supports-web-crypto" "^2.0.2"
    "@aws-crypto/util" "^2.0.2"
    "@aws-sdk/types" "^3.110.0"
    "@aws-sdk/util-locate-window" "^3.0.0"
    "@aws-sdk/util-utf8-browser" "^3.0.0"
    tslib "^1.11.1"

"@aws-crypto/sha256-js@2.0.0":
  version "2.0.0"
  resolved "https://registry.yarnpkg.com/@aws-crypto/sha256-js/-/sha256-js-2.0.0.tgz#f1f936039bdebd0b9e2dd834d65afdc2aac4efcb"
  integrity sha512-VZY+mCY4Nmrs5WGfitmNqXzaE873fcIZDu54cbaDaaamsaTOP1DBImV9F4pICc3EHjQXujyE8jig+PFCaew9ig==
  dependencies:
    "@aws-crypto/util" "^2.0.0"
    "@aws-sdk/types" "^3.1.0"
    tslib "^1.11.1"

"@aws-crypto/sha256-js@^2.0.0", "@aws-crypto/sha256-js@^2.0.2":
  version "2.0.2"
  resolved "https://registry.yarnpkg.com/@aws-crypto/sha256-js/-/sha256-js-2.0.2.tgz#c81e5d378b8a74ff1671b58632779986e50f4c99"
  integrity sha512-iXLdKH19qPmIC73fVCrHWCSYjN/sxaAvZ3jNNyw6FclmHyjLKg0f69WlC9KTnyElxCR5MO9SKaG00VwlJwyAkQ==
  dependencies:
    "@aws-crypto/util" "^2.0.2"
    "@aws-sdk/types" "^3.110.0"
    tslib "^1.11.1"

"@aws-crypto/sha256-universal@*":
  version "2.0.2"
  resolved "https://registry.yarnpkg.com/@aws-crypto/sha256-universal/-/sha256-universal-2.0.2.tgz#f6ce2ddbfce1876a4792b9b3ae7ce7d49df98f86"
  integrity sha512-BhTq7ZpAKU8IXCp+SMWj0lhckuxUZztgT/dUpiPVdW1yRlaK+OnxXB/dKV5Jw3zpf8S6+4C42LV8uMFMjBbUuw==
  dependencies:
    "@aws-crypto/sha256-browser" "^2.0.2"
    "@aws-sdk/hash-node" "^3.110.0"
    "@aws-sdk/types" "^3.110.0"
    tslib "^1.11.1"

"@aws-crypto/supports-web-crypto@^2.0.0", "@aws-crypto/supports-web-crypto@^2.0.2":
  version "2.0.2"
  resolved "https://registry.yarnpkg.com/@aws-crypto/supports-web-crypto/-/supports-web-crypto-2.0.2.tgz#9f02aafad8789cac9c0ab5faaebb1ab8aa841338"
  integrity sha512-6mbSsLHwZ99CTOOswvCRP3C+VCWnzBf+1SnbWxzzJ9lR0mA0JnY2JEAhp8rqmTE0GPFy88rrM27ffgp62oErMQ==
  dependencies:
    tslib "^1.11.1"

"@aws-crypto/util@^2.0.0", "@aws-crypto/util@^2.0.2":
  version "2.0.2"
  resolved "https://registry.yarnpkg.com/@aws-crypto/util/-/util-2.0.2.tgz#adf5ff5dfbc7713082f897f1d01e551ce0edb9c0"
  integrity sha512-Lgu5v/0e/BcrZ5m/IWqzPUf3UYFTy/PpeED+uc9SWUR1iZQL8XXbGQg10UfllwwBryO3hFF5dizK+78aoXC1eA==
  dependencies:
    "@aws-sdk/types" "^3.110.0"
    "@aws-sdk/util-utf8-browser" "^3.0.0"
    tslib "^1.11.1"

"@aws-sdk/abort-controller@3.183.0":
  version "3.183.0"
  resolved "https://registry.yarnpkg.com/@aws-sdk/abort-controller/-/abort-controller-3.183.0.tgz#e74fa1561ddec9a7714b53b675cdddd3203b7d56"
  integrity sha512-iRhdCoC/QyyB6iRCytb12T0XtfmQRn849vnbcUd8BprXvkQ/YwmFS//4Lj02uxS+myqXCntoAj1nKvZZwcFmbg==
  dependencies:
    "@aws-sdk/types" "3.183.0"
    tslib "^2.3.1"

"@aws-sdk/client-cognito-identity@3.185.0":
  version "3.185.0"
  resolved "https://registry.yarnpkg.com/@aws-sdk/client-cognito-identity/-/client-cognito-identity-3.185.0.tgz#56193905637a92525ef5669341efd6821923963e"
  integrity sha512-WblZj9Kdr0SitPnpXjurc9kAD4n65WS7vjk7RVo0hH0NjPxmi9nBDwjMj4XndqRYJ7y7OjHide8htzVwCZDkrA==
  dependencies:
    "@aws-crypto/sha256-browser" "2.0.0"
    "@aws-crypto/sha256-js" "2.0.0"
    "@aws-sdk/client-sts" "3.185.0"
    "@aws-sdk/config-resolver" "3.183.0"
    "@aws-sdk/credential-provider-node" "3.185.0"
    "@aws-sdk/fetch-http-handler" "3.183.0"
    "@aws-sdk/hash-node" "3.183.0"
    "@aws-sdk/invalid-dependency" "3.183.0"
    "@aws-sdk/middleware-content-length" "3.183.0"
    "@aws-sdk/middleware-host-header" "3.183.0"
    "@aws-sdk/middleware-logger" "3.183.0"
    "@aws-sdk/middleware-recursion-detection" "3.183.0"
    "@aws-sdk/middleware-retry" "3.185.0"
    "@aws-sdk/middleware-serde" "3.183.0"
    "@aws-sdk/middleware-signing" "3.183.0"
    "@aws-sdk/middleware-stack" "3.183.0"
    "@aws-sdk/middleware-user-agent" "3.183.0"
    "@aws-sdk/node-config-provider" "3.183.0"
    "@aws-sdk/node-http-handler" "3.185.0"
    "@aws-sdk/protocol-http" "3.183.0"
    "@aws-sdk/smithy-client" "3.183.0"
    "@aws-sdk/types" "3.183.0"
    "@aws-sdk/url-parser" "3.183.0"
    "@aws-sdk/util-base64-browser" "3.183.0"
    "@aws-sdk/util-base64-node" "3.183.0"
    "@aws-sdk/util-body-length-browser" "3.183.0"
    "@aws-sdk/util-body-length-node" "3.183.0"
    "@aws-sdk/util-defaults-mode-browser" "3.183.0"
    "@aws-sdk/util-defaults-mode-node" "3.183.0"
    "@aws-sdk/util-user-agent-browser" "3.183.0"
    "@aws-sdk/util-user-agent-node" "3.183.0"
    "@aws-sdk/util-utf8-browser" "3.183.0"
    "@aws-sdk/util-utf8-node" "3.183.0"
    tslib "^2.3.1"

"@aws-sdk/client-sso@3.185.0":
  version "3.185.0"
  resolved "https://registry.yarnpkg.com/@aws-sdk/client-sso/-/client-sso-3.185.0.tgz#f4bc680b55a20570de1f6e50157280c678723fe4"
  integrity sha512-dov6GPs0cBMO2+LUzbIppD1koHF02SoOMSHyLC5oEqve1UvcQ904geb3NPcm9WKjKBiNeFDdU/wTKf08m58Qnw==
  dependencies:
    "@aws-crypto/sha256-browser" "2.0.0"
    "@aws-crypto/sha256-js" "2.0.0"
    "@aws-sdk/config-resolver" "3.183.0"
    "@aws-sdk/fetch-http-handler" "3.183.0"
    "@aws-sdk/hash-node" "3.183.0"
    "@aws-sdk/invalid-dependency" "3.183.0"
    "@aws-sdk/middleware-content-length" "3.183.0"
    "@aws-sdk/middleware-host-header" "3.183.0"
    "@aws-sdk/middleware-logger" "3.183.0"
    "@aws-sdk/middleware-recursion-detection" "3.183.0"
    "@aws-sdk/middleware-retry" "3.185.0"
    "@aws-sdk/middleware-serde" "3.183.0"
    "@aws-sdk/middleware-stack" "3.183.0"
    "@aws-sdk/middleware-user-agent" "3.183.0"
    "@aws-sdk/node-config-provider" "3.183.0"
    "@aws-sdk/node-http-handler" "3.185.0"
    "@aws-sdk/protocol-http" "3.183.0"
    "@aws-sdk/smithy-client" "3.183.0"
    "@aws-sdk/types" "3.183.0"
    "@aws-sdk/url-parser" "3.183.0"
    "@aws-sdk/util-base64-browser" "3.183.0"
    "@aws-sdk/util-base64-node" "3.183.0"
    "@aws-sdk/util-body-length-browser" "3.183.0"
    "@aws-sdk/util-body-length-node" "3.183.0"
    "@aws-sdk/util-defaults-mode-browser" "3.183.0"
    "@aws-sdk/util-defaults-mode-node" "3.183.0"
    "@aws-sdk/util-user-agent-browser" "3.183.0"
    "@aws-sdk/util-user-agent-node" "3.183.0"
    "@aws-sdk/util-utf8-browser" "3.183.0"
    "@aws-sdk/util-utf8-node" "3.183.0"
    tslib "^2.3.1"

"@aws-sdk/client-sts@*", "@aws-sdk/client-sts@3.185.0":
  version "3.185.0"
  resolved "https://registry.yarnpkg.com/@aws-sdk/client-sts/-/client-sts-3.185.0.tgz#5c0608534722b13a0f1d10288f7ec62336c4042c"
  integrity sha512-XllweXO8tlbMmqMDCok9wzfpzMxJMXKPbqFVhDFyfs3C24OafwFIxCB8/LfyWXNX5/PuT7NJ6IRSbsiDCL6xKQ==
  dependencies:
    "@aws-crypto/sha256-browser" "2.0.0"
    "@aws-crypto/sha256-js" "2.0.0"
    "@aws-sdk/config-resolver" "3.183.0"
    "@aws-sdk/credential-provider-node" "3.185.0"
    "@aws-sdk/fetch-http-handler" "3.183.0"
    "@aws-sdk/hash-node" "3.183.0"
    "@aws-sdk/invalid-dependency" "3.183.0"
    "@aws-sdk/middleware-content-length" "3.183.0"
    "@aws-sdk/middleware-host-header" "3.183.0"
    "@aws-sdk/middleware-logger" "3.183.0"
    "@aws-sdk/middleware-recursion-detection" "3.183.0"
    "@aws-sdk/middleware-retry" "3.185.0"
    "@aws-sdk/middleware-sdk-sts" "3.183.0"
    "@aws-sdk/middleware-serde" "3.183.0"
    "@aws-sdk/middleware-signing" "3.183.0"
    "@aws-sdk/middleware-stack" "3.183.0"
    "@aws-sdk/middleware-user-agent" "3.183.0"
    "@aws-sdk/node-config-provider" "3.183.0"
    "@aws-sdk/node-http-handler" "3.185.0"
    "@aws-sdk/protocol-http" "3.183.0"
    "@aws-sdk/smithy-client" "3.183.0"
    "@aws-sdk/types" "3.183.0"
    "@aws-sdk/url-parser" "3.183.0"
    "@aws-sdk/util-base64-browser" "3.183.0"
    "@aws-sdk/util-base64-node" "3.183.0"
    "@aws-sdk/util-body-length-browser" "3.183.0"
    "@aws-sdk/util-body-length-node" "3.183.0"
    "@aws-sdk/util-defaults-mode-browser" "3.183.0"
    "@aws-sdk/util-defaults-mode-node" "3.183.0"
    "@aws-sdk/util-user-agent-browser" "3.183.0"
    "@aws-sdk/util-user-agent-node" "3.183.0"
    "@aws-sdk/util-utf8-browser" "3.183.0"
    "@aws-sdk/util-utf8-node" "3.183.0"
    entities "2.2.0"
    fast-xml-parser "3.19.0"
    tslib "^2.3.1"

"@aws-sdk/config-resolver@3.183.0":
  version "3.183.0"
  resolved "https://registry.yarnpkg.com/@aws-sdk/config-resolver/-/config-resolver-3.183.0.tgz#396f3922f7f03466a16949e9e8d97c576cbe5265"
  integrity sha512-cJBY5g+yJAI0iigketD3rbweyoLOw6SFiJDzRqZq3KgytmnhnrmNbRVTSdq1Qtn+d20NVxT9kSRUu21QyHb1nw==
  dependencies:
    "@aws-sdk/signature-v4" "3.183.0"
    "@aws-sdk/types" "3.183.0"
    "@aws-sdk/util-config-provider" "3.183.0"
    "@aws-sdk/util-middleware" "3.183.0"
    tslib "^2.3.1"

"@aws-sdk/credential-provider-cognito-identity@3.185.0":
  version "3.185.0"
  resolved "https://registry.yarnpkg.com/@aws-sdk/credential-provider-cognito-identity/-/credential-provider-cognito-identity-3.185.0.tgz#78da94d5af097774c5520c2323b63d3eecf81392"
  integrity sha512-frcQmXVq+1nuqbgEdG5tUIG1ZvovFBBOwnknhGKikVmz7aeyJdKh921Mi9I3E9rf9QemsQdCvMKaLL1GIs9DEw==
  dependencies:
    "@aws-sdk/client-cognito-identity" "3.185.0"
    "@aws-sdk/property-provider" "3.183.0"
    "@aws-sdk/types" "3.183.0"
    tslib "^2.3.1"

"@aws-sdk/credential-provider-env@3.183.0":
  version "3.183.0"
  resolved "https://registry.yarnpkg.com/@aws-sdk/credential-provider-env/-/credential-provider-env-3.183.0.tgz#cc4e9c925252c366e11cc137b124795cfd0bdf98"
  integrity sha512-RJ1QZxpfWf3hmjUm1fYCEj3p4Rl61kMFfU6ab3hpDGuSXbuLkAvTOIbssIUDHcgxUSszV5XqpPzBUnTui3cZYA==
  dependencies:
    "@aws-sdk/property-provider" "3.183.0"
    "@aws-sdk/types" "3.183.0"
    tslib "^2.3.1"

"@aws-sdk/credential-provider-imds@3.183.0":
  version "3.183.0"
  resolved "https://registry.yarnpkg.com/@aws-sdk/credential-provider-imds/-/credential-provider-imds-3.183.0.tgz#8ff91b8d504162ef315058518bbdf1e6bd2887a4"
  integrity sha512-RHzciaoW0sPV52VUMd3SrIFrKhXsKbn9okEF+UdR2P3RgxNsguUZsewpDqhjGZBH0E2IiuFrBPjsxQKAI+mFbQ==
  dependencies:
    "@aws-sdk/node-config-provider" "3.183.0"
    "@aws-sdk/property-provider" "3.183.0"
    "@aws-sdk/types" "3.183.0"
    "@aws-sdk/url-parser" "3.183.0"
    tslib "^2.3.1"

"@aws-sdk/credential-provider-ini@3.185.0":
  version "3.185.0"
  resolved "https://registry.yarnpkg.com/@aws-sdk/credential-provider-ini/-/credential-provider-ini-3.185.0.tgz#472e2dc037c94f04933bb54592438e72277945b0"
  integrity sha512-PHYUqlpad1ZefWX2f2ZL2m2XKtIDU6IzaYc1zH60vkVskC0SAjDnuwTNcEnWPTG89j8Yj6250yIxuftYPjdEmg==
  dependencies:
    "@aws-sdk/credential-provider-env" "3.183.0"
    "@aws-sdk/credential-provider-imds" "3.183.0"
    "@aws-sdk/credential-provider-sso" "3.185.0"
    "@aws-sdk/credential-provider-web-identity" "3.183.0"
    "@aws-sdk/property-provider" "3.183.0"
    "@aws-sdk/shared-ini-file-loader" "3.183.0"
    "@aws-sdk/types" "3.183.0"
    tslib "^2.3.1"

"@aws-sdk/credential-provider-node@3.185.0":
  version "3.185.0"
  resolved "https://registry.yarnpkg.com/@aws-sdk/credential-provider-node/-/credential-provider-node-3.185.0.tgz#61b332d5363a8aa7a1f8e225dee43ddd141a5762"
  integrity sha512-hTsDFIK/FmcGAUKpwNvpZucLbQJHledPwypRzMP31eHWQACbmcufIXsaqn8AOlDG+9BUFaqbQrWaJ0Uv1Fl/tg==
  dependencies:
    "@aws-sdk/credential-provider-env" "3.183.0"
    "@aws-sdk/credential-provider-imds" "3.183.0"
    "@aws-sdk/credential-provider-ini" "3.185.0"
    "@aws-sdk/credential-provider-process" "3.183.0"
    "@aws-sdk/credential-provider-sso" "3.185.0"
    "@aws-sdk/credential-provider-web-identity" "3.183.0"
    "@aws-sdk/property-provider" "3.183.0"
    "@aws-sdk/shared-ini-file-loader" "3.183.0"
    "@aws-sdk/types" "3.183.0"
    tslib "^2.3.1"

"@aws-sdk/credential-provider-process@3.183.0":
  version "3.183.0"
  resolved "https://registry.yarnpkg.com/@aws-sdk/credential-provider-process/-/credential-provider-process-3.183.0.tgz#ad224d350a43b16edb7afd46b88eef153299bb1d"
  integrity sha512-JRePfiFPWpyF3iotHx45WyP1qe50BsPdOOFGh3vmyx5L92lnzchlGsOMpcNUiATUuA3Ar0LUt5bS299LTZWeuQ==
  dependencies:
    "@aws-sdk/property-provider" "3.183.0"
    "@aws-sdk/shared-ini-file-loader" "3.183.0"
    "@aws-sdk/types" "3.183.0"
    tslib "^2.3.1"

"@aws-sdk/credential-provider-sso@3.185.0":
  version "3.185.0"
  resolved "https://registry.yarnpkg.com/@aws-sdk/credential-provider-sso/-/credential-provider-sso-3.185.0.tgz#145fe23428ec93fb7e63ab0d8599997e51944234"
  integrity sha512-oa04VkWrq265AD/hG+x90oWwn43dfv7cVwb6UwMhd9IShhh20JjYmhvpcjelKa+X6rsrAfqpcHgXYI7KkQP6Yw==
  dependencies:
    "@aws-sdk/client-sso" "3.185.0"
    "@aws-sdk/property-provider" "3.183.0"
    "@aws-sdk/shared-ini-file-loader" "3.183.0"
    "@aws-sdk/types" "3.183.0"
    tslib "^2.3.1"

"@aws-sdk/credential-provider-web-identity@3.183.0":
  version "3.183.0"
  resolved "https://registry.yarnpkg.com/@aws-sdk/credential-provider-web-identity/-/credential-provider-web-identity-3.183.0.tgz#ddbf11e20f3718147863584ca8d034c1836ffffb"
  integrity sha512-AZGZ4zrjMgtVk5MhsRGj6glsivls4qWUQ1Vuq9FjlaN+ltW74w3D0juTwpUI/OHuSHhOznOZsO9fI4DlCfUeSw==
  dependencies:
    "@aws-sdk/property-provider" "3.183.0"
    "@aws-sdk/types" "3.183.0"
    tslib "^2.3.1"

"@aws-sdk/credential-providers@*":
  version "3.185.0"
  resolved "https://registry.yarnpkg.com/@aws-sdk/credential-providers/-/credential-providers-3.185.0.tgz#f845b183931800f6b0cd9dd10ed8443167e6efd3"
  integrity sha512-psFFsAyW7QEGM32EzlHA89tF+FSTMnO5a/5e9ItQ+SEfZrf/e3rqARHjutA03jjQ0/OGCW4Z9DFm8yrZ+9e4BQ==
  dependencies:
    "@aws-sdk/client-cognito-identity" "3.185.0"
    "@aws-sdk/client-sso" "3.185.0"
    "@aws-sdk/client-sts" "3.185.0"
    "@aws-sdk/credential-provider-cognito-identity" "3.185.0"
    "@aws-sdk/credential-provider-env" "3.183.0"
    "@aws-sdk/credential-provider-imds" "3.183.0"
    "@aws-sdk/credential-provider-ini" "3.185.0"
    "@aws-sdk/credential-provider-node" "3.185.0"
    "@aws-sdk/credential-provider-process" "3.183.0"
    "@aws-sdk/credential-provider-sso" "3.185.0"
    "@aws-sdk/credential-provider-web-identity" "3.183.0"
    "@aws-sdk/property-provider" "3.183.0"
    "@aws-sdk/shared-ini-file-loader" "3.183.0"
    "@aws-sdk/types" "3.183.0"
    tslib "^2.3.1"

"@aws-sdk/fetch-http-handler@3.183.0":
  version "3.183.0"
  resolved "https://registry.yarnpkg.com/@aws-sdk/fetch-http-handler/-/fetch-http-handler-3.183.0.tgz#43a43a88cb4fa4ce593180f73b7b5320fddb23e3"
  integrity sha512-YaVXUTYnm6ZsT4qVWcAvtjkxsxzGJW1l0o4oXnnz3hhl7AZM/RjL2l24aixSMeoj7R4hA4Yi7sHFm5OlHSTg5A==
  dependencies:
    "@aws-sdk/protocol-http" "3.183.0"
    "@aws-sdk/querystring-builder" "3.183.0"
    "@aws-sdk/types" "3.183.0"
    "@aws-sdk/util-base64-browser" "3.183.0"
    tslib "^2.3.1"

"@aws-sdk/hash-node@3.183.0", "@aws-sdk/hash-node@^3.110.0":
  version "3.183.0"
  resolved "https://registry.yarnpkg.com/@aws-sdk/hash-node/-/hash-node-3.183.0.tgz#a8481b87bd40afd31a1c45e9a9c1a5adde64bc22"
  integrity sha512-XPe1TzupofkypgLw4Y38ruUM4hrrGIGwJGI/KsljDoEDpz24SyMItyCZbF7ddaPkbJGa4oO+HN072SXPB/z/6g==
  dependencies:
    "@aws-sdk/types" "3.183.0"
    "@aws-sdk/util-buffer-from" "3.183.0"
    tslib "^2.3.1"

"@aws-sdk/invalid-dependency@3.183.0":
  version "3.183.0"
  resolved "https://registry.yarnpkg.com/@aws-sdk/invalid-dependency/-/invalid-dependency-3.183.0.tgz#edb14c5701a3c255548e283986b33a873c641573"
  integrity sha512-ouKWKIFzWEt64Eg+WPjMlG/KzvQ4h3DakjHJ6L1IB/lXDL8TzJwqKdyEyt3V6/jOXLt8Wf6LtG8HA+5OC+jASQ==
  dependencies:
    "@aws-sdk/types" "3.183.0"
    tslib "^2.3.1"

"@aws-sdk/is-array-buffer@3.183.0":
  version "3.183.0"
  resolved "https://registry.yarnpkg.com/@aws-sdk/is-array-buffer/-/is-array-buffer-3.183.0.tgz#2e57de7d25da4ae7d0d8744cbf144a6fd19789b8"
  integrity sha512-s0ukhcjX1dUPRFPLyWJw9mg6SB+5YOdV2vHoKez0L7ry97p3C29wtImV2NOdw54fn/lKOtil22lFN7JpoaqU/w==
  dependencies:
    tslib "^2.3.1"

"@aws-sdk/middleware-content-length@3.183.0":
  version "3.183.0"
  resolved "https://registry.yarnpkg.com/@aws-sdk/middleware-content-length/-/middleware-content-length-3.183.0.tgz#3833398ace33009288b28319475d95a4b48fbb52"
  integrity sha512-dcLMEEa6j3eDH8obsDHZaHgOZIUPDIZdkgtLYB0tyvJEo8HZGEE/Ch1abwlIzXkZ7qRPXysgX7JayJV8N7kxEw==
  dependencies:
    "@aws-sdk/protocol-http" "3.183.0"
    "@aws-sdk/types" "3.183.0"
    tslib "^2.3.1"

"@aws-sdk/middleware-host-header@3.183.0":
  version "3.183.0"
  resolved "https://registry.yarnpkg.com/@aws-sdk/middleware-host-header/-/middleware-host-header-3.183.0.tgz#fe639adb105e6055dc68b5bedaef7a42851e5fe6"
  integrity sha512-EcInz6QFQ0ljK8QABX/NRcLYGySv+S/mmJYSLIHkU+/FDh+Wh08Awq9OVjJwGp2mmHM1ZHHHI0sTrdBdmBLX3g==
  dependencies:
    "@aws-sdk/protocol-http" "3.183.0"
    "@aws-sdk/types" "3.183.0"
    tslib "^2.3.1"

"@aws-sdk/middleware-logger@3.183.0":
  version "3.183.0"
  resolved "https://registry.yarnpkg.com/@aws-sdk/middleware-logger/-/middleware-logger-3.183.0.tgz#e116d8530374632d5aed4547a52921f867448efb"
  integrity sha512-bEjira7lUPtIfOCDAAkWR53gIJG2g8HhYeL0C+fGB4lztf2Cdlqg9quLXXHRVd0Vmio4OR3NMm5aPIwMnUULWQ==
  dependencies:
    "@aws-sdk/types" "3.183.0"
    tslib "^2.3.1"

"@aws-sdk/middleware-recursion-detection@3.183.0":
  version "3.183.0"
  resolved "https://registry.yarnpkg.com/@aws-sdk/middleware-recursion-detection/-/middleware-recursion-detection-3.183.0.tgz#e527497f4a4739bf3d6cc0066e5b23ff188de919"
  integrity sha512-RcsFN5Mp10SO9yKRVeFqedxQIhqWi00Kb5EpE1SR7bC/tcrizS2e0ytFkLk2Bv2U6tbT1CYg7EMa76ssRaSk5w==
  dependencies:
    "@aws-sdk/protocol-http" "3.183.0"
    "@aws-sdk/types" "3.183.0"
    tslib "^2.3.1"

"@aws-sdk/middleware-retry@3.185.0":
  version "3.185.0"
  resolved "https://registry.yarnpkg.com/@aws-sdk/middleware-retry/-/middleware-retry-3.185.0.tgz#60e742b6f7dd9bd55cd07c6e989cdb88dbd3d5bb"
  integrity sha512-EZ/wjD1sHEOuCD3poj9vepZ23E3MEwOgqxdm/EYD5WgDKx50a/D6nNcCpI6r9qwbJCPGVFwCpBprhN8X4qWFVg==
  dependencies:
    "@aws-sdk/protocol-http" "3.183.0"
    "@aws-sdk/service-error-classification" "3.185.0"
    "@aws-sdk/types" "3.183.0"
    "@aws-sdk/util-middleware" "3.183.0"
    tslib "^2.3.1"
    uuid "^8.3.2"

"@aws-sdk/middleware-sdk-sts@3.183.0":
  version "3.183.0"
  resolved "https://registry.yarnpkg.com/@aws-sdk/middleware-sdk-sts/-/middleware-sdk-sts-3.183.0.tgz#3c51a932568256cee2ade1dea00e54089202782b"
  integrity sha512-d8zqIDiT1/Zqh0RB/VV4RHz+CIyrMbxEm81rx0pn/9eMVLO4A33j1DaaTcQ0fuCCU7K2rptJC+t2tvkzmXPERg==
  dependencies:
    "@aws-sdk/middleware-signing" "3.183.0"
    "@aws-sdk/property-provider" "3.183.0"
    "@aws-sdk/protocol-http" "3.183.0"
    "@aws-sdk/signature-v4" "3.183.0"
    "@aws-sdk/types" "3.183.0"
    tslib "^2.3.1"

"@aws-sdk/middleware-serde@3.183.0":
  version "3.183.0"
  resolved "https://registry.yarnpkg.com/@aws-sdk/middleware-serde/-/middleware-serde-3.183.0.tgz#9df4bc930d938e695310be55e50a1ff5d95cac67"
  integrity sha512-8VqXmaIbH5E1L7ORXLAhaLKpoUJl7vYCbFpL3NKPlVBPDPAydLhyEltBc3mJTfUo4XWYn6qRqgNwlppXUJZ1xg==
  dependencies:
    "@aws-sdk/types" "3.183.0"
    tslib "^2.3.1"

"@aws-sdk/middleware-signing@3.183.0":
  version "3.183.0"
  resolved "https://registry.yarnpkg.com/@aws-sdk/middleware-signing/-/middleware-signing-3.183.0.tgz#b4a4171097295d5019dacc1962cd21fa45ec94dd"
  integrity sha512-ABb8aSs6649pOZg2Ck3EyeMJo03eYBIqUw7vOhBR6IhQA/XHCFzFX8vEhWjhEWfQcUQBIzNlgoY+0uXK0wVEYQ==
  dependencies:
    "@aws-sdk/property-provider" "3.183.0"
    "@aws-sdk/protocol-http" "3.183.0"
    "@aws-sdk/signature-v4" "3.183.0"
    "@aws-sdk/types" "3.183.0"
    "@aws-sdk/util-middleware" "3.183.0"
    tslib "^2.3.1"

"@aws-sdk/middleware-stack@3.183.0":
  version "3.183.0"
  resolved "https://registry.yarnpkg.com/@aws-sdk/middleware-stack/-/middleware-stack-3.183.0.tgz#12c5a2b64ada4320d14559652960176ec30811c2"
  integrity sha512-xNvGdj5qgSiC0WETkDOk1Rr7goR7smjbRc/vcYzO4HLwfw2JX/QxtZ2iNAdBMwW1M8O4JfVqS3ynqlE6Ssd7YQ==
  dependencies:
    tslib "^2.3.1"

"@aws-sdk/middleware-user-agent@3.183.0":
  version "3.183.0"
  resolved "https://registry.yarnpkg.com/@aws-sdk/middleware-user-agent/-/middleware-user-agent-3.183.0.tgz#82f8c2a1c54d2f343f6007bed694023dfdfebf25"
  integrity sha512-XPX6LKS+zD11yB7nMSQHnW749+2RcFDjr0l2Eb+X0Tffr70JrWpiSx8wYAWUcuTg5Zv4aJAdzYCCaJKZt61Wqg==
  dependencies:
    "@aws-sdk/protocol-http" "3.183.0"
    "@aws-sdk/types" "3.183.0"
    tslib "^2.3.1"

"@aws-sdk/node-config-provider@3.183.0":
  version "3.183.0"
  resolved "https://registry.yarnpkg.com/@aws-sdk/node-config-provider/-/node-config-provider-3.183.0.tgz#d073183eec131a0edf75d3d8b65d0c03009ceced"
  integrity sha512-Y15Byu7uJxkpHes4PxLBfJEgvxXS5ovyfDGJKJYISwBqJFkDP9gp8/5hg/uHxlJuVWEgFDSTi5kOUjnOhaCZ/A==
  dependencies:
    "@aws-sdk/property-provider" "3.183.0"
    "@aws-sdk/shared-ini-file-loader" "3.183.0"
    "@aws-sdk/types" "3.183.0"
    tslib "^2.3.1"

"@aws-sdk/node-http-handler@*", "@aws-sdk/node-http-handler@3.185.0":
  version "3.185.0"
  resolved "https://registry.yarnpkg.com/@aws-sdk/node-http-handler/-/node-http-handler-3.185.0.tgz#01115c7f902037f582f7d9748dd2adf0a2244248"
  integrity sha512-8z0Mp79epG3sN3RVe+4LtOckIbW/UADHLmbrnI5c47sn7xthn4R4QZQDQ7MJ2KBenf1xT3UzA3/Yytxl0YoxEw==
  dependencies:
    "@aws-sdk/abort-controller" "3.183.0"
    "@aws-sdk/protocol-http" "3.183.0"
    "@aws-sdk/querystring-builder" "3.183.0"
    "@aws-sdk/types" "3.183.0"
    tslib "^2.3.1"

"@aws-sdk/property-provider@3.183.0":
  version "3.183.0"
  resolved "https://registry.yarnpkg.com/@aws-sdk/property-provider/-/property-provider-3.183.0.tgz#4d9614e9a4ee0bfc9d652d199b52ef6287d6a238"
  integrity sha512-IYZNJX/S2wQsDKx+Pm+gwCKFR037/T+K85YW7j8be7aItqZqwOo7yRNXhJSOJPMANxhz4KmHH3n1oXhmCBvyug==
  dependencies:
    "@aws-sdk/types" "3.183.0"
    tslib "^2.3.1"

"@aws-sdk/protocol-http@*":
  version "3.186.0"
  resolved "https://registry.yarnpkg.com/@aws-sdk/protocol-http/-/protocol-http-3.186.0.tgz#99115870846312dd4202b5e2cc68fe39324b9bfa"
  integrity sha512-l/KYr/UBDUU5ginqTgHtFfHR3X6ljf/1J1ThIiUg3C3kVC/Zwztm7BEOw8hHRWnWQGU/jYasGYcrcPLdQqFZyQ==
  dependencies:
    "@aws-sdk/types" "3.186.0"
    tslib "^2.3.1"

"@aws-sdk/protocol-http@3.183.0":
  version "3.183.0"
  resolved "https://registry.yarnpkg.com/@aws-sdk/protocol-http/-/protocol-http-3.183.0.tgz#b94ee585e9f7518fd2d46945ab65aa3c8d53523a"
  integrity sha512-uFxp2YDRQgvHvGWY91CqZjqhDFoiPx9dr45ZIq/jZ4bOQ9rY619PAIBQ15eh54v7DI1zm4pLlXXvytA0LJF3jg==
  dependencies:
    "@aws-sdk/types" "3.183.0"
    tslib "^2.3.1"

"@aws-sdk/querystring-builder@3.183.0":
  version "3.183.0"
  resolved "https://registry.yarnpkg.com/@aws-sdk/querystring-builder/-/querystring-builder-3.183.0.tgz#cdf32171a7197c70d18113d4da70dcdf89006d70"
  integrity sha512-12IFkuyPyJk8MZ1CKxiFo0GCTmqTwlJ3rMRk7L1wk44yObdKpQK/MSkUl0QgZHSjsS84zfqdeOXQJqLGGaIETg==
  dependencies:
    "@aws-sdk/types" "3.183.0"
    "@aws-sdk/util-uri-escape" "3.183.0"
    tslib "^2.3.1"

"@aws-sdk/querystring-parser@3.183.0":
  version "3.183.0"
  resolved "https://registry.yarnpkg.com/@aws-sdk/querystring-parser/-/querystring-parser-3.183.0.tgz#0905f43f778130b9fe7e6fd1f19be8df3b32a7b8"
  integrity sha512-0yB48bevrHMzXf2afYIAAqYfqCea3aeTyGLa+7IeWZbgP481JbGQyMMNtQBA8VgOB3k7vDEqIYT+QuVxbVhKCA==
  dependencies:
    "@aws-sdk/types" "3.183.0"
    tslib "^2.3.1"

"@aws-sdk/service-error-classification@3.185.0":
  version "3.185.0"
  resolved "https://registry.yarnpkg.com/@aws-sdk/service-error-classification/-/service-error-classification-3.185.0.tgz#cee31b5e724b8d201c971963e95d20742dfb4aae"
  integrity sha512-8Yvm5be/La9NiODtQ8WchumhcG/oDI8VXCmWlkKB1fQ6QoCilBG5dOu97HlAnGrJQH5awUva/zHAbUiU/hFfQw==

"@aws-sdk/shared-ini-file-loader@3.183.0":
  version "3.183.0"
  resolved "https://registry.yarnpkg.com/@aws-sdk/shared-ini-file-loader/-/shared-ini-file-loader-3.183.0.tgz#8c2833cda686896344cf27d7f557791d91022de9"
  integrity sha512-QqLdLthJP73m+h9FhCPsRUsF0AAtHVLivOvtH9ZRoph7C2bqSvfm8LHQO20R61acN9o72mgMiVDVBp/XhiGpkA==
  dependencies:
    "@aws-sdk/types" "3.183.0"
    tslib "^2.3.1"

"@aws-sdk/signature-v4@*", "@aws-sdk/signature-v4@3.183.0":
  version "3.183.0"
  resolved "https://registry.yarnpkg.com/@aws-sdk/signature-v4/-/signature-v4-3.183.0.tgz#de6f9d64cf8753dc7b0359b91a87bd05d253e7c5"
  integrity sha512-XlYaSVbC6acTdc7FI5hmfZqOLPBwNCbnutmoElTdJQKwhSS6LvwwUngM4L5tm3etlPkKVFSsWllG68Au/vFF4w==
  dependencies:
    "@aws-sdk/is-array-buffer" "3.183.0"
    "@aws-sdk/types" "3.183.0"
    "@aws-sdk/util-hex-encoding" "3.183.0"
    "@aws-sdk/util-middleware" "3.183.0"
    "@aws-sdk/util-uri-escape" "3.183.0"
    tslib "^2.3.1"

"@aws-sdk/smithy-client@3.183.0":
  version "3.183.0"
  resolved "https://registry.yarnpkg.com/@aws-sdk/smithy-client/-/smithy-client-3.183.0.tgz#8a487431fe68eb13657a43c4bf49535ddf007058"
  integrity sha512-HesHCNI09yCGh/QaLWyiMia0I3i6xs9v7ghksGXNhpNNrTIshFu5AUh2uJTdlaHiUN9zlED3ulkPo2FrE7Lxww==
  dependencies:
    "@aws-sdk/middleware-stack" "3.183.0"
    "@aws-sdk/types" "3.183.0"
    tslib "^2.3.1"

"@aws-sdk/types@3.183.0":
  version "3.183.0"
  resolved "https://registry.yarnpkg.com/@aws-sdk/types/-/types-3.183.0.tgz#d58e5dead96ce7a68186e25dcec4d5e716caf01b"
  integrity sha512-V5IU7q7Y2ADIFzvUxoGfpVahhVnGjCABTv9jZYUSyJW7/OwSB+eA2C1B8ZsKAYLWtc9xKxYpRl5FI5e7FBGUIQ==

"@aws-sdk/types@3.186.0", "@aws-sdk/types@^3.1.0", "@aws-sdk/types@^3.110.0":
  version "3.186.0"
  resolved "https://registry.yarnpkg.com/@aws-sdk/types/-/types-3.186.0.tgz#f6fb6997b6a364f399288bfd5cd494bc680ac922"
  integrity sha512-NatmSU37U+XauMFJCdFI6nougC20JUFZar+ump5wVv0i54H+2Refg1YbFDxSs0FY28TSB9jfhWIpfFBmXgL5MQ==

"@aws-sdk/url-parser@3.183.0":
  version "3.183.0"
  resolved "https://registry.yarnpkg.com/@aws-sdk/url-parser/-/url-parser-3.183.0.tgz#5e1c2e40b9ee505e3b239913a03ff84d0a8e204b"
  integrity sha512-hrgeIDyAIJfGYbfGfQJD41iUwncfdhObyQ+aPfjZjAzqNSmNCV1jF9+k/BXdMnjCAM6n8rX6ZNko9PhtGz9uKw==
  dependencies:
    "@aws-sdk/querystring-parser" "3.183.0"
    "@aws-sdk/types" "3.183.0"
    tslib "^2.3.1"

"@aws-sdk/util-base64-browser@3.183.0":
  version "3.183.0"
  resolved "https://registry.yarnpkg.com/@aws-sdk/util-base64-browser/-/util-base64-browser-3.183.0.tgz#909bb010aead062b1eaad4c1ff980599c314b8ab"
  integrity sha512-rDTgkDHQbQtg/2RGbBb1ztZCRF8ELAXyhVQ7CqEqZSirdpQyIdOOVi8ucr4sjVyUQIq92irfJO1SEcANsaFhWQ==
  dependencies:
    tslib "^2.3.1"

"@aws-sdk/util-base64-node@3.183.0":
  version "3.183.0"
  resolved "https://registry.yarnpkg.com/@aws-sdk/util-base64-node/-/util-base64-node-3.183.0.tgz#cd1b94166c0b3473eeeada80951de020a54e32d3"
  integrity sha512-FqgzW17oMvv41eB6Lsq2q32HGch5pSmUtXdcVjvXkPKc5CGtNIB49pRx4re4SOGKexkBabB9gdmubs3jH8BB5Q==
  dependencies:
    "@aws-sdk/util-buffer-from" "3.183.0"
    tslib "^2.3.1"

"@aws-sdk/util-body-length-browser@3.183.0":
  version "3.183.0"
  resolved "https://registry.yarnpkg.com/@aws-sdk/util-body-length-browser/-/util-body-length-browser-3.183.0.tgz#4cfdac89e6f916e77aa4940935e4e863ace7f11a"
  integrity sha512-HniybeERXdHnN+NceOOlaeWgqfDgfWhtFmdOxJYWaxUW21RX+GQiObXtjnU7Nb0DtzTkAv/PWfkZ5lS8WLGQ2Q==
  dependencies:
    tslib "^2.3.1"

"@aws-sdk/util-body-length-node@3.183.0":
  version "3.183.0"
  resolved "https://registry.yarnpkg.com/@aws-sdk/util-body-length-node/-/util-body-length-node-3.183.0.tgz#6aaa8ac80978f5fa471c130881ba1f90189beedf"
  integrity sha512-BBaGaQtSQFXtKB9hXnGog5osNTasAe1GlvQCRqvBEvF2LwM54M+Hsr5HisJKnCybUgQGi0R2Al3CohjMy+mczQ==
  dependencies:
    tslib "^2.3.1"

"@aws-sdk/util-buffer-from@3.183.0":
  version "3.183.0"
  resolved "https://registry.yarnpkg.com/@aws-sdk/util-buffer-from/-/util-buffer-from-3.183.0.tgz#fa12c1387f5fc4b5c9502134b40dafca54a02ae2"
  integrity sha512-y/GPvo7kqM7taj6+Iq2uUxdrdDcUAtmQEX1l24qjl7MYEnZMncfxWjFdBhIvq4HBJjN3Oq8OIvTc/ZDB2obBJA==
  dependencies:
    "@aws-sdk/is-array-buffer" "3.183.0"
    tslib "^2.3.1"

"@aws-sdk/util-config-provider@3.183.0":
  version "3.183.0"
  resolved "https://registry.yarnpkg.com/@aws-sdk/util-config-provider/-/util-config-provider-3.183.0.tgz#f2d2d9be95c9bea68b5f8fcb9226993474ecc973"
  integrity sha512-F6QaY3giXX4kSJk1VIkw9n9I4heTNgv5RmAgY5xlCNU5BqoWyIbWG9B8r/P7metlPhACZ1M8dMp5RwQi8Ae1Jw==
  dependencies:
    tslib "^2.3.1"

"@aws-sdk/util-defaults-mode-browser@3.183.0":
  version "3.183.0"
  resolved "https://registry.yarnpkg.com/@aws-sdk/util-defaults-mode-browser/-/util-defaults-mode-browser-3.183.0.tgz#0d85f695fc6ddb8d71373ecb6419c94ead2adca1"
  integrity sha512-YWKb4Y0bo/hpAVvf27wAQ3vj8OSVHkyHeoZC6ni9alkK41SAlv3RjodfTAhN0039QD+DirTa3EkLQj9ag1Igdg==
  dependencies:
    "@aws-sdk/property-provider" "3.183.0"
    "@aws-sdk/types" "3.183.0"
    bowser "^2.11.0"
    tslib "^2.3.1"

"@aws-sdk/util-defaults-mode-node@3.183.0":
  version "3.183.0"
  resolved "https://registry.yarnpkg.com/@aws-sdk/util-defaults-mode-node/-/util-defaults-mode-node-3.183.0.tgz#da3cae6f2c35b3d00d86d941cd9418a568a8409b"
  integrity sha512-zuNFv2nSgtK6yTEMiEZW2vNxtC6vcKlt6vv0QtIEZZGGhjxEx2dK28jKr9GHlDLIt99mjvJaqiP4tiyfNE5Xpg==
  dependencies:
    "@aws-sdk/config-resolver" "3.183.0"
    "@aws-sdk/credential-provider-imds" "3.183.0"
    "@aws-sdk/node-config-provider" "3.183.0"
    "@aws-sdk/property-provider" "3.183.0"
    "@aws-sdk/types" "3.183.0"
    tslib "^2.3.1"

"@aws-sdk/util-hex-encoding@3.183.0":
  version "3.183.0"
  resolved "https://registry.yarnpkg.com/@aws-sdk/util-hex-encoding/-/util-hex-encoding-3.183.0.tgz#b925e635187ff50db5642ce139072b12d88391d7"
  integrity sha512-pcvgpSID2mFnkaWPd/cpP4H7Lpu9w9Sc2QcMc2kvkOgkNb7mNres+guybqIMIlsOfuVuFK6291KwtYEgYIWHjQ==
  dependencies:
    tslib "^2.3.1"

"@aws-sdk/util-locate-window@^3.0.0":
  version "3.183.0"
  resolved "https://registry.yarnpkg.com/@aws-sdk/util-locate-window/-/util-locate-window-3.183.0.tgz#21edeb5769b562db9343d2e116d2a070bbcfa837"
  integrity sha512-zcto3whSC1EHnKlygkSBmwI95r3mOpG3o37M2zHhKJlJbPZhI61+MnNQ13T46m4MRWC5gJgPi3gL7kI9Bnb+hA==
  dependencies:
    tslib "^2.3.1"

"@aws-sdk/util-middleware@3.183.0":
  version "3.183.0"
  resolved "https://registry.yarnpkg.com/@aws-sdk/util-middleware/-/util-middleware-3.183.0.tgz#f1de9ada064fd19ea3f2e68698cdafb6e0603196"
  integrity sha512-zbAFH5SkJ1kTFWPZVg4JdQEhfnJAyL/BDDtGPublVCbplXHAFxoYsneL0he4OEyJbf9KQyITOlzOcthB1kS9Qg==
  dependencies:
    tslib "^2.3.1"

"@aws-sdk/util-uri-escape@3.183.0":
  version "3.183.0"
  resolved "https://registry.yarnpkg.com/@aws-sdk/util-uri-escape/-/util-uri-escape-3.183.0.tgz#a26e324570efda6ca67e72b9da9951ade07eff15"
  integrity sha512-pBTwFR/s3ITNHDbsnjhGu6g47PUb5NFbAOWRMFukJME5glOTkFViGlSrEbq0xZB/A0jKFZBQWXLDtgR2G0N8TA==
  dependencies:
    tslib "^2.3.1"

"@aws-sdk/util-user-agent-browser@3.183.0":
  version "3.183.0"
  resolved "https://registry.yarnpkg.com/@aws-sdk/util-user-agent-browser/-/util-user-agent-browser-3.183.0.tgz#7f2ba4269d636779d7f19bee202511f1afbfcb5e"
  integrity sha512-uLUFxHFzh/ivcEeocpvMZBnpEDA793lAtsReaG7QRA1PheRgAQQHeugrTOkQ7doGCz0YBbocXAMcNDrmN1EdNA==
  dependencies:
    "@aws-sdk/types" "3.183.0"
    bowser "^2.11.0"
    tslib "^2.3.1"

"@aws-sdk/util-user-agent-node@3.183.0":
  version "3.183.0"
  resolved "https://registry.yarnpkg.com/@aws-sdk/util-user-agent-node/-/util-user-agent-node-3.183.0.tgz#0be1ea8051109744b89a4982f77bfd799dd9087a"
  integrity sha512-EsyNWuW4ZhLoo5sDs/rMuL5BwGgyyO5bJxI4GzXhDcPPJerQvDZ3ZD3aB55IzAWd4EMHft3Man2uB2bCSWavjA==
  dependencies:
    "@aws-sdk/node-config-provider" "3.183.0"
    "@aws-sdk/types" "3.183.0"
    tslib "^2.3.1"

"@aws-sdk/util-utf8-browser@3.183.0", "@aws-sdk/util-utf8-browser@^3.0.0":
  version "3.183.0"
  resolved "https://registry.yarnpkg.com/@aws-sdk/util-utf8-browser/-/util-utf8-browser-3.183.0.tgz#3761cf1aa94f2bb9f0866c89fa81a59a4a076e85"
  integrity sha512-6JHlQ5VkF2XdUfyK1pjpR1A8I+hVdyV0yGiyOB3Vge2zIkcc6oZQYIsSePFmqujJspz29GK0InbQhJXKuLDekg==
  dependencies:
    tslib "^2.3.1"

"@aws-sdk/util-utf8-node@3.183.0":
  version "3.183.0"
  resolved "https://registry.yarnpkg.com/@aws-sdk/util-utf8-node/-/util-utf8-node-3.183.0.tgz#8ca6ede11c859a7953b3e97217cbb598f223c2c7"
  integrity sha512-5oIc0Bco765sMd0X4jOpwidBxPOXocGXuaTM5LxfFlw+KZjgh609VQHii9pUlere23kCXF3cZzup++oSQBSrTg==
  dependencies:
    "@aws-sdk/util-buffer-from" "3.183.0"
    tslib "^2.3.1"

"@cspotcode/source-map-support@^0.8.0":
  version "0.8.1"
  resolved "https://registry.yarnpkg.com/@cspotcode/source-map-support/-/source-map-support-0.8.1.tgz#00629c35a688e05a88b1cda684fb9d5e73f000a1"
  integrity sha512-IchNf6dN4tHoMFIn/7OE8LWZ19Y6q/67Bmf6vnGREv8RSbBVb9LPJxEcnwrcwX6ixSvaiGoomAUvu4YSxXrVgw==
  dependencies:
    "@jridgewell/trace-mapping" "0.3.9"

"@jridgewell/resolve-uri@^3.0.3":
  version "3.1.0"
  resolved "https://registry.yarnpkg.com/@jridgewell/resolve-uri/-/resolve-uri-3.1.0.tgz#2203b118c157721addfe69d47b70465463066d78"
  integrity sha512-F2msla3tad+Mfht5cJq7LSXcdudKTWCVYUgw6pLFOOHSTtZlj6SWNYAp+AhuqLmWdBO2X5hPrLcu8cVP8fy28w==

"@jridgewell/sourcemap-codec@^1.4.10":
  version "1.4.14"
  resolved "https://registry.yarnpkg.com/@jridgewell/sourcemap-codec/-/sourcemap-codec-1.4.14.tgz#add4c98d341472a289190b424efbdb096991bb24"
  integrity sha512-XPSJHWmi394fuUuzDnGz1wiKqWfo1yXecHQMRf2l6hztTO+nPru658AyDngaBe7isIxEkRsPR3FZh+s7iVa4Uw==

"@jridgewell/trace-mapping@0.3.9":
  version "0.3.9"
  resolved "https://registry.yarnpkg.com/@jridgewell/trace-mapping/-/trace-mapping-0.3.9.tgz#6534fd5933a53ba7cbf3a17615e273a0d1273ff9"
  integrity sha512-3Belt6tdc8bPgAtbcmdtNJlirVoTmEb5e2gC94PnkwEW9jI6CAHUeoG85tjWP5WquqfavoMtMwiG4P926ZKKuQ==
  dependencies:
    "@jridgewell/resolve-uri" "^3.0.3"
    "@jridgewell/sourcemap-codec" "^1.4.10"

"@swc/core-android-arm-eabi@1.3.5":
  version "1.3.5"
  resolved "https://registry.yarnpkg.com/@swc/core-android-arm-eabi/-/core-android-arm-eabi-1.3.5.tgz#01a4234f0b67d0ddba5076e55584fc40d3c225d8"
  integrity sha512-gIq3fuXiRMtVhTf2ZQ9Z6JeuqvL30JOM0L+S6zAZD4v8lpGJ1ejpw7rghpAsGSG9Qc9oaNjx5yayTg3z/EtBzA==
  dependencies:
    "@swc/wasm" "1.2.122"

"@swc/core-android-arm64@1.3.5":
  version "1.3.5"
  resolved "https://registry.yarnpkg.com/@swc/core-android-arm64/-/core-android-arm64-1.3.5.tgz#5f4b918bb6cab80ff7462c0d5bda9654d462843b"
  integrity sha512-SsRA6AhNZK8YXBbv7DAp5Zgv4tOWvPJlEBoOZ0uLIot7oYghWvSVs3jOgEzJSbQLU5U7ad6Q6boBdg0Q/kb2Ew==
  dependencies:
    "@swc/wasm" "1.2.130"

"@swc/core-darwin-arm64@1.3.5":
  version "1.3.5"
  resolved "https://registry.yarnpkg.com/@swc/core-darwin-arm64/-/core-darwin-arm64-1.3.5.tgz#1502be83c9415ead13f56342c17d639abdb4183f"
  integrity sha512-Jyem+f3/aTKJTRzyvdSfYS358jo7245g7nWmwmhQMgZI3/z2VcYHpIIYOi+dgsBaMRevK9tbsW0TSx805Njzjw==

"@swc/core-darwin-x64@1.3.5":
  version "1.3.5"
  resolved "https://registry.yarnpkg.com/@swc/core-darwin-x64/-/core-darwin-x64-1.3.5.tgz#14eeda0ac5481bcaaf96ef86cc471c8c040ef38f"
  integrity sha512-zW1tfS000RlHcqKp1HJK5vXBR0/AHw74qzOK0uh/G1cTczFDX2Hep4IuOxSJ1+7Zx9oFEOKSEY0lPXYbDAlF2w==

"@swc/core-freebsd-x64@1.3.5":
  version "1.3.5"
  resolved "https://registry.yarnpkg.com/@swc/core-freebsd-x64/-/core-freebsd-x64-1.3.5.tgz#a940f72168acf8c46ade544ce89e2b053469fd9d"
  integrity sha512-H2f0NkfqYDC6+vJO6wSBwiGnnR/cK9AQx574izPw3Utmb28zC+FOPAY63QLA/orNHjwHa6B6AuVDNwYuKUrRHQ==
  dependencies:
    "@swc/wasm" "1.2.130"

"@swc/core-linux-arm-gnueabihf@1.3.5":
  version "1.3.5"
  resolved "https://registry.yarnpkg.com/@swc/core-linux-arm-gnueabihf/-/core-linux-arm-gnueabihf-1.3.5.tgz#574449cee392019319e3f12c6f1f08ebd65bcbec"
  integrity sha512-PvuhjUCsNQDtwSSXWmmF6tU8jnAcFVRZt6bBNltvPW48oHNmIq9lEZ+hJTSPvqqxLvi9W7HG5ADzsTAaciKeRw==
  dependencies:
    "@swc/wasm" "1.2.130"

"@swc/core-linux-arm64-gnu@1.3.5":
  version "1.3.5"
  resolved "https://registry.yarnpkg.com/@swc/core-linux-arm64-gnu/-/core-linux-arm64-gnu-1.3.5.tgz#bcdff8e6e89d0b4618844e52f8f292c9edf706fe"
  integrity sha512-NQ1LVrIvAsSwSoKO6DzHQMxzpvo17v/2LREqBiaNuCwDyYg2yFdgUdVW4FcbrdBK4MurRA2HFZZ/rt5DqAg3+A==

"@swc/core-linux-arm64-musl@1.3.5":
  version "1.3.5"
  resolved "https://registry.yarnpkg.com/@swc/core-linux-arm64-musl/-/core-linux-arm64-musl-1.3.5.tgz#01669a577d8edd45a30e8a86eac0ed9bc54bb0f5"
  integrity sha512-DDcM3ciJRBBjyN7qqw/AEEFh61YjiuxOcZ5SqYR0wyfroqOFX1+5JtCGJ9mU2MZ4Vfmxb1v5IFoQ3nfgJDcd8g==

"@swc/core-linux-x64-gnu@1.3.5":
  version "1.3.5"
  resolved "https://registry.yarnpkg.com/@swc/core-linux-x64-gnu/-/core-linux-x64-gnu-1.3.5.tgz#167dbf0bfa3594c68c8d73cfee7c16ef07d75c78"
  integrity sha512-AJR0J+b3jMmXuIxqhgrX/7vworHjciUPZuoyY2OrIhSXwMPVbWfb72h9oQdMbARfodTFLVJGQqy2Pij67+C0GQ==

"@swc/core-linux-x64-musl@1.3.5":
  version "1.3.5"
  resolved "https://registry.yarnpkg.com/@swc/core-linux-x64-musl/-/core-linux-x64-musl-1.3.5.tgz#80ecafd2d007db69149924dc755513ff6f4b0403"
  integrity sha512-+Ig/rJ/GOZyQgCO72PFR+oJYUee0zQRsd6fpeuE66rn8P07a26WY1ZfMGw8miWcURccjDgAc1XCwVn6wa/OTCw==

"@swc/core-win32-arm64-msvc@1.3.5":
  version "1.3.5"
  resolved "https://registry.yarnpkg.com/@swc/core-win32-arm64-msvc/-/core-win32-arm64-msvc-1.3.5.tgz#035b5afe2052ba0ba5f43c5e701f5adabc0aa420"
  integrity sha512-9Go5jiGWToT+00/J26E92n/JIHqG2wcaw79Z1+Z7GHrrm5TeL0VMyTMGLMeGFvtje/j+Lv0y4XKed+dKnRvc5w==
  dependencies:
    "@swc/wasm" "1.2.130"

"@swc/core-win32-ia32-msvc@1.3.5":
  version "1.3.5"
  resolved "https://registry.yarnpkg.com/@swc/core-win32-ia32-msvc/-/core-win32-ia32-msvc-1.3.5.tgz#6f3dc877626376b3bc9f394d39da66bfae25e7ce"
  integrity sha512-AIeD5uKVkvXTAbKAwyPFubFrXmQR77PNun59DHZWtRpxgOcHqK6xug9DfUSfc2zMw/ftEe9kNruUUS96023jfQ==
  dependencies:
    "@swc/wasm" "1.2.130"

"@swc/core-win32-x64-msvc@1.3.5":
  version "1.3.5"
  resolved "https://registry.yarnpkg.com/@swc/core-win32-x64-msvc/-/core-win32-x64-msvc-1.3.5.tgz#87f285df2a334c4114bbc47ecd20f27b1ca2fa0b"
  integrity sha512-GtrAkUo5xVTogwTDH9Zms7LELdTKyRll+K9o87P+YOEizCUvA0BPE1N4mu+ZqsI/dv56g2N4gNCD8RVLH3HekQ==

"@swc/core@*":
  version "1.3.5"
  resolved "https://registry.yarnpkg.com/@swc/core/-/core-1.3.5.tgz#7f8812325b2c7f304c1d09dc6f2d38e4fb96ed45"
  integrity sha512-H5YNI9rCViudhEmu9g/Yc8ai6k5/pfy+ItYns0SZ+iSZen+bgWeGb+9p4KRQhzNNC8Lfkfw+ENHzSwZltpWG6Q==
  optionalDependencies:
    "@swc/core-android-arm-eabi" "1.3.5"
    "@swc/core-android-arm64" "1.3.5"
    "@swc/core-darwin-arm64" "1.3.5"
    "@swc/core-darwin-x64" "1.3.5"
    "@swc/core-freebsd-x64" "1.3.5"
    "@swc/core-linux-arm-gnueabihf" "1.3.5"
    "@swc/core-linux-arm64-gnu" "1.3.5"
    "@swc/core-linux-arm64-musl" "1.3.5"
    "@swc/core-linux-x64-gnu" "1.3.5"
    "@swc/core-linux-x64-musl" "1.3.5"
    "@swc/core-win32-arm64-msvc" "1.3.5"
    "@swc/core-win32-ia32-msvc" "1.3.5"
    "@swc/core-win32-x64-msvc" "1.3.5"

"@swc/helpers@*":
  version "0.4.11"
  resolved "https://registry.yarnpkg.com/@swc/helpers/-/helpers-0.4.11.tgz#db23a376761b3d31c26502122f349a21b592c8de"
  integrity sha512-rEUrBSGIoSFuYxwBYtlUFMlE2CwGhmW+w9355/5oduSw8e5h2+Tj4UrAGNNgP9915++wj5vkQo0UuOBqOAq4nw==
  dependencies:
    tslib "^2.4.0"

"@swc/wasm@1.2.122":
  version "1.2.122"
  resolved "https://registry.yarnpkg.com/@swc/wasm/-/wasm-1.2.122.tgz#87a5e654b26a71b2e84b801f41e45f823b856639"
  integrity sha512-sM1VCWQxmNhFtdxME+8UXNyPNhxNu7zdb6ikWpz0YKAQQFRGT5ThZgJrubEpah335SUToNg8pkdDF7ibVCjxbQ==

"@swc/wasm@1.2.130":
  version "1.2.130"
  resolved "https://registry.yarnpkg.com/@swc/wasm/-/wasm-1.2.130.tgz#88ac26433335d1f957162a9a92f1450b73c176a0"
  integrity sha512-rNcJsBxS70+pv8YUWwf5fRlWX6JoY/HJc25HD/F8m6Kv7XhJdqPPMhyX6TKkUBPAG7TWlZYoxa+rHAjPy4Cj3Q==

"@tsconfig/node10@^1.0.7":
  version "1.0.9"
  resolved "https://registry.yarnpkg.com/@tsconfig/node10/-/node10-1.0.9.tgz#df4907fc07a886922637b15e02d4cebc4c0021b2"
  integrity sha512-jNsYVVxU8v5g43Erja32laIDHXeoNvFEpX33OK4d6hljo3jDhCBDhx5dhCCTMWUojscpAagGiRkBKxpdl9fxqA==

"@tsconfig/node12@^1.0.7":
  version "1.0.11"
  resolved "https://registry.yarnpkg.com/@tsconfig/node12/-/node12-1.0.11.tgz#ee3def1f27d9ed66dac6e46a295cffb0152e058d"
  integrity sha512-cqefuRsh12pWyGsIoBKJA9luFu3mRxCA+ORZvA4ktLSzIuCUtWVxGIuXigEwO5/ywWFMZ2QEGKWvkZG1zDMTag==

"@tsconfig/node14@^1.0.0":
  version "1.0.3"
  resolved "https://registry.yarnpkg.com/@tsconfig/node14/-/node14-1.0.3.tgz#e4386316284f00b98435bf40f72f75a09dabf6c1"
  integrity sha512-ysT8mhdixWK6Hw3i1V2AeRqZ5WfXg1G43mqoYlM2nc6388Fq5jcXyr5mRsqViLx/GJYdoL0bfXD8nmF+Zn/Iow==

"@tsconfig/node16@^1.0.2":
  version "1.0.3"
  resolved "https://registry.yarnpkg.com/@tsconfig/node16/-/node16-1.0.3.tgz#472eaab5f15c1ffdd7f8628bd4c4f753995ec79e"
  integrity sha512-yOlFc+7UtL/89t2ZhjPvvB/DeAr3r+Dq58IgzsFkOAvVC6NMJXmCGjbptdXdR9qsX7pKcTL+s87FtYREi2dEEQ==

"@types/node@^18":
  version "18.8.2"
  resolved "https://registry.yarnpkg.com/@types/node/-/node-18.8.2.tgz#17d42c6322d917764dd3d2d3a10d7884925de067"
  integrity sha512-cRMwIgdDN43GO4xMWAfJAecYn8wV4JbsOGHNfNUIDiuYkUYAR5ec4Rj7IO2SAhFPEfpPtLtUTbbny/TCT7aDwA==

acorn-walk@^8.1.1:
  version "8.2.0"
  resolved "https://registry.yarnpkg.com/acorn-walk/-/acorn-walk-8.2.0.tgz#741210f2e2426454508853a2f44d0ab83b7f69c1"
  integrity sha512-k+iyHEuPgSw6SbuDpGQM+06HQUa04DZ3o+F6CSzXMvvI5KMvnaEqXe+YVe555R9nn6GPt404fos4wcgpw12SDA==

acorn@^8.4.1:
  version "8.8.0"
  resolved "https://registry.yarnpkg.com/acorn/-/acorn-8.8.0.tgz#88c0187620435c7f6015803f5539dae05a9dbea8"
  integrity sha512-QOxyigPVrpZ2GXT+PFyZTl6TtOFc5egxHIP9IlQ+RbupQuX4RkT/Bee4/kQuC02Xkzg84JcT7oLYtDIQxp+v7w==

arg@^4.1.0:
  version "4.1.3"
  resolved "https://registry.yarnpkg.com/arg/-/arg-4.1.3.tgz#269fc7ad5b8e42cb63c896d5666017261c144089"
  integrity sha512-58S9QDqG0Xx27YwPSt9fJxivjYl432YCwfDMfZ+71RAqUrZef7LrKQZ3LHLOwCS4FLNBplP533Zx895SeOCHvA==

bowser@^2.11.0:
  version "2.11.0"
  resolved "https://registry.yarnpkg.com/bowser/-/bowser-2.11.0.tgz#5ca3c35757a7aa5771500c70a73a9f91ef420a8f"
  integrity sha512-AlcaJBi/pqqJBIQ8U9Mcpc9i8Aqxn88Skv5d+xBX006BY5u8N3mGLHa5Lgppa7L/HfwgwLgZ6NYs+Ag6uUmJRA==

create-require@^1.1.0:
  version "1.1.1"
  resolved "https://registry.yarnpkg.com/create-require/-/create-require-1.1.1.tgz#c1d7e8f1e5f6cfc9ff65f9cd352d37348756c333"
  integrity sha512-dcKFX3jn0MpIaXjisoRvexIJVEKzaq7z2rZKxf+MSr9TkdmHmsU4m2lcLojrj/FHl8mk5VxMmYA+ftRkP/3oKQ==

cross-fetch@*:
  version "3.1.5"
  resolved "https://registry.yarnpkg.com/cross-fetch/-/cross-fetch-3.1.5.tgz#e1389f44d9e7ba767907f7af8454787952ab534f"
  integrity sha512-lvb1SBsI0Z7GDwmuid+mU3kWVBwTVUbe7S0H52yaaAdQOXq2YktTCZdlAcNKFzE6QtRz0snpw9bNiPeOIkkQvw==
  dependencies:
    node-fetch "2.6.7"

diff@^4.0.1:
  version "4.0.2"
  resolved "https://registry.yarnpkg.com/diff/-/diff-4.0.2.tgz#60f3aecb89d5fae520c11aa19efc2bb982aade7d"
  integrity sha512-58lmxKSA4BNyLz+HHMUzlOEpg09FV+ev6ZMe3vJihgdxzgcwZ8VoEEPmALCZG9LmqfVoNMMKpttIYTVG6uDY7A==

entities@2.2.0:
  version "2.2.0"
  resolved "https://registry.yarnpkg.com/entities/-/entities-2.2.0.tgz#098dc90ebb83d8dffa089d55256b351d34c4da55"
  integrity sha512-p92if5Nz619I0w+akJrLZH0MX0Pb5DX39XOwQTtXSdQQOaYH03S1uIQp4mhOZtAXrxq4ViO67YTiLBo2638o9A==

fast-xml-parser@3.19.0:
  version "3.19.0"
  resolved "https://registry.yarnpkg.com/fast-xml-parser/-/fast-xml-parser-3.19.0.tgz#cb637ec3f3999f51406dd8ff0e6fc4d83e520d01"
  integrity sha512-4pXwmBplsCPv8FOY1WRakF970TjNGnGnfbOnLqjlYvMiF1SR3yOHyxMR/YCXpPTOspNF5gwudqktIP4VsWkvBg==

make-error@^1.1.1:
  version "1.3.6"
  resolved "https://registry.yarnpkg.com/make-error/-/make-error-1.3.6.tgz#2eb2e37ea9b67c4891f684a1394799af484cf7a2"
  integrity sha512-s8UhlNe7vPKomQhC1qFelMokr/Sc3AgNbso3n74mVPA5LTZwkB9NlXf4XPamLxJE8h0gh73rM94xvwRT2CVInw==

node-fetch@2.6.7:
  version "2.6.7"
  resolved "https://registry.yarnpkg.com/node-fetch/-/node-fetch-2.6.7.tgz#24de9fba827e3b4ae44dc8b20256a379160052ad"
  integrity sha512-ZjMPFEfVx5j+y2yF35Kzx5sF7kDzxuDj6ziH4FFbOp87zKDZNx8yExJIb05OGF4Nlt9IHFIMBkRl41VdvcNdbQ==
  dependencies:
    whatwg-url "^5.0.0"

regenerator-runtime@*:
  version "0.13.9"
  resolved "https://registry.yarnpkg.com/regenerator-runtime/-/regenerator-runtime-0.13.9.tgz#8925742a98ffd90814988d7566ad30ca3b263b52"
  integrity sha512-p3VT+cOEgxFsRRA9X4lkI1E+k2/CtnKtU4gcxyaCUreilL/vqI6CdZ3wxVUx3UOUg+gnUOQQcRI7BmSI656MYA==

tr46@~0.0.3:
  version "0.0.3"
  resolved "https://registry.yarnpkg.com/tr46/-/tr46-0.0.3.tgz#8184fd347dac9cdc185992f3a6622e14b9d9ab6a"
  integrity sha512-N3WMsuqV66lT30CrXNbEjx4GEwlow3v6rr4mCcv6prnfwhS01rkgyFdjPNBYd9br7LpXV1+Emh01fHnq2Gdgrw==

ts-node@*:
  version "10.9.1"
  resolved "https://registry.yarnpkg.com/ts-node/-/ts-node-10.9.1.tgz#e73de9102958af9e1f0b168a6ff320e25adcff4b"
  integrity sha512-NtVysVPkxxrwFGUUxGYhfux8k78pQB3JqYBXlLRZgdGUqTO5wU/UyHop5p70iEbGhB7q5KmiZiU0Y3KlJrScEw==
  dependencies:
    "@cspotcode/source-map-support" "^0.8.0"
    "@tsconfig/node10" "^1.0.7"
    "@tsconfig/node12" "^1.0.7"
    "@tsconfig/node14" "^1.0.0"
    "@tsconfig/node16" "^1.0.2"
    acorn "^8.4.1"
    acorn-walk "^8.1.1"
    arg "^4.1.0"
    create-require "^1.1.0"
    diff "^4.0.1"
    make-error "^1.1.1"
    v8-compile-cache-lib "^3.0.1"
    yn "3.1.1"

tslib@^1.11.1:
  version "1.14.1"
  resolved "https://registry.yarnpkg.com/tslib/-/tslib-1.14.1.tgz#cf2d38bdc34a134bcaf1091c41f6619e2f672d00"
  integrity sha512-Xni35NKzjgMrwevysHTCArtLDpPvye8zV/0E4EyYn43P7/7qvQwPh9BGkHewbMulVntbigmcT7rdX3BNo9wRJg==

tslib@^2.3.1, tslib@^2.4.0:
  version "2.4.0"
  resolved "https://registry.yarnpkg.com/tslib/-/tslib-2.4.0.tgz#7cecaa7f073ce680a05847aa77be941098f36dc3"
  integrity sha512-d6xOpEDfsi2CZVlPQzGeux8XMwLT9hssAsaPYExaQMuYskwb+x1x7J371tWlbBdWHroy99KnVB6qIkUbs5X3UQ==

typescript@*:
  version "4.8.4"
  resolved "https://registry.yarnpkg.com/typescript/-/typescript-4.8.4.tgz#c464abca159669597be5f96b8943500b238e60e6"
  integrity sha512-QCh+85mCy+h0IGff8r5XWzOVSbBO+KfeYrMQh7NJ58QujwcE22u+NUSmUxqF+un70P9GXKxa2HCNiTTMJknyjQ==

uuid@^8.3.2:
  version "8.3.2"
  resolved "https://registry.yarnpkg.com/uuid/-/uuid-8.3.2.tgz#80d5b5ced271bb9af6c445f21a1a04c606cefbe2"
  integrity sha512-+NYs2QeMWy+GWFOEm9xnn6HCDp0l7QBD7ml8zLUmJ+93Q5NF0NocErnwkTkXVFNiX3/fpC6afS8Dhb/gz7R7eg==

v8-compile-cache-lib@^3.0.1:
  version "3.0.1"
  resolved "https://registry.yarnpkg.com/v8-compile-cache-lib/-/v8-compile-cache-lib-3.0.1.tgz#6336e8d71965cb3d35a1bbb7868445a7c05264bf"
  integrity sha512-wa7YjyUGfNZngI/vtK0UHAN+lgDCxBPCylVXGp0zu59Fz5aiGtNXaq3DhIov063MorB+VfufLh3JlF2KdTK3xg==

webidl-conversions@^3.0.0:
  version "3.0.1"
  resolved "https://registry.yarnpkg.com/webidl-conversions/-/webidl-conversions-3.0.1.tgz#24534275e2a7bc6be7bc86611cc16ae0a5654871"
  integrity sha512-2JAn3z8AR6rjK8Sm8orRC0h/bcl/DqL7tRPdGZ4I1CjdF+EaMLmYxBHyXuKL849eucPFhvBoxMsflfOb8kxaeQ==

whatwg-url@^5.0.0:
  version "5.0.0"
  resolved "https://registry.yarnpkg.com/whatwg-url/-/whatwg-url-5.0.0.tgz#966454e8765462e37644d3626f6742ce8b70965d"
  integrity sha512-saE57nupxk6v3HY35+jzBwYa0rKSy0XR8JSxZPwgLr7ys0IBzhGviA1/TUGJLmSVqs8pb9AnvICXEuOHLprYTw==
  dependencies:
    tr46 "~0.0.3"
    webidl-conversions "^3.0.0"

yn@3.1.1:
  version "3.1.1"
  resolved "https://registry.yarnpkg.com/yn/-/yn-3.1.1.tgz#1e87401a09d767c1d5eab26a6e4c185182d2eb50"
  integrity sha512-Ux4ygGWsu2c7isFWe8Yu1YluJmqVhxqK2cLXNQA5AcC3QfbGNpM7fu0Y8b/z16pXLnFxZYvWhd3fhBY9DLmC6Q==
