# This file is generated by running "yarn install" inside your project.
# Manual changes might be lost - proceed with caution!

__metadata:
  version: 6
  cacheKey: 8

"@aws-crypto/ie11-detection@npm:^2.0.0, @aws-crypto/ie11-detection@npm:^2.0.2":
  version: 2.0.2
  resolution: "@aws-crypto/ie11-detection@npm:2.0.2"
  dependencies:
    tslib: ^1.11.1
  checksum: 713293deea8eefd3ab43dc05e62228571d27754e7293f8ec2fd8a0c693fbbfc55213e6599387776e3cdbc951965dc62e24e92b9c4a853e4a50d00ae6a9f6b2bd
  languageName: node
  linkType: hard

"@aws-crypto/sha256-browser@npm:2.0.0":
  version: 2.0.0
  resolution: "@aws-crypto/sha256-browser@npm:2.0.0"
  dependencies:
    "@aws-crypto/ie11-detection": ^2.0.0
    "@aws-crypto/sha256-js": ^2.0.0
    "@aws-crypto/supports-web-crypto": ^2.0.0
    "@aws-crypto/util": ^2.0.0
    "@aws-sdk/types": ^3.1.0
    "@aws-sdk/util-locate-window": ^3.0.0
    "@aws-sdk/util-utf8-browser": ^3.0.0
    tslib: ^1.11.1
  checksum: 7bc1ff042d0c53a46c0fc3824bd97fb3ed1df7dc030b8a995889471052860b8c8ade469c97866fafd8249a3144d0f48b0f1054f357e2b403606009381c4b8f0e
  languageName: node
  linkType: hard

"@aws-crypto/sha256-browser@npm:^2.0.2":
  version: 2.0.2
  resolution: "@aws-crypto/sha256-browser@npm:2.0.2"
  dependencies:
    "@aws-crypto/ie11-detection": ^2.0.2
    "@aws-crypto/sha256-js": ^2.0.2
    "@aws-crypto/supports-web-crypto": ^2.0.2
    "@aws-crypto/util": ^2.0.2
    "@aws-sdk/types": ^3.110.0
    "@aws-sdk/util-locate-window": ^3.0.0
    "@aws-sdk/util-utf8-browser": ^3.0.0
    tslib: ^1.11.1
  checksum: 81c442af06a57bcd947a8529f9fbc0caa487dff60ed46bf46f36356b6f630741db31d42b0f5518dbfd5e7b40d1de8bf647835e522ab8c59c8f3db7973a0946ec
  languageName: node
  linkType: hard

"@aws-crypto/sha256-js@npm:2.0.0":
  version: 2.0.0
  resolution: "@aws-crypto/sha256-js@npm:2.0.0"
  dependencies:
    "@aws-crypto/util": ^2.0.0
    "@aws-sdk/types": ^3.1.0
    tslib: ^1.11.1
  checksum: e4abf9baec6bed19d380f92a999a41ac5bdd8890dfd45971d29054c298854c5b7087e7de633413f2e64618ef8238ccf4c0b75797c73063c74bbba3cb5d8b2581
  languageName: node
  linkType: hard

"@aws-crypto/sha256-js@npm:^2.0.0, @aws-crypto/sha256-js@npm:^2.0.2":
  version: 2.0.2
  resolution: "@aws-crypto/sha256-js@npm:2.0.2"
  dependencies:
    "@aws-crypto/util": ^2.0.2
    "@aws-sdk/types": ^3.110.0
    tslib: ^1.11.1
  checksum: 9125ec65a2b05fce908ac2289ba97b995a299f2d717684804211df8e8bcffd8cd9b8861582240655b88f2255c46fcee34026f75c057ffb22f44b6a76cd43f65a
  languageName: node
  linkType: hard

"@aws-crypto/sha256-universal@npm:*":
  version: 2.0.2
  resolution: "@aws-crypto/sha256-universal@npm:2.0.2"
  dependencies:
    "@aws-crypto/sha256-browser": ^2.0.2
    "@aws-sdk/hash-node": ^3.110.0
    "@aws-sdk/types": ^3.110.0
    tslib: ^1.11.1
  checksum: 4e63379b81e637a57e58b1f8385d1be416fb24702076a619a3b599f9da86ed37fbac4d1bacc39b493c8912310cbb50b1a60f6f0b3debe2897f090d5b6d7ee24c
  languageName: node
  linkType: hard

"@aws-crypto/supports-web-crypto@npm:^2.0.0, @aws-crypto/supports-web-crypto@npm:^2.0.2":
  version: 2.0.2
  resolution: "@aws-crypto/supports-web-crypto@npm:2.0.2"
  dependencies:
    tslib: ^1.11.1
  checksum: 03d04d29292dc1b76db9bc6becd05f52fa79adee0ec084f971b0767f7e73250dd0422bea57636015f8c27f38aefcd1d9c58800a4749cf35339296c8d670f3ccb
  languageName: node
  linkType: hard

"@aws-crypto/util@npm:^2.0.0, @aws-crypto/util@npm:^2.0.2":
  version: 2.0.2
  resolution: "@aws-crypto/util@npm:2.0.2"
  dependencies:
    "@aws-sdk/types": ^3.110.0
    "@aws-sdk/util-utf8-browser": ^3.0.0
    tslib: ^1.11.1
  checksum: 13cb33a39005b09c062398d361043c2224bc8ba42b1432bad52e15bc4bf9ffad4facdddc394b3cc71b3fb8d86a7ec325fd1afa107b5fde0dab84a7e32d311d7f
  languageName: node
  linkType: hard

"@aws-sdk/abort-controller@npm:3.222.0":
  version: 3.222.0
  resolution: "@aws-sdk/abort-controller@npm:3.222.0"
  dependencies:
    "@aws-sdk/types": 3.222.0
    tslib: ^2.3.1
  checksum: 06528afdab15ed4f088b313e3e42c4ed9b46f4887a2f6f75aabe98830027510e5541965cefa3af1a9f0315ae4b37bdc16b6a9c80b7fca65719b47c8909aad260
  languageName: node
  linkType: hard

"@aws-sdk/client-cognito-identity@npm:3.222.0":
  version: 3.222.0
  resolution: "@aws-sdk/client-cognito-identity@npm:3.222.0"
  dependencies:
    "@aws-crypto/sha256-browser": 2.0.0
    "@aws-crypto/sha256-js": 2.0.0
    "@aws-sdk/client-sts": 3.222.0
    "@aws-sdk/config-resolver": 3.222.0
    "@aws-sdk/credential-provider-node": 3.222.0
    "@aws-sdk/fetch-http-handler": 3.222.0
    "@aws-sdk/hash-node": 3.222.0
    "@aws-sdk/invalid-dependency": 3.222.0
    "@aws-sdk/middleware-content-length": 3.222.0
    "@aws-sdk/middleware-endpoint": 3.222.0
    "@aws-sdk/middleware-host-header": 3.222.0
    "@aws-sdk/middleware-logger": 3.222.0
    "@aws-sdk/middleware-recursion-detection": 3.222.0
    "@aws-sdk/middleware-retry": 3.222.0
    "@aws-sdk/middleware-serde": 3.222.0
    "@aws-sdk/middleware-signing": 3.222.0
    "@aws-sdk/middleware-stack": 3.222.0
    "@aws-sdk/middleware-user-agent": 3.222.0
    "@aws-sdk/node-config-provider": 3.222.0
    "@aws-sdk/node-http-handler": 3.222.0
    "@aws-sdk/protocol-http": 3.222.0
    "@aws-sdk/smithy-client": 3.222.0
    "@aws-sdk/types": 3.222.0
    "@aws-sdk/url-parser": 3.222.0
    "@aws-sdk/util-base64": 3.208.0
    "@aws-sdk/util-body-length-browser": 3.188.0
    "@aws-sdk/util-body-length-node": 3.208.0
    "@aws-sdk/util-defaults-mode-browser": 3.222.0
    "@aws-sdk/util-defaults-mode-node": 3.222.0
    "@aws-sdk/util-endpoints": 3.222.0
    "@aws-sdk/util-retry": 3.222.0
    "@aws-sdk/util-user-agent-browser": 3.222.0
    "@aws-sdk/util-user-agent-node": 3.222.0
    "@aws-sdk/util-utf8-browser": 3.188.0
    "@aws-sdk/util-utf8-node": 3.208.0
    tslib: ^2.3.1
  checksum: b733d9bad0232a17967da9b27311cb2adf41acaefc584173e6d74b3b966ed3908b9e9fa65b3a0f3e12709dc305e64b1a5351ea43ac666650a375cb10143368e3
  languageName: node
  linkType: hard

"@aws-sdk/client-sso-oidc@npm:3.222.0":
  version: 3.222.0
  resolution: "@aws-sdk/client-sso-oidc@npm:3.222.0"
  dependencies:
    "@aws-crypto/sha256-browser": 2.0.0
    "@aws-crypto/sha256-js": 2.0.0
    "@aws-sdk/config-resolver": 3.222.0
    "@aws-sdk/fetch-http-handler": 3.222.0
    "@aws-sdk/hash-node": 3.222.0
    "@aws-sdk/invalid-dependency": 3.222.0
    "@aws-sdk/middleware-content-length": 3.222.0
    "@aws-sdk/middleware-endpoint": 3.222.0
    "@aws-sdk/middleware-host-header": 3.222.0
    "@aws-sdk/middleware-logger": 3.222.0
    "@aws-sdk/middleware-recursion-detection": 3.222.0
    "@aws-sdk/middleware-retry": 3.222.0
    "@aws-sdk/middleware-serde": 3.222.0
    "@aws-sdk/middleware-stack": 3.222.0
    "@aws-sdk/middleware-user-agent": 3.222.0
    "@aws-sdk/node-config-provider": 3.222.0
    "@aws-sdk/node-http-handler": 3.222.0
    "@aws-sdk/protocol-http": 3.222.0
    "@aws-sdk/smithy-client": 3.222.0
    "@aws-sdk/types": 3.222.0
    "@aws-sdk/url-parser": 3.222.0
    "@aws-sdk/util-base64": 3.208.0
    "@aws-sdk/util-body-length-browser": 3.188.0
    "@aws-sdk/util-body-length-node": 3.208.0
    "@aws-sdk/util-defaults-mode-browser": 3.222.0
    "@aws-sdk/util-defaults-mode-node": 3.222.0
    "@aws-sdk/util-endpoints": 3.222.0
    "@aws-sdk/util-retry": 3.222.0
    "@aws-sdk/util-user-agent-browser": 3.222.0
    "@aws-sdk/util-user-agent-node": 3.222.0
    "@aws-sdk/util-utf8-browser": 3.188.0
    "@aws-sdk/util-utf8-node": 3.208.0
    tslib: ^2.3.1
  checksum: 40674d89438b689480bdfa10bfb044d90341d87096ae6b0803e6ecc1695d48b1f7a8c513109e92001c380e2b2f5b18aa3e8af1c8ecd3d2f04f63f160cb039611
  languageName: node
  linkType: hard

"@aws-sdk/client-sso@npm:3.222.0":
  version: 3.222.0
  resolution: "@aws-sdk/client-sso@npm:3.222.0"
  dependencies:
    "@aws-crypto/sha256-browser": 2.0.0
    "@aws-crypto/sha256-js": 2.0.0
    "@aws-sdk/config-resolver": 3.222.0
    "@aws-sdk/fetch-http-handler": 3.222.0
    "@aws-sdk/hash-node": 3.222.0
    "@aws-sdk/invalid-dependency": 3.222.0
    "@aws-sdk/middleware-content-length": 3.222.0
    "@aws-sdk/middleware-endpoint": 3.222.0
    "@aws-sdk/middleware-host-header": 3.222.0
    "@aws-sdk/middleware-logger": 3.222.0
    "@aws-sdk/middleware-recursion-detection": 3.222.0
    "@aws-sdk/middleware-retry": 3.222.0
    "@aws-sdk/middleware-serde": 3.222.0
    "@aws-sdk/middleware-stack": 3.222.0
    "@aws-sdk/middleware-user-agent": 3.222.0
    "@aws-sdk/node-config-provider": 3.222.0
    "@aws-sdk/node-http-handler": 3.222.0
    "@aws-sdk/protocol-http": 3.222.0
    "@aws-sdk/smithy-client": 3.222.0
    "@aws-sdk/types": 3.222.0
    "@aws-sdk/url-parser": 3.222.0
    "@aws-sdk/util-base64": 3.208.0
    "@aws-sdk/util-body-length-browser": 3.188.0
    "@aws-sdk/util-body-length-node": 3.208.0
    "@aws-sdk/util-defaults-mode-browser": 3.222.0
    "@aws-sdk/util-defaults-mode-node": 3.222.0
    "@aws-sdk/util-endpoints": 3.222.0
    "@aws-sdk/util-retry": 3.222.0
    "@aws-sdk/util-user-agent-browser": 3.222.0
    "@aws-sdk/util-user-agent-node": 3.222.0
    "@aws-sdk/util-utf8-browser": 3.188.0
    "@aws-sdk/util-utf8-node": 3.208.0
    tslib: ^2.3.1
  checksum: bc0cd1125bc5aa94b3fdec15167ce9539acf4a187da060d51fa8ad7c30d0bf6cfee9e3a0175d65e204aba92efee4087c99d1190e1b43927c01cd7a8b1bbbb93e
  languageName: node
  linkType: hard

"@aws-sdk/client-sts@npm:*, @aws-sdk/client-sts@npm:3.222.0":
  version: 3.222.0
  resolution: "@aws-sdk/client-sts@npm:3.222.0"
  dependencies:
    "@aws-crypto/sha256-browser": 2.0.0
    "@aws-crypto/sha256-js": 2.0.0
    "@aws-sdk/config-resolver": 3.222.0
    "@aws-sdk/credential-provider-node": 3.222.0
    "@aws-sdk/fetch-http-handler": 3.222.0
    "@aws-sdk/hash-node": 3.222.0
    "@aws-sdk/invalid-dependency": 3.222.0
    "@aws-sdk/middleware-content-length": 3.222.0
    "@aws-sdk/middleware-endpoint": 3.222.0
    "@aws-sdk/middleware-host-header": 3.222.0
    "@aws-sdk/middleware-logger": 3.222.0
    "@aws-sdk/middleware-recursion-detection": 3.222.0
    "@aws-sdk/middleware-retry": 3.222.0
    "@aws-sdk/middleware-sdk-sts": 3.222.0
    "@aws-sdk/middleware-serde": 3.222.0
    "@aws-sdk/middleware-signing": 3.222.0
    "@aws-sdk/middleware-stack": 3.222.0
    "@aws-sdk/middleware-user-agent": 3.222.0
    "@aws-sdk/node-config-provider": 3.222.0
    "@aws-sdk/node-http-handler": 3.222.0
    "@aws-sdk/protocol-http": 3.222.0
    "@aws-sdk/smithy-client": 3.222.0
    "@aws-sdk/types": 3.222.0
    "@aws-sdk/url-parser": 3.222.0
    "@aws-sdk/util-base64": 3.208.0
    "@aws-sdk/util-body-length-browser": 3.188.0
    "@aws-sdk/util-body-length-node": 3.208.0
    "@aws-sdk/util-defaults-mode-browser": 3.222.0
    "@aws-sdk/util-defaults-mode-node": 3.222.0
    "@aws-sdk/util-endpoints": 3.222.0
    "@aws-sdk/util-retry": 3.222.0
    "@aws-sdk/util-user-agent-browser": 3.222.0
    "@aws-sdk/util-user-agent-node": 3.222.0
    "@aws-sdk/util-utf8-browser": 3.188.0
    "@aws-sdk/util-utf8-node": 3.208.0
    fast-xml-parser: 4.0.11
    tslib: ^2.3.1
  checksum: 79f18e5b44541673213715e3465a8b000716c03120ea087e6920abba3542683dbd4b881ecb091ef90df34947eec00c82daf70089ea0e5e92cffbb4e57e2d76d7
  languageName: node
  linkType: hard

"@aws-sdk/config-resolver@npm:3.222.0":
  version: 3.222.0
  resolution: "@aws-sdk/config-resolver@npm:3.222.0"
  dependencies:
    "@aws-sdk/signature-v4": 3.222.0
    "@aws-sdk/types": 3.222.0
    "@aws-sdk/util-config-provider": 3.208.0
    "@aws-sdk/util-middleware": 3.222.0
    tslib: ^2.3.1
  checksum: 8a2524cf1e8bd9d7acf82a039a1da7de9a7f9017d7a0dd913024e74d126509bdaa0e2b2bfc0b9ba5a9aee83af4022e2573f59d675997cc81b726d8300afd22d5
  languageName: node
  linkType: hard

"@aws-sdk/credential-provider-cognito-identity@npm:3.222.0":
  version: 3.222.0
  resolution: "@aws-sdk/credential-provider-cognito-identity@npm:3.222.0"
  dependencies:
    "@aws-sdk/client-cognito-identity": 3.222.0
    "@aws-sdk/property-provider": 3.222.0
    "@aws-sdk/types": 3.222.0
    tslib: ^2.3.1
  checksum: e6a61cf601825907931ed0cc42050b895b150468feb95c1052e053ce00d33e8d225663ca337da1c5825eee7e24438311ba0d28b2a6021868d3e6796aa81fdeeb
  languageName: node
  linkType: hard

"@aws-sdk/credential-provider-env@npm:3.222.0":
  version: 3.222.0
  resolution: "@aws-sdk/credential-provider-env@npm:3.222.0"
  dependencies:
    "@aws-sdk/property-provider": 3.222.0
    "@aws-sdk/types": 3.222.0
    tslib: ^2.3.1
  checksum: ae524102f47c8ac471231d990b63d3a3272826f94efd9a37d6a5ccc1c42db1edc86a69c67743eeba16fbead5b6800578de1a43831b99005e6d5b974acdc553d0
  languageName: node
  linkType: hard

"@aws-sdk/credential-provider-imds@npm:3.222.0":
  version: 3.222.0
  resolution: "@aws-sdk/credential-provider-imds@npm:3.222.0"
  dependencies:
    "@aws-sdk/node-config-provider": 3.222.0
    "@aws-sdk/property-provider": 3.222.0
    "@aws-sdk/types": 3.222.0
    "@aws-sdk/url-parser": 3.222.0
    tslib: ^2.3.1
  checksum: 41e5ee3819896063fdd3054d9a21d954b6904eaf66b4fc1385407de18dab7417704f2c2ebfad27330692fda629cc8878a0d7291a67f84ab4880a1c1a4a4d3c22
  languageName: node
  linkType: hard

"@aws-sdk/credential-provider-ini@npm:3.222.0":
  version: 3.222.0
  resolution: "@aws-sdk/credential-provider-ini@npm:3.222.0"
  dependencies:
    "@aws-sdk/credential-provider-env": 3.222.0
    "@aws-sdk/credential-provider-imds": 3.222.0
    "@aws-sdk/credential-provider-sso": 3.222.0
    "@aws-sdk/credential-provider-web-identity": 3.222.0
    "@aws-sdk/property-provider": 3.222.0
    "@aws-sdk/shared-ini-file-loader": 3.222.0
    "@aws-sdk/types": 3.222.0
    tslib: ^2.3.1
  checksum: eac19a9b52066f76cf23bee102369df7d50097dfee3be14b12c2e178c16868acd1a79b13c00d3e3ac40d2fbc14b4e2b06119d0c51c5d875c6be3606c33514d62
  languageName: node
  linkType: hard

"@aws-sdk/credential-provider-node@npm:3.222.0":
  version: 3.222.0
  resolution: "@aws-sdk/credential-provider-node@npm:3.222.0"
  dependencies:
    "@aws-sdk/credential-provider-env": 3.222.0
    "@aws-sdk/credential-provider-imds": 3.222.0
    "@aws-sdk/credential-provider-ini": 3.222.0
    "@aws-sdk/credential-provider-process": 3.222.0
    "@aws-sdk/credential-provider-sso": 3.222.0
    "@aws-sdk/credential-provider-web-identity": 3.222.0
    "@aws-sdk/property-provider": 3.222.0
    "@aws-sdk/shared-ini-file-loader": 3.222.0
    "@aws-sdk/types": 3.222.0
    tslib: ^2.3.1
  checksum: f17ce6c9b45d48d9bebd63766b5d85e45f6a1d50b02bea4784d0055269a0f5c05e5ba343c6b138cd29086b94c6bb4511568e9fb59f340f3988526b2d7950cb4c
  languageName: node
  linkType: hard

"@aws-sdk/credential-provider-process@npm:3.222.0":
  version: 3.222.0
  resolution: "@aws-sdk/credential-provider-process@npm:3.222.0"
  dependencies:
    "@aws-sdk/property-provider": 3.222.0
    "@aws-sdk/shared-ini-file-loader": 3.222.0
    "@aws-sdk/types": 3.222.0
    tslib: ^2.3.1
  checksum: 9f51373b68be65f4ec1a1412796070c4c8570729ad1b2e6882c802b152d6ac54c2877df8049e7e483fe85af94fdd19bda6145ebe9130e7a6502f851ae8db1855
  languageName: node
  linkType: hard

"@aws-sdk/credential-provider-sso@npm:3.222.0":
  version: 3.222.0
  resolution: "@aws-sdk/credential-provider-sso@npm:3.222.0"
  dependencies:
    "@aws-sdk/client-sso": 3.222.0
    "@aws-sdk/property-provider": 3.222.0
    "@aws-sdk/shared-ini-file-loader": 3.222.0
    "@aws-sdk/token-providers": 3.222.0
    "@aws-sdk/types": 3.222.0
    tslib: ^2.3.1
  checksum: 8e0a39a722fd6548b9758ab4c711eac9128a64bae1fa9bfce5f0b92c2df34883fdcd544c9a48f501d3a7b695e6d0b51a9b5e1be1b7eac626a1818860cfc86072
  languageName: node
  linkType: hard

"@aws-sdk/credential-provider-web-identity@npm:3.222.0":
  version: 3.222.0
  resolution: "@aws-sdk/credential-provider-web-identity@npm:3.222.0"
  dependencies:
    "@aws-sdk/property-provider": 3.222.0
    "@aws-sdk/types": 3.222.0
    tslib: ^2.3.1
  checksum: 4cae5d24b048decc17e44cef846635d7dfc3e2941b26391b144677a355f2ed4b3b798e87e14cc04959283c4f4914267edaaf8d92e58cd61a4a529551e61459ae
  languageName: node
  linkType: hard

"@aws-sdk/credential-providers@npm:*":
  version: 3.222.0
  resolution: "@aws-sdk/credential-providers@npm:3.222.0"
  dependencies:
    "@aws-sdk/client-cognito-identity": 3.222.0
    "@aws-sdk/client-sso": 3.222.0
    "@aws-sdk/client-sts": 3.222.0
    "@aws-sdk/credential-provider-cognito-identity": 3.222.0
    "@aws-sdk/credential-provider-env": 3.222.0
    "@aws-sdk/credential-provider-imds": 3.222.0
    "@aws-sdk/credential-provider-ini": 3.222.0
    "@aws-sdk/credential-provider-node": 3.222.0
    "@aws-sdk/credential-provider-process": 3.222.0
    "@aws-sdk/credential-provider-sso": 3.222.0
    "@aws-sdk/credential-provider-web-identity": 3.222.0
    "@aws-sdk/property-provider": 3.222.0
    "@aws-sdk/shared-ini-file-loader": 3.222.0
    "@aws-sdk/types": 3.222.0
    tslib: ^2.3.1
  checksum: a6c159abbc210d62ed7d1153278b423595493583f53ec2a9143b402ee149cc1ae39be41615c76c3b658e1e9f70e89019a594c8e7a6a320cf7ea37443714a79ac
  languageName: node
  linkType: hard

"@aws-sdk/fetch-http-handler@npm:3.222.0":
  version: 3.222.0
  resolution: "@aws-sdk/fetch-http-handler@npm:3.222.0"
  dependencies:
    "@aws-sdk/protocol-http": 3.222.0
    "@aws-sdk/querystring-builder": 3.222.0
    "@aws-sdk/types": 3.222.0
    "@aws-sdk/util-base64": 3.208.0
    tslib: ^2.3.1
  checksum: b6fa1a03e8e7fa4aea13f9aa154968b93ce1c6eca8f2f3fd58961bad167a720dc999cc62270bdf707d21e2136d22171f1099b4b326ccbcff52bea59a5a278630
  languageName: node
  linkType: hard

"@aws-sdk/hash-node@npm:3.222.0, @aws-sdk/hash-node@npm:^3.110.0":
  version: 3.222.0
  resolution: "@aws-sdk/hash-node@npm:3.222.0"
  dependencies:
    "@aws-sdk/types": 3.222.0
    "@aws-sdk/util-buffer-from": 3.208.0
    tslib: ^2.3.1
  checksum: 25ad5a33eb74d7a6a43f1d9d668a268e1ac9d1e5f394395784fc6011d10448630f79ea1f5c5dfbed249556cd4dec2f091d0913eca82700bdea1f64564c6512ae
  languageName: node
  linkType: hard

"@aws-sdk/invalid-dependency@npm:3.222.0":
  version: 3.222.0
  resolution: "@aws-sdk/invalid-dependency@npm:3.222.0"
  dependencies:
    "@aws-sdk/types": 3.222.0
    tslib: ^2.3.1
  checksum: 1b6f3c2330f57506d8431cd7d295ab483e739a8be21556b5495cf3b0501776e0b286ddb5f049acd8814f46d44380a3c4ec0790c3226cbe8dcea03998c4bc1fd7
  languageName: node
  linkType: hard

"@aws-sdk/is-array-buffer@npm:3.201.0":
  version: 3.201.0
  resolution: "@aws-sdk/is-array-buffer@npm:3.201.0"
  dependencies:
    tslib: ^2.3.1
  checksum: 295450b417a9ab0b734050afff6c53aaed8a33dccd3ede60bf67fdec21f675d14ab8edc24f4e1d12aa4e99f9ccaf794aaaaff270c296c1ee38f73ea7ba7f59ce
  languageName: node
  linkType: hard

"@aws-sdk/middleware-content-length@npm:3.222.0":
  version: 3.222.0
  resolution: "@aws-sdk/middleware-content-length@npm:3.222.0"
  dependencies:
    "@aws-sdk/protocol-http": 3.222.0
    "@aws-sdk/types": 3.222.0
    tslib: ^2.3.1
  checksum: c21d04fa94ad3b20f507ad41f65cd010e84ce6ef9a4b9ae9c8d66ea8ca60b8b4c1436a9a1c19805de79b95b6f885f18dfda50ba19f6546023a71f36577797f66
  languageName: node
  linkType: hard

"@aws-sdk/middleware-endpoint@npm:3.222.0":
  version: 3.222.0
  resolution: "@aws-sdk/middleware-endpoint@npm:3.222.0"
  dependencies:
    "@aws-sdk/middleware-serde": 3.222.0
    "@aws-sdk/protocol-http": 3.222.0
    "@aws-sdk/signature-v4": 3.222.0
    "@aws-sdk/types": 3.222.0
    "@aws-sdk/url-parser": 3.222.0
    "@aws-sdk/util-config-provider": 3.208.0
    "@aws-sdk/util-middleware": 3.222.0
    tslib: ^2.3.1
  checksum: 3a1240f66457d1de73a9c9f5f8baaf628f307d46840ef323492ac68ede5504dee6b1a9299195212e2b12e039ac7d6eafefa72cc1502799bcae6fd77c5d84da93
  languageName: node
  linkType: hard

"@aws-sdk/middleware-host-header@npm:3.222.0":
  version: 3.222.0
  resolution: "@aws-sdk/middleware-host-header@npm:3.222.0"
  dependencies:
    "@aws-sdk/protocol-http": 3.222.0
    "@aws-sdk/types": 3.222.0
    tslib: ^2.3.1
  checksum: 0806ce2b235d8ec6328caa1cacdbdbee82196f82b7dc96e1ce6d8413390a35c73475df3a102391a99cd5996ef806054969ea00338064889997bd15428a064c73
  languageName: node
  linkType: hard

"@aws-sdk/middleware-logger@npm:3.222.0":
  version: 3.222.0
  resolution: "@aws-sdk/middleware-logger@npm:3.222.0"
  dependencies:
    "@aws-sdk/types": 3.222.0
    tslib: ^2.3.1
  checksum: c0fef1f56ba710a2e5784515f96d8c8408b3e882288d1bc8e6201bf8128d921de4b2dbaaeca1fee48334539587bf514cb77796cc0fab989173c4d785fc220db5
  languageName: node
  linkType: hard

"@aws-sdk/middleware-recursion-detection@npm:3.222.0":
  version: 3.222.0
  resolution: "@aws-sdk/middleware-recursion-detection@npm:3.222.0"
  dependencies:
    "@aws-sdk/protocol-http": 3.222.0
    "@aws-sdk/types": 3.222.0
    tslib: ^2.3.1
  checksum: 6a3b31de18a32585a86948f312aefd98ec7a9a9ff5b8044f7f11dc8d7737e5fdb5d867f2971ffcf645db118892a28518fdb9689cc8fb64e947717281cca32031
  languageName: node
  linkType: hard

"@aws-sdk/middleware-retry@npm:3.222.0":
  version: 3.222.0
  resolution: "@aws-sdk/middleware-retry@npm:3.222.0"
  dependencies:
    "@aws-sdk/protocol-http": 3.222.0
    "@aws-sdk/service-error-classification": 3.222.0
    "@aws-sdk/types": 3.222.0
    "@aws-sdk/util-middleware": 3.222.0
    tslib: ^2.3.1
    uuid: ^8.3.2
  checksum: 764a56b92ba0178166cb188db20e521360a625d763a94e9470eeda83ad1d6d240186b5eeec41592896aa09f7c1370e604513419bf30683cbcbd5e5ae625b3a98
  languageName: node
  linkType: hard

"@aws-sdk/middleware-sdk-sts@npm:3.222.0":
  version: 3.222.0
  resolution: "@aws-sdk/middleware-sdk-sts@npm:3.222.0"
  dependencies:
    "@aws-sdk/middleware-signing": 3.222.0
    "@aws-sdk/property-provider": 3.222.0
    "@aws-sdk/protocol-http": 3.222.0
    "@aws-sdk/signature-v4": 3.222.0
    "@aws-sdk/types": 3.222.0
    tslib: ^2.3.1
  checksum: 0ad309d6490586686643602199b8a4389818568b6a7f6c41c97ff0b85e91651c9bed05da31c3eddf1ad329af926ac7efa5b8ee353c52a540ef1a529d6346350f
  languageName: node
  linkType: hard

"@aws-sdk/middleware-serde@npm:3.222.0":
  version: 3.222.0
  resolution: "@aws-sdk/middleware-serde@npm:3.222.0"
  dependencies:
    "@aws-sdk/types": 3.222.0
    tslib: ^2.3.1
  checksum: 28dfe6d9c8d662d449ec4df9c30aa0eb18103f8cff8f3fa5325fc41a4e94b16e054d97d1325fe68b2ef497abfeabfc96b4ad63e485fb71693a488869fe732c33
  languageName: node
  linkType: hard

"@aws-sdk/middleware-signing@npm:3.222.0":
  version: 3.222.0
  resolution: "@aws-sdk/middleware-signing@npm:3.222.0"
  dependencies:
    "@aws-sdk/property-provider": 3.222.0
    "@aws-sdk/protocol-http": 3.222.0
    "@aws-sdk/signature-v4": 3.222.0
    "@aws-sdk/types": 3.222.0
    "@aws-sdk/util-middleware": 3.222.0
    tslib: ^2.3.1
  checksum: 0e43183ba97d40162d2be2d8f0965c532691ebbb9bcb6216cb9b43f6fa2ed81118f3c06f991e5d01b3dc5b8d3cc692344b53996a8e13085fb9c658683da5e791
  languageName: node
  linkType: hard

"@aws-sdk/middleware-stack@npm:3.222.0":
  version: 3.222.0
  resolution: "@aws-sdk/middleware-stack@npm:3.222.0"
  dependencies:
    tslib: ^2.3.1
  checksum: 5f143c1a964016a7296798e8ca457b7a364bc8e816eb1829be5c3b5c0f7430dbad2df3725d96bee4f4ad9ac4937083e7b2bf7c72093775c5b9fa85f697304361
  languageName: node
  linkType: hard

"@aws-sdk/middleware-user-agent@npm:3.222.0":
  version: 3.222.0
  resolution: "@aws-sdk/middleware-user-agent@npm:3.222.0"
  dependencies:
    "@aws-sdk/protocol-http": 3.222.0
    "@aws-sdk/types": 3.222.0
    tslib: ^2.3.1
  checksum: 3521fc61597faa8e53ee2290a4e1342ad0a22591362757c57985add5e3a85978f9e8fc83e993670740eae532937886c61ca85a8c534327ff4ef1ed721883e7a9
  languageName: node
  linkType: hard

"@aws-sdk/node-config-provider@npm:3.222.0":
  version: 3.222.0
  resolution: "@aws-sdk/node-config-provider@npm:3.222.0"
  dependencies:
    "@aws-sdk/property-provider": 3.222.0
    "@aws-sdk/shared-ini-file-loader": 3.222.0
    "@aws-sdk/types": 3.222.0
    tslib: ^2.3.1
  checksum: 53c2e7d7c1ac5c54a0fbf5b5fdf963c89cc659f51189a6086f939d5adc0d9c3500e3205b159285f447df3bbf39ac32e67e1c313bbc368ad1c1ae8d26f771a3f4
  languageName: node
  linkType: hard

"@aws-sdk/node-http-handler@npm:*, @aws-sdk/node-http-handler@npm:3.222.0":
  version: 3.222.0
  resolution: "@aws-sdk/node-http-handler@npm:3.222.0"
  dependencies:
    "@aws-sdk/abort-controller": 3.222.0
    "@aws-sdk/protocol-http": 3.222.0
    "@aws-sdk/querystring-builder": 3.222.0
    "@aws-sdk/types": 3.222.0
    tslib: ^2.3.1
  checksum: 06a66d1e54e0fd856c6172f2cfd97daefab8d5b996eecfb83b05cb29f4830ff00af1a5deb2726ec88b306a585be214e3fc7b3ead3ea9b70776a70a768424a70d
  languageName: node
  linkType: hard

"@aws-sdk/property-provider@npm:3.222.0":
  version: 3.222.0
  resolution: "@aws-sdk/property-provider@npm:3.222.0"
  dependencies:
    "@aws-sdk/types": 3.222.0
    tslib: ^2.3.1
  checksum: 924965232eeef1870c7ed108b7ab1b6d23da3032f0741b129a883eab472c17c9811b95f79e3e84299cd0a44512b3aedfafa05ab0b232a0b17782ed327a4a1965
  languageName: node
  linkType: hard

"@aws-sdk/protocol-http@npm:*, @aws-sdk/protocol-http@npm:3.222.0":
  version: 3.222.0
  resolution: "@aws-sdk/protocol-http@npm:3.222.0"
  dependencies:
    "@aws-sdk/types": 3.222.0
    tslib: ^2.3.1
  checksum: 11650667a4072246e6a12269c95e2c5a746d32032d0a54e3c8d062c711fef07b0c6fc2ad2a23c9ef82a97d305bf9a9222ccbcc3adb2835355b8b0199d3839f75
  languageName: node
  linkType: hard

"@aws-sdk/querystring-builder@npm:3.222.0":
  version: 3.222.0
  resolution: "@aws-sdk/querystring-builder@npm:3.222.0"
  dependencies:
    "@aws-sdk/types": 3.222.0
    "@aws-sdk/util-uri-escape": 3.201.0
    tslib: ^2.3.1
  checksum: 418bc648f3597e1b96765784acb6964dc3aaca6853582d7e91aaaaf793d9ee1fe8170da31cddff72b36b95456fc5566589120c94988711726dc80ddf345e9839
  languageName: node
  linkType: hard

"@aws-sdk/querystring-parser@npm:3.222.0":
  version: 3.222.0
  resolution: "@aws-sdk/querystring-parser@npm:3.222.0"
  dependencies:
    "@aws-sdk/types": 3.222.0
    tslib: ^2.3.1
  checksum: d209807dc727c6eebf885d1e7a440e0fdb9c68e27f7f6e48a326f97eab8da9172dba91a35015656dffd10d7a2b484237e49705d332948cfed747ae04f08de9ab
  languageName: node
  linkType: hard

"@aws-sdk/service-error-classification@npm:3.222.0":
  version: 3.222.0
  resolution: "@aws-sdk/service-error-classification@npm:3.222.0"
  checksum: 7277ef3831a91821ce3306eda993d4d646ae15de9c638a4a8804d8db330a267cb6e3a20e3eb886d9cac634a77b0e1f3eb0706ce7c38bc42f4b67a1fac6f6d76a
  languageName: node
  linkType: hard

"@aws-sdk/shared-ini-file-loader@npm:3.222.0":
  version: 3.222.0
  resolution: "@aws-sdk/shared-ini-file-loader@npm:3.222.0"
  dependencies:
    "@aws-sdk/types": 3.222.0
    tslib: ^2.3.1
  checksum: 2efc2618e65058bd549a6acd2cd68c1e8d2a5079a5447328908eb952651714d616fdb1a95622c63b4718f03ac251eb6d5598a666e1c01f1ea223b2071ee74371
  languageName: node
  linkType: hard

"@aws-sdk/signature-v4@npm:*, @aws-sdk/signature-v4@npm:3.222.0":
  version: 3.222.0
  resolution: "@aws-sdk/signature-v4@npm:3.222.0"
  dependencies:
    "@aws-sdk/is-array-buffer": 3.201.0
    "@aws-sdk/types": 3.222.0
    "@aws-sdk/util-hex-encoding": 3.201.0
    "@aws-sdk/util-middleware": 3.222.0
    "@aws-sdk/util-uri-escape": 3.201.0
    tslib: ^2.3.1
  checksum: 66f9f0f8170cdede19d4194a5bb56fc914c9013bf9dbc60d84aa4340d15d4f5ed73a477484fac943de08f57d924423eaa01f913bd3055ee0b7b3c5b119f9e348
  languageName: node
  linkType: hard

"@aws-sdk/smithy-client@npm:3.222.0":
  version: 3.222.0
  resolution: "@aws-sdk/smithy-client@npm:3.222.0"
  dependencies:
    "@aws-sdk/middleware-stack": 3.222.0
    "@aws-sdk/types": 3.222.0
    tslib: ^2.3.1
  checksum: 0bfbd061a001054a99234a819e9313a2bfd9131e013cdd46674f3dc06faa3e416245d8e3a86e05fad942da5ec6ef34988e686e29d5940ad738452116a4e70173
  languageName: node
  linkType: hard

"@aws-sdk/token-providers@npm:3.222.0":
  version: 3.222.0
  resolution: "@aws-sdk/token-providers@npm:3.222.0"
  dependencies:
    "@aws-sdk/client-sso-oidc": 3.222.0
    "@aws-sdk/property-provider": 3.222.0
    "@aws-sdk/shared-ini-file-loader": 3.222.0
    "@aws-sdk/types": 3.222.0
    tslib: ^2.3.1
  checksum: e0d2d9af50570ca1e9ae4cfe32889a9146a0e49ce3004dfc4d5305ba0f64b7561da95d09ccaf18927638417d3bd1eb9772cb58256aef242beab03a56e4e68883
  languageName: node
  linkType: hard

"@aws-sdk/types@npm:3.222.0, @aws-sdk/types@npm:^3.1.0, @aws-sdk/types@npm:^3.110.0":
  version: 3.222.0
  resolution: "@aws-sdk/types@npm:3.222.0"
  checksum: 41d70038c69b1e9b9dbf0489a8aa416da1c96c4ff84e8d5db01ea4877efceb4c0fdd0ce27bdeea8c67afc4d168151dc63938302a3f945922143f37472c4fd9da
  languageName: node
  linkType: hard

"@aws-sdk/url-parser@npm:3.222.0":
  version: 3.222.0
  resolution: "@aws-sdk/url-parser@npm:3.222.0"
  dependencies:
    "@aws-sdk/querystring-parser": 3.222.0
    "@aws-sdk/types": 3.222.0
    tslib: ^2.3.1
  checksum: ef878c49c61efc2bd6a94ffebfbacade2bdd19e390785e48a8c5c151db86d099c391c30304ba6ade1cdd94c1c41d87ce160d6570cd4f76058e1cbbe0063829f4
  languageName: node
  linkType: hard

"@aws-sdk/util-base64@npm:3.208.0":
  version: 3.208.0
  resolution: "@aws-sdk/util-base64@npm:3.208.0"
  dependencies:
    "@aws-sdk/util-buffer-from": 3.208.0
    tslib: ^2.3.1
  checksum: 2ccab3453a3a3636f3f1397441574b3adb984e1ba3865030393108327ed7304cf80c9b31d69691e6aba85cfe6a611a881bbb724e544324240763bb4e96630ed9
  languageName: node
  linkType: hard

"@aws-sdk/util-body-length-browser@npm:3.188.0":
  version: 3.188.0
  resolution: "@aws-sdk/util-body-length-browser@npm:3.188.0"
  dependencies:
    tslib: ^2.3.1
  checksum: 1b08bd1e63ec843ee336f51d894c49bf3c4c2f96e50d1711a12f7d0c5b6f7a15b490e366fec55b63e77036002994bac12927b29de2eb9ac91e4f152b1af78e58
  languageName: node
  linkType: hard

"@aws-sdk/util-body-length-node@npm:3.208.0":
  version: 3.208.0
  resolution: "@aws-sdk/util-body-length-node@npm:3.208.0"
  dependencies:
    tslib: ^2.3.1
  checksum: 986b42b358656dec4e75c231213331c4f01785f9ab17c8b87b6e268b6880818a96117f1785cef9786e6c0f7e2c1332c80e8388a43bfd83e8c7224ad059a72733
  languageName: node
  linkType: hard

"@aws-sdk/util-buffer-from@npm:3.208.0":
  version: 3.208.0
  resolution: "@aws-sdk/util-buffer-from@npm:3.208.0"
  dependencies:
    "@aws-sdk/is-array-buffer": 3.201.0
    tslib: ^2.3.1
  checksum: 00bfa4d4494d3a1eb128e19104994d1aca8b3802e9aa218cecafb1ed3ff2ecf5c946485e06aa97ae312458842b0f31a6484dc945232f7cb0e357ba341cb2e53e
  languageName: node
  linkType: hard

"@aws-sdk/util-config-provider@npm:3.208.0":
  version: 3.208.0
  resolution: "@aws-sdk/util-config-provider@npm:3.208.0"
  dependencies:
    tslib: ^2.3.1
  checksum: 97b0414b120b4eb53001f3ab2135ee94937e47bd7bd0d0de7c6a7e00a282eaa78cd84be2bfd3e389340f0c0b2f7ba60da9a403f084721970ee55b779ecf7a451
  languageName: node
  linkType: hard

"@aws-sdk/util-defaults-mode-browser@npm:3.222.0":
  version: 3.222.0
  resolution: "@aws-sdk/util-defaults-mode-browser@npm:3.222.0"
  dependencies:
    "@aws-sdk/property-provider": 3.222.0
    "@aws-sdk/types": 3.222.0
    bowser: ^2.11.0
    tslib: ^2.3.1
  checksum: 3e936e38976a9edac22ff32990c55ca01a9f3bb058ebf1f933a1f5240bb6c26394224284db521b9011e88bdb6d567b7aa7584e0a594ae962ad9f0e3740801712
  languageName: node
  linkType: hard

"@aws-sdk/util-defaults-mode-node@npm:3.222.0":
  version: 3.222.0
  resolution: "@aws-sdk/util-defaults-mode-node@npm:3.222.0"
  dependencies:
    "@aws-sdk/config-resolver": 3.222.0
    "@aws-sdk/credential-provider-imds": 3.222.0
    "@aws-sdk/node-config-provider": 3.222.0
    "@aws-sdk/property-provider": 3.222.0
    "@aws-sdk/types": 3.222.0
    tslib: ^2.3.1
  checksum: 37718633f793e9880f4a93e6d56cb72b1cfc4e45d3177d2065e5179788941cf0f43fb45c740763debbe33fc8a62d1d09c3fe87809c71c039a5dd071cec3a0306
  languageName: node
  linkType: hard

"@aws-sdk/util-endpoints@npm:3.222.0":
  version: 3.222.0
  resolution: "@aws-sdk/util-endpoints@npm:3.222.0"
  dependencies:
    "@aws-sdk/types": 3.222.0
    tslib: ^2.3.1
  checksum: 3e71a50994363b978ab35bc1fee7ab21c157731e0c7364f064d40244058c96188c238b27d2f9097becc548b86e0abaca886cea03e89b8b219fb0d0a7fea6a249
  languageName: node
  linkType: hard

"@aws-sdk/util-hex-encoding@npm:3.201.0":
  version: 3.201.0
  resolution: "@aws-sdk/util-hex-encoding@npm:3.201.0"
  dependencies:
    tslib: ^2.3.1
  checksum: a27f3365dfb1e6ece79ea34fd6e2c4540eb0084536d7300ff0ff42a7334ddf07f21958c6cfd0bbeb71361ee408e16deae2c82b7c7378b048b8e81a52c75f190a
  languageName: node
  linkType: hard

"@aws-sdk/util-locate-window@npm:^3.0.0":
  version: 3.208.0
  resolution: "@aws-sdk/util-locate-window@npm:3.208.0"
  dependencies:
    tslib: ^2.3.1
  checksum: 7518c110c4fa27c5e1d2d173647f1c58fc6ea244d25733c08ac441d3a2650b050ce06cecbe56b80a9997d514c9f7515b3c529c84c1e04b29aa0265d53af23c52
  languageName: node
  linkType: hard

"@aws-sdk/util-middleware@npm:3.222.0":
  version: 3.222.0
  resolution: "@aws-sdk/util-middleware@npm:3.222.0"
  dependencies:
    tslib: ^2.3.1
  checksum: 807dd36731c7aa59658e4eea5747d6d363b5e5715d0d2c5554c265df6729735f31e790e8e6130d5d56b4923e29080a656e19978631a7ff667f969bfdae8c6320
  languageName: node
  linkType: hard

"@aws-sdk/util-retry@npm:3.222.0":
  version: 3.222.0
  resolution: "@aws-sdk/util-retry@npm:3.222.0"
  dependencies:
    "@aws-sdk/service-error-classification": 3.222.0
    tslib: ^2.3.1
  checksum: d4b38a23a310d44d211db2cfb2ae53ef41cf805308d08e56d9ca786fc69fd6b244f331d40ea35023bbc53625c7b2c1f4fab9fabd32d0a10396d4359ac50eff09
  languageName: node
  linkType: hard

"@aws-sdk/util-uri-escape@npm:3.201.0":
  version: 3.201.0
  resolution: "@aws-sdk/util-uri-escape@npm:3.201.0"
  dependencies:
    tslib: ^2.3.1
  checksum: 8bd751459eaab75a9b61801f3484cfa5c4e0133381ace6ec901cb9b92b1fee99beb4ef9c0f87ade59425a882ed3a280255d9b2fd8da6a6286e49efb9af8f0d55
  languageName: node
  linkType: hard

"@aws-sdk/util-user-agent-browser@npm:3.222.0":
  version: 3.222.0
  resolution: "@aws-sdk/util-user-agent-browser@npm:3.222.0"
  dependencies:
    "@aws-sdk/types": 3.222.0
    bowser: ^2.11.0
    tslib: ^2.3.1
  checksum: 14a878c88948fed8c6e19324a6f28088cbb964580e74c97ec319c8afb426f17b35cfbcbc40bb43b977b3a5a9b05aaa254dfc23a028d29802058148f28507f7f1
  languageName: node
  linkType: hard

"@aws-sdk/util-user-agent-node@npm:3.222.0":
  version: 3.222.0
  resolution: "@aws-sdk/util-user-agent-node@npm:3.222.0"
  dependencies:
    "@aws-sdk/node-config-provider": 3.222.0
    "@aws-sdk/types": 3.222.0
    tslib: ^2.3.1
  peerDependencies:
    aws-crt: ">=1.0.0"
  peerDependenciesMeta:
    aws-crt:
      optional: true
  checksum: 36a9cf397196ef6c188d307f6202b10d98629dfe7583dc903e22870b553cca7624e2732f16e9511e690433665966e5adce7472299081eda1acf8d33b4c977ea4
  languageName: node
  linkType: hard

"@aws-sdk/util-utf8-browser@npm:3.188.0, @aws-sdk/util-utf8-browser@npm:^3.0.0":
  version: 3.188.0
  resolution: "@aws-sdk/util-utf8-browser@npm:3.188.0"
  dependencies:
    tslib: ^2.3.1
  checksum: dacd27164aa0835888434e080b67f04510e2281560540ff73496f2d0aa73b0b7f830ec08491b35c3a51bf6214615579182aff8727e151e54a74a97a197a2ac31
  languageName: node
  linkType: hard

"@aws-sdk/util-utf8-node@npm:3.208.0":
  version: 3.208.0
  resolution: "@aws-sdk/util-utf8-node@npm:3.208.0"
  dependencies:
    "@aws-sdk/util-buffer-from": 3.208.0
    tslib: ^2.3.1
  checksum: 0f4c1d0d3f6eb40d92bc7163c6dcf97f90b3a8be05df46ba4f9bb7723a3e6acabf2cb0f2486411b03d22e8fcccae9e757ed02afad384ff5f44a3a659a78c5752
  languageName: node
  linkType: hard

"@cspotcode/source-map-support@npm:^0.8.0":
  version: 0.8.1
  resolution: "@cspotcode/source-map-support@npm:0.8.1"
  dependencies:
    "@jridgewell/trace-mapping": 0.3.9
  checksum: 5718f267085ed8edb3e7ef210137241775e607ee18b77d95aa5bd7514f47f5019aa2d82d96b3bf342ef7aa890a346fa1044532ff7cc3009e7d24fce3ce6200fa
  languageName: node
  linkType: hard

"@jridgewell/resolve-uri@npm:^3.0.3":
  version: 3.1.0
  resolution: "@jridgewell/resolve-uri@npm:3.1.0"
  checksum: b5ceaaf9a110fcb2780d1d8f8d4a0bfd216702f31c988d8042e5f8fbe353c55d9b0f55a1733afdc64806f8e79c485d2464680ac48a0d9fcadb9548ee6b81d267
  languageName: node
  linkType: hard

"@jridgewell/sourcemap-codec@npm:^1.4.10":
  version: 1.4.14
  resolution: "@jridgewell/sourcemap-codec@npm:1.4.14"
  checksum: 61100637b6d173d3ba786a5dff019e1a74b1f394f323c1fee337ff390239f053b87266c7a948777f4b1ee68c01a8ad0ab61e5ff4abb5a012a0b091bec391ab97
  languageName: node
  linkType: hard

"@jridgewell/trace-mapping@npm:0.3.9":
  version: 0.3.9
  resolution: "@jridgewell/trace-mapping@npm:0.3.9"
  dependencies:
    "@jridgewell/resolve-uri": ^3.0.3
    "@jridgewell/sourcemap-codec": ^1.4.10
  checksum: d89597752fd88d3f3480845691a05a44bd21faac18e2185b6f436c3b0fd0c5a859fbbd9aaa92050c4052caf325ad3e10e2e1d1b64327517471b7d51babc0ddef
  languageName: node
  linkType: hard

"@swc/core-darwin-arm64@npm:1.3.21":
  version: 1.3.21
  resolution: "@swc/core-darwin-arm64@npm:1.3.21"
  conditions: os=darwin & cpu=arm64
  languageName: node
  linkType: hard

"@swc/core-darwin-x64@npm:1.3.21":
  version: 1.3.21
  resolution: "@swc/core-darwin-x64@npm:1.3.21"
  conditions: os=darwin & cpu=x64
  languageName: node
  linkType: hard

"@swc/core-linux-arm-gnueabihf@npm:1.3.21":
  version: 1.3.21
  resolution: "@swc/core-linux-arm-gnueabihf@npm:1.3.21"
  conditions: os=linux & cpu=arm
  languageName: node
  linkType: hard

"@swc/core-linux-arm64-gnu@npm:1.3.21":
  version: 1.3.21
  resolution: "@swc/core-linux-arm64-gnu@npm:1.3.21"
  conditions: os=linux & cpu=arm64 & libc=glibc
  languageName: node
  linkType: hard

"@swc/core-linux-arm64-musl@npm:1.3.21":
  version: 1.3.21
  resolution: "@swc/core-linux-arm64-musl@npm:1.3.21"
  conditions: os=linux & cpu=arm64 & libc=musl
  languageName: node
  linkType: hard

"@swc/core-linux-x64-gnu@npm:1.3.21":
  version: 1.3.21
  resolution: "@swc/core-linux-x64-gnu@npm:1.3.21"
  conditions: os=linux & cpu=x64 & libc=glibc
  languageName: node
  linkType: hard

"@swc/core-linux-x64-musl@npm:1.3.21":
  version: 1.3.21
  resolution: "@swc/core-linux-x64-musl@npm:1.3.21"
  conditions: os=linux & cpu=x64 & libc=musl
  languageName: node
  linkType: hard

"@swc/core-win32-arm64-msvc@npm:1.3.21":
  version: 1.3.21
  resolution: "@swc/core-win32-arm64-msvc@npm:1.3.21"
  conditions: os=win32 & cpu=arm64
  languageName: node
  linkType: hard

"@swc/core-win32-ia32-msvc@npm:1.3.21":
  version: 1.3.21
  resolution: "@swc/core-win32-ia32-msvc@npm:1.3.21"
  conditions: os=win32 & cpu=ia32
  languageName: node
  linkType: hard

"@swc/core-win32-x64-msvc@npm:1.3.21":
  version: 1.3.21
  resolution: "@swc/core-win32-x64-msvc@npm:1.3.21"
  conditions: os=win32 & cpu=x64
  languageName: node
  linkType: hard

"@swc/core@npm:*":
  version: 1.3.21
  resolution: "@swc/core@npm:1.3.21"
  dependencies:
    "@swc/core-darwin-arm64": 1.3.21
    "@swc/core-darwin-x64": 1.3.21
    "@swc/core-linux-arm-gnueabihf": 1.3.21
    "@swc/core-linux-arm64-gnu": 1.3.21
    "@swc/core-linux-arm64-musl": 1.3.21
    "@swc/core-linux-x64-gnu": 1.3.21
    "@swc/core-linux-x64-musl": 1.3.21
    "@swc/core-win32-arm64-msvc": 1.3.21
    "@swc/core-win32-ia32-msvc": 1.3.21
    "@swc/core-win32-x64-msvc": 1.3.21
  dependenciesMeta:
    "@swc/core-darwin-arm64":
      optional: true
    "@swc/core-darwin-x64":
      optional: true
    "@swc/core-linux-arm-gnueabihf":
      optional: true
    "@swc/core-linux-arm64-gnu":
      optional: true
    "@swc/core-linux-arm64-musl":
      optional: true
    "@swc/core-linux-x64-gnu":
      optional: true
    "@swc/core-linux-x64-musl":
      optional: true
    "@swc/core-win32-arm64-msvc":
      optional: true
    "@swc/core-win32-ia32-msvc":
      optional: true
    "@swc/core-win32-x64-msvc":
      optional: true
  bin:
    swcx: run_swcx.js
  checksum: c66cd9320c595c68b87c8d90dc9a978099dd25a84c5e9795a8c7fec95fecdd8481da82076a828880a226ad2c0e57155c0a2b97768e99dee042a74182056bda46
  languageName: node
  linkType: hard

"@swc/helpers@npm:*":
  version: 0.4.14
  resolution: "@swc/helpers@npm:0.4.14"
  dependencies:
    tslib: ^2.4.0
  checksum: 273fd3f3fc461a92f3790cc551ea054745c6d6959afbe1232e6d7aa1c722bbc114d308aab96bef5c78fc0303c85c7b472ef00e2253251cc89737f3b1af56e5a5
  languageName: node
  linkType: hard

"@tsconfig/node10@npm:^1.0.7":
  version: 1.0.9
  resolution: "@tsconfig/node10@npm:1.0.9"
  checksum: a33ae4dc2a621c0678ac8ac4bceb8e512ae75dac65417a2ad9b022d9b5411e863c4c198b6ba9ef659e14b9fb609bbec680841a2e84c1172df7a5ffcf076539df
  languageName: node
  linkType: hard

"@tsconfig/node12@npm:^1.0.7":
  version: 1.0.11
  resolution: "@tsconfig/node12@npm:1.0.11"
  checksum: 5ce29a41b13e7897a58b8e2df11269c5395999e588b9a467386f99d1d26f6c77d1af2719e407621412520ea30517d718d5192a32403b8dfcc163bf33e40a338a
  languageName: node
  linkType: hard

"@tsconfig/node14@npm:^1.0.0":
  version: 1.0.3
  resolution: "@tsconfig/node14@npm:1.0.3"
  checksum: 19275fe80c4c8d0ad0abed6a96dbf00642e88b220b090418609c4376e1cef81bf16237bf170ad1b341452feddb8115d8dd2e5acdfdea1b27422071163dc9ba9d
  languageName: node
  linkType: hard

"@tsconfig/node16@npm:^1.0.2":
  version: 1.0.3
  resolution: "@tsconfig/node16@npm:1.0.3"
  checksum: 3a8b657dd047495b7ad23437d6afd20297ce90380ff0bdee93fc7d39a900dbd8d9e26e53ff6b465e7967ce2adf0b218782590ce9013285121e6a5928fbd6819f
  languageName: node
  linkType: hard

"@types/node@npm:^18":
  version: 18.11.10
  resolution: "@types/node@npm:18.11.10"
  checksum: 0f60cb090b2ee91fcd3dc4311bc1ed7889b92f14644c0069f100776f86474c12eebbcc6c75bc0d7d96b975a103b4d5d6b3c22b4e88bea6e7f4e2b1bb0daf5ea8
  languageName: node
  linkType: hard

"acorn-walk@npm:^8.1.1":
  version: 8.2.0
  resolution: "acorn-walk@npm:8.2.0"
  checksum: 1715e76c01dd7b2d4ca472f9c58968516a4899378a63ad5b6c2d668bba8da21a71976c14ec5f5b75f887b6317c4ae0b897ab141c831d741dc76024d8745f1ad1
  languageName: node
  linkType: hard

"acorn@npm:^8.4.1":
  version: 8.8.1
  resolution: "acorn@npm:8.8.1"
  bin:
    acorn: bin/acorn
  checksum: 4079b67283b94935157698831967642f24a075c52ce3feaaaafe095776dfbe15d86a1b33b1e53860fc0d062ed6c83f4284a5c87c85b9ad51853a01173da6097f
  languageName: node
  linkType: hard

"arg@npm:^4.1.0":
  version: 4.1.3
  resolution: "arg@npm:4.1.3"
  checksum: 544af8dd3f60546d3e4aff084d451b96961d2267d668670199692f8d054f0415d86fc5497d0e641e91546f0aa920e7c29e5250e99fc89f5552a34b5d93b77f43
  languageName: node
  linkType: hard

"bowser@npm:^2.11.0":
  version: 2.11.0
  resolution: "bowser@npm:2.11.0"
  checksum: 29c3f01f22e703fa6644fc3b684307442df4240b6e10f6cfe1b61c6ca5721073189ca97cdeedb376081148c8518e33b1d818a57f781d70b0b70e1f31fb48814f
  languageName: node
  linkType: hard

"create-require@npm:^1.1.0":
  version: 1.1.1
  resolution: "create-require@npm:1.1.1"
  checksum: a9a1503d4390d8b59ad86f4607de7870b39cad43d929813599a23714831e81c520bddf61bcdd1f8e30f05fd3a2b71ae8538e946eb2786dc65c2bbc520f692eff
  languageName: node
  linkType: hard

"cross-fetch@npm:*":
  version: 3.1.5
  resolution: "cross-fetch@npm:3.1.5"
  dependencies:
    node-fetch: 2.6.7
  checksum: f6b8c6ee3ef993ace6277fd789c71b6acf1b504fd5f5c7128df4ef2f125a429e29cd62dc8c127523f04a5f2fa4771ed80e3f3d9695617f441425045f505cf3bb
  languageName: node
  linkType: hard

"diff@npm:^4.0.1":
  version: 4.0.2
  resolution: "diff@npm:4.0.2"
  checksum: f2c09b0ce4e6b301c221addd83bf3f454c0bc00caa3dd837cf6c127d6edf7223aa2bbe3b688feea110b7f262adbfc845b757c44c8a9f8c0c5b15d8fa9ce9d20d
  languageName: node
  linkType: hard

"fast-xml-parser@npm:4.0.11":
  version: 4.0.11
  resolution: "fast-xml-parser@npm:4.0.11"
  dependencies:
    strnum: ^1.0.5
  bin:
    fxparser: src/cli/cli.js
  checksum: d8a08e4d5597e0fc00a86735195872eeb03008913e298830941516f3766e16ee555e2d431acc92e1dda887938edc445252ec5b59494aab60a8389888bd13719c
  languageName: node
  linkType: hard

"make-error@npm:^1.1.1":
  version: 1.3.6
  resolution: "make-error@npm:1.3.6"
  checksum: b86e5e0e25f7f777b77fabd8e2cbf15737972869d852a22b7e73c17623928fccb826d8e46b9951501d3f20e51ad74ba8c59ed584f610526a48f8ccf88aaec402
  languageName: node
  linkType: hard

"node-fetch@npm:2.6.7":
  version: 2.6.7
  resolution: "node-fetch@npm:2.6.7"
  dependencies:
    whatwg-url: ^5.0.0
  peerDependencies:
    encoding: ^0.1.0
  peerDependenciesMeta:
    encoding:
      optional: true
  checksum: 8d816ffd1ee22cab8301c7756ef04f3437f18dace86a1dae22cf81db8ef29c0bf6655f3215cb0cdb22b420b6fe141e64b26905e7f33f9377a7fa59135ea3e10b
  languageName: node
  linkType: hard

"node-sign-v4@workspace:.":
  version: 0.0.0-use.local
  resolution: "node-sign-v4@workspace:."
  dependencies:
    "@aws-crypto/sha256-universal": "*"
    "@aws-sdk/client-sts": "*"
    "@aws-sdk/credential-providers": "*"
    "@aws-sdk/node-http-handler": "*"
    "@aws-sdk/protocol-http": "*"
    "@aws-sdk/signature-v4": "*"
    "@swc/core": "*"
    "@swc/helpers": "*"
    "@types/node": ^18
    cross-fetch: "*"
    regenerator-runtime: "*"
    ts-node: "*"
    typescript: "*"
  languageName: unknown
  linkType: soft

"regenerator-runtime@npm:*":
  version: 0.13.11
  resolution: "regenerator-runtime@npm:0.13.11"
  checksum: 27481628d22a1c4e3ff551096a683b424242a216fee44685467307f14d58020af1e19660bf2e26064de946bad7eff28950eae9f8209d55723e2d9351e632bbb4
  languageName: node
  linkType: hard

"strnum@npm:^1.0.5":
  version: 1.0.5
  resolution: "strnum@npm:1.0.5"
  checksum: 651b2031db5da1bf4a77fdd2f116a8ac8055157c5420f5569f64879133825915ad461513e7202a16d7fec63c54fd822410d0962f8ca12385c4334891b9ae6dd2
  languageName: node
  linkType: hard

"tr46@npm:~0.0.3":
  version: 0.0.3
  resolution: "tr46@npm:0.0.3"
  checksum: 726321c5eaf41b5002e17ffbd1fb7245999a073e8979085dacd47c4b4e8068ff5777142fc6726d6ca1fd2ff16921b48788b87225cbc57c72636f6efa8efbffe3
  languageName: node
  linkType: hard

"ts-node@npm:*":
  version: 10.9.1
  resolution: "ts-node@npm:10.9.1"
  dependencies:
    "@cspotcode/source-map-support": ^0.8.0
    "@tsconfig/node10": ^1.0.7
    "@tsconfig/node12": ^1.0.7
    "@tsconfig/node14": ^1.0.0
    "@tsconfig/node16": ^1.0.2
    acorn: ^8.4.1
    acorn-walk: ^8.1.1
    arg: ^4.1.0
    create-require: ^1.1.0
    diff: ^4.0.1
    make-error: ^1.1.1
    v8-compile-cache-lib: ^3.0.1
    yn: 3.1.1
  peerDependencies:
    "@swc/core": ">=1.2.50"
    "@swc/wasm": ">=1.2.50"
    "@types/node": "*"
    typescript: ">=2.7"
  peerDependenciesMeta:
    "@swc/core":
      optional: true
    "@swc/wasm":
      optional: true
  bin:
    ts-node: dist/bin.js
    ts-node-cwd: dist/bin-cwd.js
    ts-node-esm: dist/bin-esm.js
    ts-node-script: dist/bin-script.js
    ts-node-transpile-only: dist/bin-transpile.js
    ts-script: dist/bin-script-deprecated.js
  checksum: 090adff1302ab20bd3486e6b4799e90f97726ed39e02b39e566f8ab674fd5bd5f727f43615debbfc580d33c6d9d1c6b1b3ce7d8e3cca3e20530a145ffa232c35
  languageName: node
  linkType: hard

"tslib@npm:^1.11.1":
  version: 1.14.1
  resolution: "tslib@npm:1.14.1"
  checksum: dbe628ef87f66691d5d2959b3e41b9ca0045c3ee3c7c7b906cc1e328b39f199bb1ad9e671c39025bd56122ac57dfbf7385a94843b1cc07c60a4db74795829acd
  languageName: node
  linkType: hard

"tslib@npm:^2.3.1, tslib@npm:^2.4.0":
  version: 2.4.1
  resolution: "tslib@npm:2.4.1"
  checksum: 19480d6e0313292bd6505d4efe096a6b31c70e21cf08b5febf4da62e95c265c8f571f7b36fcc3d1a17e068032f59c269fab3459d6cd3ed6949eafecf64315fca
  languageName: node
  linkType: hard

"typescript@npm:*":
  version: 4.9.3
  resolution: "typescript@npm:4.9.3"
  bin:
    tsc: bin/tsc
    tsserver: bin/tsserver
  checksum: 17b8f816050b412403e38d48eef0e893deb6be522d6dc7caf105e54a72e34daf6835c447735fd2b28b66784e72bfbf87f627abb4818a8e43d1fa8106396128dc
  languageName: node
  linkType: hard

"typescript@patch:typescript@*#~builtin<compat/typescript>":
  version: 4.9.3
  resolution: "typescript@patch:typescript@npm%3A4.9.3#~builtin<compat/typescript>::version=4.9.3&hash=d73830"
  bin:
    tsc: bin/tsc
    tsserver: bin/tsserver
  checksum: 67ca21a387c0572f1c04936e638dde7782c5aa520c3754aadc7cc9b7c915da9ebc3e27c601bfff4ccb7d7264e82dce6d277ada82ec09dc75024349e0ef64926d
  languageName: node
  linkType: hard

"uuid@npm:^8.3.2":
  version: 8.3.2
  resolution: "uuid@npm:8.3.2"
  bin:
    uuid: dist/bin/uuid
  checksum: 5575a8a75c13120e2f10e6ddc801b2c7ed7d8f3c8ac22c7ed0c7b2ba6383ec0abda88c905085d630e251719e0777045ae3236f04c812184b7c765f63a70e58df
  languageName: node
  linkType: hard

"v8-compile-cache-lib@npm:^3.0.1":
  version: 3.0.1
  resolution: "v8-compile-cache-lib@npm:3.0.1"
  checksum: 78089ad549e21bcdbfca10c08850022b22024cdcc2da9b168bcf5a73a6ed7bf01a9cebb9eac28e03cd23a684d81e0502797e88f3ccd27a32aeab1cfc44c39da0
  languageName: node
  linkType: hard

"webidl-conversions@npm:^3.0.0":
  version: 3.0.1
  resolution: "webidl-conversions@npm:3.0.1"
  checksum: c92a0a6ab95314bde9c32e1d0a6dfac83b578f8fa5f21e675bc2706ed6981bc26b7eb7e6a1fab158e5ce4adf9caa4a0aee49a52505d4d13c7be545f15021b17c
  languageName: node
  linkType: hard

"whatwg-url@npm:^5.0.0":
  version: 5.0.0
  resolution: "whatwg-url@npm:5.0.0"
  dependencies:
    tr46: ~0.0.3
    webidl-conversions: ^3.0.0
  checksum: b8daed4ad3356cc4899048a15b2c143a9aed0dfae1f611ebd55073310c7b910f522ad75d727346ad64203d7e6c79ef25eafd465f4d12775ca44b90fa82ed9e2c
  languageName: node
  linkType: hard

"yn@npm:3.1.1":
  version: 3.1.1
  resolution: "yn@npm:3.1.1"
  checksum: 2c487b0e149e746ef48cda9f8bad10fc83693cd69d7f9dcd8be4214e985de33a29c9e24f3c0d6bcf2288427040a8947406ab27f7af67ee9456e6b84854f02dd6
  languageName: node
  linkType: hard
