# THIS IS AN AUTOGENERATED FILE. DO NOT EDIT THIS FILE DIRECTLY.
# yarn lockfile v1


"@aws-crypto/crc32@^1.0.0":
  version "1.0.0"
  resolved "https://registry.yarnpkg.com/@aws-crypto/crc32/-/crc32-1.0.0.tgz#6a0164fd92bb365860ba6afb5dfef449701eb8ca"
  integrity sha512-wr4EyCv3ZfLH3Sg7FErV6e/cLhpk9rUP/l5322y8PRgpQsItdieaLbtE4aDOR+dxl8U7BG9FIwWXH4TleTDZ9A==
  dependencies:
    tslib "^1.11.1"

"@aws-crypto/ie11-detection@^1.0.0":
  version "1.0.0"
  resolved "https://registry.yarnpkg.com/@aws-crypto/ie11-detection/-/ie11-detection-1.0.0.tgz#d3a6af29ba7f15458f79c41d1cd8cac3925e726a"
  integrity sha512-kCKVhCF1oDxFYgQrxXmIrS5oaWulkvRcPz+QBDMsUr2crbF4VGgGT6+uQhSwJFdUAQ2A//Vq+uT83eJrkzFgXA==
  dependencies:
    tslib "^1.11.1"

"@aws-crypto/sha256-browser@^1.0.0":
  version "1.1.0"
  resolved "https://registry.yarnpkg.com/@aws-crypto/sha256-browser/-/sha256-browser-1.1.0.tgz#20092cc6c08d8f04db0ed57b6f05cff150384f77"
  integrity sha512-VIpuLRDonMAHgomrsm/zKbeXTnxpr4aHDQmS4pF+NcpvBp64l675yjGA9hyUYs/QJwBjUl8WqMjh9tIRgi85Sg==
  dependencies:
    "@aws-crypto/ie11-detection" "^1.0.0"
    "@aws-crypto/sha256-js" "^1.1.0"
    "@aws-crypto/supports-web-crypto" "^1.0.0"
    "@aws-sdk/types" "^3.1.0"
    "@aws-sdk/util-locate-window" "^3.0.0"
    "@aws-sdk/util-utf8-browser" "^3.0.0"
    tslib "^1.11.1"

"@aws-crypto/sha256-js@^1.0.0", "@aws-crypto/sha256-js@^1.1.0":
  version "1.1.0"
  resolved "https://registry.yarnpkg.com/@aws-crypto/sha256-js/-/sha256-js-1.1.0.tgz#a58386ad18186e392e0f1d98d18831261d27b071"
  integrity sha512-VIhuqbPgXDVr8sZe2yhgQcDRRmzf4CI8fmC1A3bHiRfE6wlz1d8KpeemqbuoEHotz/Dch9yOxlshyQDNjNFeHA==
  dependencies:
    "@aws-sdk/types" "^3.1.0"
    "@aws-sdk/util-utf8-browser" "^3.0.0"
    tslib "^1.11.1"

"@aws-crypto/supports-web-crypto@^1.0.0":
  version "1.0.0"
  resolved "https://registry.yarnpkg.com/@aws-crypto/supports-web-crypto/-/supports-web-crypto-1.0.0.tgz#c40901bc17ac1e875e248df16a2b47ad8bfd9a93"
  integrity sha512-IHLfv+WmVH89EW4n6a5eE8/hUlz6qkWGMn/v4r5ZgzcXdTC5nolii2z3k46y01hWRiC2PPhOdeSLzMUCUMco7g==
  dependencies:
    tslib "^1.11.1"

"@aws-sdk/abort-controller@3.4.1":
  version "3.4.1"
  resolved "https://registry.yarnpkg.com/@aws-sdk/abort-controller/-/abort-controller-3.4.1.tgz#9f89f74ee4475f02364a838d0d48e9d34869fc31"
  integrity sha512-QM5xwtj6YqW6UI5vW1VbUPBkpfa6wyTjLhmDW/CxfRS+XKGyDooVCsAC6OG8tsBvk9gXN5/tXXYtFqoRU8xdkA==
  dependencies:
    "@aws-sdk/types" "3.4.1"
    tslib "^1.8.0"

"@aws-sdk/chunked-blob-reader-native@3.4.1":
  version "3.4.1"
  resolved "https://registry.yarnpkg.com/@aws-sdk/chunked-blob-reader-native/-/chunked-blob-reader-native-3.4.1.tgz#695b0c136214fcc879240bcce7d9ade626e5a339"
  integrity sha512-ugWSBYnP0Z22r3tnopMkvTaf++Y0llF7fNXmuN7/ADOjHC0q8B9kElfiLUNcKPr+LfRBRax0+pHjkzPExT86bg==
  dependencies:
    "@aws-sdk/util-base64-browser" "3.4.1"
    tslib "^1.8.0"

"@aws-sdk/chunked-blob-reader@3.4.1":
  version "3.4.1"
  resolved "https://registry.yarnpkg.com/@aws-sdk/chunked-blob-reader/-/chunked-blob-reader-3.4.1.tgz#20a804b2220a563da8e29b5d9347cb5c9c1c2ca5"
  integrity sha512-bQmTa+bCVCzTM8R3+RmmVi+8b7RtA879E206xeYPBx6Dk8juJRyoa/oU3tzOlGVhaoorxbhyFaGq29qTqW417A==
  dependencies:
    tslib "^1.8.0"

"@aws-sdk/client-cognito-identity-provider@^3.4.1":
  version "3.4.1"
  resolved "https://registry.yarnpkg.com/@aws-sdk/client-cognito-identity-provider/-/client-cognito-identity-provider-3.4.1.tgz#81d4aaf0847a851216a80e903680f3397134472c"
  integrity sha512-s4xqQL+8SFM1BcL+5Pwx3QxChHyKo5mX8YTCNoJwX5QEWH2CJDuvW1w/8yT9+fep9KbeMrXER8zrzYKbD1wS+g==
  dependencies:
    "@aws-crypto/sha256-browser" "^1.0.0"
    "@aws-crypto/sha256-js" "^1.0.0"
    "@aws-sdk/config-resolver" "3.4.1"
    "@aws-sdk/credential-provider-node" "3.4.1"
    "@aws-sdk/fetch-http-handler" "3.4.1"
    "@aws-sdk/hash-node" "3.4.1"
    "@aws-sdk/invalid-dependency" "3.4.1"
    "@aws-sdk/middleware-content-length" "3.4.1"
    "@aws-sdk/middleware-host-header" "3.4.1"
    "@aws-sdk/middleware-logger" "3.4.1"
    "@aws-sdk/middleware-retry" "3.4.1"
    "@aws-sdk/middleware-serde" "3.4.1"
    "@aws-sdk/middleware-signing" "3.4.1"
    "@aws-sdk/middleware-stack" "3.4.1"
    "@aws-sdk/middleware-user-agent" "3.4.1"
    "@aws-sdk/node-config-provider" "3.4.1"
    "@aws-sdk/node-http-handler" "3.4.1"
    "@aws-sdk/protocol-http" "3.4.1"
    "@aws-sdk/smithy-client" "3.4.1"
    "@aws-sdk/types" "3.4.1"
    "@aws-sdk/url-parser" "3.4.1"
    "@aws-sdk/url-parser-native" "3.4.1"
    "@aws-sdk/util-base64-browser" "3.4.1"
    "@aws-sdk/util-base64-node" "3.4.1"
    "@aws-sdk/util-body-length-browser" "3.4.1"
    "@aws-sdk/util-body-length-node" "3.4.1"
    "@aws-sdk/util-user-agent-browser" "3.4.1"
    "@aws-sdk/util-user-agent-node" "3.4.1"
    "@aws-sdk/util-utf8-browser" "3.4.1"
    "@aws-sdk/util-utf8-node" "3.4.1"
    tslib "^2.0.0"

"@aws-sdk/client-cognito-identity@^3.4.1":
  version "3.4.1"
  resolved "https://registry.yarnpkg.com/@aws-sdk/client-cognito-identity/-/client-cognito-identity-3.4.1.tgz#41c665f72e6b279c7f69cce9944abde842aeca15"
  integrity sha512-y6SpiCntvYO3taTEhqieC+Z0YxhikyXu/wsmbu741G8QdyWIljwuBhFUYuTlVK6A/VWZ37POIp5weT9BnFW+Ag==
  dependencies:
    "@aws-crypto/sha256-browser" "^1.0.0"
    "@aws-crypto/sha256-js" "^1.0.0"
    "@aws-sdk/config-resolver" "3.4.1"
    "@aws-sdk/credential-provider-node" "3.4.1"
    "@aws-sdk/fetch-http-handler" "3.4.1"
    "@aws-sdk/hash-node" "3.4.1"
    "@aws-sdk/invalid-dependency" "3.4.1"
    "@aws-sdk/middleware-content-length" "3.4.1"
    "@aws-sdk/middleware-host-header" "3.4.1"
    "@aws-sdk/middleware-logger" "3.4.1"
    "@aws-sdk/middleware-retry" "3.4.1"
    "@aws-sdk/middleware-serde" "3.4.1"
    "@aws-sdk/middleware-signing" "3.4.1"
    "@aws-sdk/middleware-stack" "3.4.1"
    "@aws-sdk/middleware-user-agent" "3.4.1"
    "@aws-sdk/node-config-provider" "3.4.1"
    "@aws-sdk/node-http-handler" "3.4.1"
    "@aws-sdk/protocol-http" "3.4.1"
    "@aws-sdk/smithy-client" "3.4.1"
    "@aws-sdk/types" "3.4.1"
    "@aws-sdk/url-parser" "3.4.1"
    "@aws-sdk/url-parser-native" "3.4.1"
    "@aws-sdk/util-base64-browser" "3.4.1"
    "@aws-sdk/util-base64-node" "3.4.1"
    "@aws-sdk/util-body-length-browser" "3.4.1"
    "@aws-sdk/util-body-length-node" "3.4.1"
    "@aws-sdk/util-user-agent-browser" "3.4.1"
    "@aws-sdk/util-user-agent-node" "3.4.1"
    "@aws-sdk/util-utf8-browser" "3.4.1"
    "@aws-sdk/util-utf8-node" "3.4.1"
    tslib "^2.0.0"

"@aws-sdk/client-s3@^3.4.1":
  version "3.4.1"
  resolved "https://registry.yarnpkg.com/@aws-sdk/client-s3/-/client-s3-3.4.1.tgz#ddd4e25d66113b279da0f41ec677180236b107ce"
  integrity sha512-QCK8M7EJgKLFPLHSn8Ojncq3fW3TaZHyjx47x1Todal6/zRVu0+6rkltFb1nU6v+1OCMhefndsIvg8w/i2vfFQ==
  dependencies:
    "@aws-crypto/sha256-browser" "^1.0.0"
    "@aws-crypto/sha256-js" "^1.0.0"
    "@aws-sdk/config-resolver" "3.4.1"
    "@aws-sdk/credential-provider-node" "3.4.1"
    "@aws-sdk/eventstream-serde-browser" "3.4.1"
    "@aws-sdk/eventstream-serde-config-resolver" "3.4.1"
    "@aws-sdk/eventstream-serde-node" "3.4.1"
    "@aws-sdk/fetch-http-handler" "3.4.1"
    "@aws-sdk/hash-blob-browser" "3.4.1"
    "@aws-sdk/hash-node" "3.4.1"
    "@aws-sdk/hash-stream-node" "3.4.1"
    "@aws-sdk/invalid-dependency" "3.4.1"
    "@aws-sdk/md5-js" "3.4.1"
    "@aws-sdk/middleware-apply-body-checksum" "3.4.1"
    "@aws-sdk/middleware-bucket-endpoint" "3.4.1"
    "@aws-sdk/middleware-content-length" "3.4.1"
    "@aws-sdk/middleware-expect-continue" "3.4.1"
    "@aws-sdk/middleware-host-header" "3.4.1"
    "@aws-sdk/middleware-location-constraint" "3.4.1"
    "@aws-sdk/middleware-logger" "3.4.1"
    "@aws-sdk/middleware-retry" "3.4.1"
    "@aws-sdk/middleware-sdk-s3" "3.4.1"
    "@aws-sdk/middleware-serde" "3.4.1"
    "@aws-sdk/middleware-signing" "3.4.1"
    "@aws-sdk/middleware-ssec" "3.4.1"
    "@aws-sdk/middleware-stack" "3.4.1"
    "@aws-sdk/middleware-user-agent" "3.4.1"
    "@aws-sdk/node-config-provider" "3.4.1"
    "@aws-sdk/node-http-handler" "3.4.1"
    "@aws-sdk/protocol-http" "3.4.1"
    "@aws-sdk/smithy-client" "3.4.1"
    "@aws-sdk/types" "3.4.1"
    "@aws-sdk/url-parser" "3.4.1"
    "@aws-sdk/url-parser-native" "3.4.1"
    "@aws-sdk/util-base64-browser" "3.4.1"
    "@aws-sdk/util-base64-node" "3.4.1"
    "@aws-sdk/util-body-length-browser" "3.4.1"
    "@aws-sdk/util-body-length-node" "3.4.1"
    "@aws-sdk/util-user-agent-browser" "3.4.1"
    "@aws-sdk/util-user-agent-node" "3.4.1"
    "@aws-sdk/util-utf8-browser" "3.4.1"
    "@aws-sdk/util-utf8-node" "3.4.1"
    "@aws-sdk/util-waiter" "3.4.1"
    "@aws-sdk/xml-builder" "3.4.1"
    fast-xml-parser "^3.16.0"
    tslib "^2.0.0"

"@aws-sdk/config-resolver@3.4.1":
  version "3.4.1"
  resolved "https://registry.yarnpkg.com/@aws-sdk/config-resolver/-/config-resolver-3.4.1.tgz#dc62cf206ab74399579be10ff67503911417be71"
  integrity sha512-pnXcli0B3KqNVA3kuNfA9gEmJW9i7GE713wMeAtyaZeK89Uk7v3A9FzNkAEMgGTVJfEAGUYzfuxR8tQRWsYdEQ==
  dependencies:
    "@aws-sdk/signature-v4" "3.4.1"
    "@aws-sdk/types" "3.4.1"
    tslib "^1.8.0"

"@aws-sdk/credential-provider-env@3.4.1":
  version "3.4.1"
  resolved "https://registry.yarnpkg.com/@aws-sdk/credential-provider-env/-/credential-provider-env-3.4.1.tgz#436d45b3afe125b3314aab9bae0fa13ec6733755"
  integrity sha512-MwQRbsgq+skGinT/zP0fCxFrgOLXca64Z7H04gpDwLY1gCaqpWLR30r8zYkoNUZM/S72s3bec5DXxJd18BFpGA==
  dependencies:
    "@aws-sdk/property-provider" "3.4.1"
    "@aws-sdk/types" "3.4.1"
    tslib "^1.8.0"

"@aws-sdk/credential-provider-imds@3.4.1":
  version "3.4.1"
  resolved "https://registry.yarnpkg.com/@aws-sdk/credential-provider-imds/-/credential-provider-imds-3.4.1.tgz#2d0c75ac6524a00a2d36bbc78f9b5bcd90a904f3"
  integrity sha512-UfwixtJCjMXodKoQW9NygdIPWrpginZQdjAyaDaRaLZ48ahcj3U0J+mrqs8qTilubO4cl+Oj0DORdfnyR2iIcA==
  dependencies:
    "@aws-sdk/property-provider" "3.4.1"
    "@aws-sdk/types" "3.4.1"
    tslib "^1.8.0"

"@aws-sdk/credential-provider-ini@3.4.1":
  version "3.4.1"
  resolved "https://registry.yarnpkg.com/@aws-sdk/credential-provider-ini/-/credential-provider-ini-3.4.1.tgz#ab8b0c041e08fed595b343d06e61989bd114dd46"
  integrity sha512-q/2cGi+F4/NnAqX6T9O2RPQLxgKTC05Fs2HT+xtg5BHNKmrl6YCkm5Xi3VBdoZ+gcyaTqyXEvnyotZvg7pXWnQ==
  dependencies:
    "@aws-sdk/property-provider" "3.4.1"
    "@aws-sdk/shared-ini-file-loader" "3.4.1"
    "@aws-sdk/types" "3.4.1"
    tslib "^1.8.0"

"@aws-sdk/credential-provider-node@3.4.1":
  version "3.4.1"
  resolved "https://registry.yarnpkg.com/@aws-sdk/credential-provider-node/-/credential-provider-node-3.4.1.tgz#d5b49f4ccc8ced465028b69a6ea070984c2535e1"
  integrity sha512-8qRIpyuKxAjH4LNcAt4hpMPCsaiIMFzlJHyq+xXo303KYWZ79lpkKL1jumKlhnoJreCdGy1X/hJAlgiZinPYag==
  dependencies:
    "@aws-sdk/credential-provider-env" "3.4.1"
    "@aws-sdk/credential-provider-imds" "3.4.1"
    "@aws-sdk/credential-provider-ini" "3.4.1"
    "@aws-sdk/credential-provider-process" "3.4.1"
    "@aws-sdk/property-provider" "3.4.1"
    "@aws-sdk/types" "3.4.1"
    tslib "^1.8.0"

"@aws-sdk/credential-provider-process@3.4.1":
  version "3.4.1"
  resolved "https://registry.yarnpkg.com/@aws-sdk/credential-provider-process/-/credential-provider-process-3.4.1.tgz#e3c6f5461a01b3fd2d672e31190dccacb7cf01dd"
  integrity sha512-BfRjSUSkxSTcbyUV4+fNIjVnq+ht2tc9E7j8+q6q8f5Ny4RgsIIjA+wMPZQUsm3TL/hyJl9sPkzEyk1y58iwqA==
  dependencies:
    "@aws-sdk/credential-provider-ini" "3.4.1"
    "@aws-sdk/property-provider" "3.4.1"
    "@aws-sdk/shared-ini-file-loader" "3.4.1"
    "@aws-sdk/types" "3.4.1"
    tslib "^1.8.0"

"@aws-sdk/eventstream-marshaller@3.4.1":
  version "3.4.1"
  resolved "https://registry.yarnpkg.com/@aws-sdk/eventstream-marshaller/-/eventstream-marshaller-3.4.1.tgz#b5d6cd20729e67436045cc8a1e3a3712e0837485"
  integrity sha512-/9M9FCfPhJNWRkxgXUi/3/e5ajXtm4JmUdW8lEwD0RdUUeb/HtVXjDIpVsFiXEcf9XL8GQklGymq4853IjH88A==
  dependencies:
    "@aws-crypto/crc32" "^1.0.0"
    "@aws-sdk/types" "3.4.1"
    "@aws-sdk/util-hex-encoding" "3.4.1"
    tslib "^1.8.0"

"@aws-sdk/eventstream-serde-browser@3.4.1":
  version "3.4.1"
  resolved "https://registry.yarnpkg.com/@aws-sdk/eventstream-serde-browser/-/eventstream-serde-browser-3.4.1.tgz#efe0d2a948e84a332e58056ad4ada358d23f3d01"
  integrity sha512-yf0w5xnm0AIicm//M3gHrXix92LXoD9Dzk0+cobWpMb3O4TCSKR28WHgIMfcpm8LErnvg63uLPTEDfjiREdl+w==
  dependencies:
    "@aws-sdk/eventstream-marshaller" "3.4.1"
    "@aws-sdk/eventstream-serde-universal" "3.4.1"
    "@aws-sdk/types" "3.4.1"
    tslib "^1.8.0"

"@aws-sdk/eventstream-serde-config-resolver@3.4.1":
  version "3.4.1"
  resolved "https://registry.yarnpkg.com/@aws-sdk/eventstream-serde-config-resolver/-/eventstream-serde-config-resolver-3.4.1.tgz#dc46eb2f7ba15bb982aa6a0f01d23207c8842698"
  integrity sha512-BQlnM8vDqLBpb4emJ8g1vlC8gWng8XJWZNMY+9BfJQHKTNA4iBxKJk6VzJqxGEOpyalT5k17JfSnMQZrn9rkgA==
  dependencies:
    "@aws-sdk/types" "3.4.1"
    tslib "^1.8.0"

"@aws-sdk/eventstream-serde-node@3.4.1":
  version "3.4.1"
  resolved "https://registry.yarnpkg.com/@aws-sdk/eventstream-serde-node/-/eventstream-serde-node-3.4.1.tgz#5ca2896144e4baf916ae60ce1825e431d949bbd0"
  integrity sha512-JQXawZD5TAZqe4YuNEPKJJMqwmUkA+BcU+vAMyuf4bwYre4KBgBSosVoOBKkQefZDk6WClk4Sg4US+h5yGgWjg==
  dependencies:
    "@aws-sdk/eventstream-marshaller" "3.4.1"
    "@aws-sdk/eventstream-serde-universal" "3.4.1"
    "@aws-sdk/types" "3.4.1"
    tslib "^1.8.0"

"@aws-sdk/eventstream-serde-universal@3.4.1":
  version "3.4.1"
  resolved "https://registry.yarnpkg.com/@aws-sdk/eventstream-serde-universal/-/eventstream-serde-universal-3.4.1.tgz#3f58083e4ffa0cd6deecbfe30949e0d9a9952824"
  integrity sha512-Xl77lJmlm5AneUVT3WD8FTKd1T5WcYChY382uXXzaps/i5QtIPybOQFsVgYLn+Fub3g1isVOy8Gc7L5eFf4+KQ==
  dependencies:
    "@aws-sdk/eventstream-marshaller" "3.4.1"
    "@aws-sdk/types" "3.4.1"
    tslib "^1.8.0"

"@aws-sdk/fetch-http-handler@3.4.1":
  version "3.4.1"
  resolved "https://registry.yarnpkg.com/@aws-sdk/fetch-http-handler/-/fetch-http-handler-3.4.1.tgz#8293a8e09a37a8beacd2b8ea020011a4abf16ddb"
  integrity sha512-7fG+B3rb2VUE9RGJRytYbThQ5azNkLq+9v5QOWZnmerpNcNyPCdv5bqqEMXycsgRXowOTSQ5LdieN+NtshhXng==
  dependencies:
    "@aws-sdk/protocol-http" "3.4.1"
    "@aws-sdk/querystring-builder" "3.4.1"
    "@aws-sdk/types" "3.4.1"
    "@aws-sdk/util-base64-browser" "3.4.1"
    tslib "^1.8.0"

"@aws-sdk/hash-blob-browser@3.4.1":
  version "3.4.1"
  resolved "https://registry.yarnpkg.com/@aws-sdk/hash-blob-browser/-/hash-blob-browser-3.4.1.tgz#2c3d00b3d50413f1810754658a20d5520bd776e2"
  integrity sha512-63bFP02P5vWDYc4WiEgWCBdGDs02PiA607zwXr5ymBE60aPLY89rWZZ6hI3jva4OPYSw2Px4mEAd0NHgQe6K5w==
  dependencies:
    "@aws-sdk/chunked-blob-reader" "3.4.1"
    "@aws-sdk/chunked-blob-reader-native" "3.4.1"
    "@aws-sdk/types" "3.4.1"
    tslib "^1.8.0"

"@aws-sdk/hash-node@3.4.1":
  version "3.4.1"
  resolved "https://registry.yarnpkg.com/@aws-sdk/hash-node/-/hash-node-3.4.1.tgz#557c9c451ef64462afc3e307b2979a129ea0a7ad"
  integrity sha512-JSOBXnjxPeRGoej5ShFxLRkbUZ4WCd/t5Z5hVYmVndbg2sFJATPoHJbC75mNDZ8f3zbTF25dRMAQAsnM4RFpQw==
  dependencies:
    "@aws-sdk/types" "3.4.1"
    "@aws-sdk/util-buffer-from" "3.4.1"
    tslib "^1.8.0"

"@aws-sdk/hash-stream-node@3.4.1":
  version "3.4.1"
  resolved "https://registry.yarnpkg.com/@aws-sdk/hash-stream-node/-/hash-stream-node-3.4.1.tgz#58cc36d4457cee2e00eb60d03160142976e4eb9c"
  integrity sha512-J/FpXcSA5vlLAmlCtmQYotMKfF3rvaMvWgGBO9AJ3l5w3gk6uW5o6wgH+bg8KXUQrhx/KppJz/CNDjcp++GtIw==
  dependencies:
    "@aws-sdk/types" "3.4.1"
    tslib "^1.8.0"

"@aws-sdk/invalid-dependency@3.4.1":
  version "3.4.1"
  resolved "https://registry.yarnpkg.com/@aws-sdk/invalid-dependency/-/invalid-dependency-3.4.1.tgz#7189c852862aba73c867f9f1584b13fdbafabbb9"
  integrity sha512-lS680g5BruZ+J9dq0uEE5UwzJ9kC76YqvRMyAGY0O85Vq9Wytr0z3eeAF6cIzAmKuDpeFj62nn4qV+vaiB0sNw==
  dependencies:
    "@aws-sdk/types" "3.4.1"
    tslib "^1.8.0"

"@aws-sdk/is-array-buffer@3.4.1":
  version "3.4.1"
  resolved "https://registry.yarnpkg.com/@aws-sdk/is-array-buffer/-/is-array-buffer-3.4.1.tgz#55a73adab106be1c4ff22841b2b4560b65f0be0d"
  integrity sha512-txJ+fixpotinL9kaRBoMQwoCwkfW9d0gq0DW+T3OsEMbY11YoBU7de8syZ3hfLDaLxSp+5kUvQyplmW9oRWK+g==
  dependencies:
    tslib "^1.8.0"

"@aws-sdk/md5-js@3.4.1":
  version "3.4.1"
  resolved "https://registry.yarnpkg.com/@aws-sdk/md5-js/-/md5-js-3.4.1.tgz#23e7b3fe9e9a928639f772244bcb87b7a6f6e916"
  integrity sha512-GGJXp3ybI7dispqXphmuZ36Kqo8b8UqFHBPpSO7fhaNWsHvDYBvtGcBzwqQqJFTNLXvac/CsjS8z24mdspIl2w==
  dependencies:
    "@aws-sdk/types" "3.4.1"
    "@aws-sdk/util-utf8-browser" "3.4.1"
    tslib "^1.8.0"

"@aws-sdk/middleware-apply-body-checksum@3.4.1":
  version "3.4.1"
  resolved "https://registry.yarnpkg.com/@aws-sdk/middleware-apply-body-checksum/-/middleware-apply-body-checksum-3.4.1.tgz#7c8120ded2221485605554b9b592ed34dc35e9dc"
  integrity sha512-N1mGOJp8kgfjhesvkDwsdeU711arUvhjnj9npy+3oBFxtpV+QsnTctoXkmWpXDiUVItzVBzSGXMVQaA0pigQCQ==
  dependencies:
    "@aws-sdk/is-array-buffer" "3.4.1"
    "@aws-sdk/protocol-http" "3.4.1"
    "@aws-sdk/types" "3.4.1"
    tslib "^1.8.0"

"@aws-sdk/middleware-bucket-endpoint@3.4.1":
  version "3.4.1"
  resolved "https://registry.yarnpkg.com/@aws-sdk/middleware-bucket-endpoint/-/middleware-bucket-endpoint-3.4.1.tgz#afb9b7adada44d43ee90ddc393c07768ded9eab8"
  integrity sha512-wwI/bKFQMH+PlChXG62JorY66E4GPNBnlCKiFPJa3axVqNM8x6ZZ6989pJfLhX2jbAs3eDeli5P0N7GvxxdHKA==
  dependencies:
    "@aws-sdk/protocol-http" "3.4.1"
    "@aws-sdk/types" "3.4.1"
    "@aws-sdk/util-arn-parser" "3.4.1"
    tslib "^1.8.0"

"@aws-sdk/middleware-content-length@3.4.1":
  version "3.4.1"
  resolved "https://registry.yarnpkg.com/@aws-sdk/middleware-content-length/-/middleware-content-length-3.4.1.tgz#bd7fa16f008468827a20ba1576d624cc6eca041a"
  integrity sha512-6BX4frJ7aBPJe+KmRzsu740zUIWnBAWbOHT+q8a57HAo6A62gM5A6taXogP0yRi7ZRAuqi1sXXhhhj1X8KseWQ==
  dependencies:
    "@aws-sdk/protocol-http" "3.4.1"
    "@aws-sdk/types" "3.4.1"
    tslib "^1.8.0"

"@aws-sdk/middleware-expect-continue@3.4.1":
  version "3.4.1"
  resolved "https://registry.yarnpkg.com/@aws-sdk/middleware-expect-continue/-/middleware-expect-continue-3.4.1.tgz#ebfc477f0a73e899961fe67d3266ce06a88a0222"
  integrity sha512-JrUbvCZIUOfMJ74gxcpBEojSh6zX219K4STOxA8d1iVAJOIAYsp/ICCk8wZ1DGcEK3BbyBdfC3RPoAOSguUheA==
  dependencies:
    "@aws-sdk/middleware-header-default" "3.4.1"
    "@aws-sdk/protocol-http" "3.4.1"
    "@aws-sdk/types" "3.4.1"
    tslib "^1.8.0"

"@aws-sdk/middleware-header-default@3.4.1":
  version "3.4.1"
  resolved "https://registry.yarnpkg.com/@aws-sdk/middleware-header-default/-/middleware-header-default-3.4.1.tgz#783b6e74437a310c71cf2570b3a9c6a93cba8300"
  integrity sha512-Hl2OtIju1zA5MX15Woptx7tkEuipmhJcKoj+0qnjw+TddQxSM+gfrQRcaZ8zHYL4Gccb4N6Is9FnVP790aRBGw==
  dependencies:
    "@aws-sdk/protocol-http" "3.4.1"
    "@aws-sdk/types" "3.4.1"
    tslib "^1.8.0"

"@aws-sdk/middleware-host-header@3.4.1":
  version "3.4.1"
  resolved "https://registry.yarnpkg.com/@aws-sdk/middleware-host-header/-/middleware-host-header-3.4.1.tgz#5bee4b28bcdeded5ad83d7767e6e4c3b89836ca9"
  integrity sha512-rYjU6IT4oVkhQ8lUtPIqOeQMfGpxXEgmQFiXbfKiz7CW7a4228fi8aCCjbYlZfv711XcULtBxczBmN+M1X5cKQ==
  dependencies:
    "@aws-sdk/protocol-http" "3.4.1"
    "@aws-sdk/types" "3.4.1"
    tslib "^1.8.0"

"@aws-sdk/middleware-location-constraint@3.4.1":
  version "3.4.1"
  resolved "https://registry.yarnpkg.com/@aws-sdk/middleware-location-constraint/-/middleware-location-constraint-3.4.1.tgz#9faf12ca189ec771c2d499cdfa13e4a97989761f"
  integrity sha512-ZAXEKcw4Mjr0xA0AyExcEr+V6+tSkaAO6bJ1rNFdiTDr1LSsfi+0TqJUu5y7Ta3fdLfJ5oKQKSkaa+CuO1dCLA==
  dependencies:
    "@aws-sdk/types" "3.4.1"
    tslib "^1.8.0"

"@aws-sdk/middleware-logger@3.4.1":
  version "3.4.1"
  resolved "https://registry.yarnpkg.com/@aws-sdk/middleware-logger/-/middleware-logger-3.4.1.tgz#41ba6b59702aed6fa223405235d7837d9dc79b0c"
  integrity sha512-fv3dqbOHoscAOrn8CxbCIWpB43VrK+Z2RZJZByZA1pyXPCuC1uN8lM9r84HK/qq9CcEFrMPaOX6aqUQXNjzL3A==
  dependencies:
    "@aws-sdk/types" "3.4.1"
    tslib "^1.8.0"

"@aws-sdk/middleware-retry@3.4.1":
  version "3.4.1"
  resolved "https://registry.yarnpkg.com/@aws-sdk/middleware-retry/-/middleware-retry-3.4.1.tgz#5835e860f022cf2d9fbae4f74c9d9f175aa8d132"
  integrity sha512-hapcIp6qscJp4DrbfZw6C6SHsxAqyGdpMCZQxXzLTrlo+9jQIpSV1RFmqAzo3YRQMc/eT5xDFD00cCbJk6kc4g==
  dependencies:
    "@aws-sdk/protocol-http" "3.4.1"
    "@aws-sdk/service-error-classification" "3.4.1"
    "@aws-sdk/types" "3.4.1"
    react-native-get-random-values "^1.4.0"
    tslib "^1.8.0"
    uuid "^3.0.0"

"@aws-sdk/middleware-sdk-s3@3.4.1":
  version "3.4.1"
  resolved "https://registry.yarnpkg.com/@aws-sdk/middleware-sdk-s3/-/middleware-sdk-s3-3.4.1.tgz#e17244659f560ceeb7f5fd47081d24b885472da4"
  integrity sha512-/J+AHGgZU18K6CYXsKCmuck4/PIqgkp1vg3FESxasZzTM2yqSCzx4II4l5jR2MwEjUJ/M63pA2Low1RJs5b7Uw==
  dependencies:
    "@aws-sdk/protocol-http" "3.4.1"
    "@aws-sdk/types" "3.4.1"
    "@aws-sdk/util-arn-parser" "3.4.1"
    tslib "^1.8.0"

"@aws-sdk/middleware-serde@3.4.1":
  version "3.4.1"
  resolved "https://registry.yarnpkg.com/@aws-sdk/middleware-serde/-/middleware-serde-3.4.1.tgz#20125c5a1eeeb527d61047606d1e92a617523bbb"
  integrity sha512-xyn6TrWwkuFrkuYY77dNKotBVeM3UZHYL6qXM5bcv9fsi0HmrSrairQEWDVwxySTwP4ocEugtzZjxcB6lT823w==
  dependencies:
    "@aws-sdk/types" "3.4.1"
    tslib "^1.8.0"

"@aws-sdk/middleware-signing@3.4.1":
  version "3.4.1"
  resolved "https://registry.yarnpkg.com/@aws-sdk/middleware-signing/-/middleware-signing-3.4.1.tgz#f2082b73a4d98e963b633197af97993dd50336c8"
  integrity sha512-0bOOjLno2eRNC3FByADwUFE7+3h+Kbjb4jQIjhGFi/gdMgbynd6CSRdYk6TKjQGZI5Y+OCVDSOLbNJfd0x4wJw==
  dependencies:
    "@aws-sdk/protocol-http" "3.4.1"
    "@aws-sdk/signature-v4" "3.4.1"
    "@aws-sdk/types" "3.4.1"
    tslib "^1.8.0"

"@aws-sdk/middleware-ssec@3.4.1":
  version "3.4.1"
  resolved "https://registry.yarnpkg.com/@aws-sdk/middleware-ssec/-/middleware-ssec-3.4.1.tgz#aca94299672820137e84f8d022f494e5829b0b2a"
  integrity sha512-sdG40f9dKGhVuGq5+IPlKvuu3UO+sh2LyKUH0oLjBJUC9sycfe2yw629BArWs/QrdNHb18e1EL2dWjsMAbH98w==
  dependencies:
    "@aws-sdk/types" "3.4.1"
    tslib "^1.8.0"

"@aws-sdk/middleware-stack@3.4.1":
  version "3.4.1"
  resolved "https://registry.yarnpkg.com/@aws-sdk/middleware-stack/-/middleware-stack-3.4.1.tgz#cecc5debf8cc5b7fe41f051f9aeff47b4b5ab432"
  integrity sha512-uPOrLNV18ozIdDVwfQwUeb3AKknX4uKdUSZnom8toF7u56fKRmW/JY0I2MslT21+VNimM7e/9+8z1M6Up+Jf+w==
  dependencies:
    tslib "^1.8.0"

"@aws-sdk/middleware-user-agent@3.4.1":
  version "3.4.1"
  resolved "https://registry.yarnpkg.com/@aws-sdk/middleware-user-agent/-/middleware-user-agent-3.4.1.tgz#5e242d699c53bbd8d3ba98eb627209dabc99d74f"
  integrity sha512-Txn7azL+YJ7K+HCBhF1NCiyeYWVE0FtUp5zrx/jUPnnjVWy7wEMViLSgZQHkWoroMjtGNFAS/T/1+Znwkukk6g==
  dependencies:
    "@aws-sdk/protocol-http" "3.4.1"
    "@aws-sdk/types" "3.4.1"
    tslib "^1.8.0"

"@aws-sdk/node-config-provider@3.4.1":
  version "3.4.1"
  resolved "https://registry.yarnpkg.com/@aws-sdk/node-config-provider/-/node-config-provider-3.4.1.tgz#619727a88e482d4e6b694690accf2d3f712f69a0"
  integrity sha512-QV6JPZ8iG/t+2n/UhkopBOIsKnEeNR32MdnwdpjYU1EBS1W7adKXjX0CtneZ+0SOEKYmctVzcgAH8U+zjFBS5A==
  dependencies:
    "@aws-sdk/property-provider" "3.4.1"
    "@aws-sdk/shared-ini-file-loader" "3.4.1"
    "@aws-sdk/types" "3.4.1"
    tslib "^1.8.0"

"@aws-sdk/node-http-handler@3.4.1":
  version "3.4.1"
  resolved "https://registry.yarnpkg.com/@aws-sdk/node-http-handler/-/node-http-handler-3.4.1.tgz#d147a12b721df994bde33819327a3f667feca9d2"
  integrity sha512-InF6wbOG1Xn4/hewmx0GMdBrIfMbBeoD0caRtzQdXYOcuQJkqAUuoSf12oV4YmqIZGWZmhLhmrPr5OU4pyQlsw==
  dependencies:
    "@aws-sdk/abort-controller" "3.4.1"
    "@aws-sdk/protocol-http" "3.4.1"
    "@aws-sdk/querystring-builder" "3.4.1"
    "@aws-sdk/types" "3.4.1"
    tslib "^1.8.0"

"@aws-sdk/property-provider@3.4.1":
  version "3.4.1"
  resolved "https://registry.yarnpkg.com/@aws-sdk/property-provider/-/property-provider-3.4.1.tgz#3b44c50bcfa04c7011598e5fdcda8cfefb5830a7"
  integrity sha512-MAh+7ZmFKXWOrlhtvOnMOU9Xe/fHnLG5b7UduV/yduXQ2X+CqKJlBKX2ZuUNP7/7r46E89pasNzr80G0JWcv/A==
  dependencies:
    "@aws-sdk/types" "3.4.1"
    tslib "^1.8.0"

"@aws-sdk/protocol-http@3.4.1":
  version "3.4.1"
  resolved "https://registry.yarnpkg.com/@aws-sdk/protocol-http/-/protocol-http-3.4.1.tgz#aebb296eb69055dc8b79492161c5ea9458f6f181"
  integrity sha512-8/eHa6a9rLWmakQKis06mBlf+pXd5xOGgcUliMc56kuVl5qQVHJ/wkM8jkVoMnEOG3IwPJOCExVxvm+bsdethA==
  dependencies:
    "@aws-sdk/types" "3.4.1"
    tslib "^1.8.0"

"@aws-sdk/querystring-builder@3.4.1":
  version "3.4.1"
  resolved "https://registry.yarnpkg.com/@aws-sdk/querystring-builder/-/querystring-builder-3.4.1.tgz#205ac435d3be15451f359ce4a2d5a7b187776505"
  integrity sha512-/xTutRKK9Kjx320E1cvp4Mieh941jd9181T7N3M3A2kK7Pf0hBpdrIsqvrVQd2+fgDx2m/Q3+HLAV9N95DXZbA==
  dependencies:
    "@aws-sdk/types" "3.4.1"
    "@aws-sdk/util-uri-escape" "3.4.1"
    tslib "^1.8.0"

"@aws-sdk/querystring-parser@3.4.1":
  version "3.4.1"
  resolved "https://registry.yarnpkg.com/@aws-sdk/querystring-parser/-/querystring-parser-3.4.1.tgz#7e2ef361aa6ac896d2dde803820ce56eab81fc58"
  integrity sha512-7ivu5IeZB17iYpZow8tEQB1Zhs/dm/JFwqScWfawQcBDAPx23khX1DjM0/oBdGXOkaOZ1/vsj+jvDxRJZmtM1A==
  dependencies:
    "@aws-sdk/types" "3.4.1"
    tslib "^1.8.0"

"@aws-sdk/service-error-classification@3.4.1":
  version "3.4.1"
  resolved "https://registry.yarnpkg.com/@aws-sdk/service-error-classification/-/service-error-classification-3.4.1.tgz#ce8437243af3ece30f190c893aee44bc11de180f"
  integrity sha512-PODbUKioR1wRaPtw/BFZS6+SlHl4+Ua7KOxtUyH17frOwbNUqOgNpeBMxNffpJni/yAyV7FP6oHPODUlHZoJ7Q==

"@aws-sdk/shared-ini-file-loader@3.4.1":
  version "3.4.1"
  resolved "https://registry.yarnpkg.com/@aws-sdk/shared-ini-file-loader/-/shared-ini-file-loader-3.4.1.tgz#06e1c2578d9386a1f8218bcace64a0cff3fcc2ee"
  integrity sha512-8FDYkJH0pQjfUWIugQz7fhWYmb5f5oo34jch6Wcsg4MrX2v0Ffw2/rpov/f+3l1U5g9d0T+rlFWxg1ZB6JM6hQ==
  dependencies:
    tslib "^1.8.0"

"@aws-sdk/signature-v4@3.4.1":
  version "3.4.1"
  resolved "https://registry.yarnpkg.com/@aws-sdk/signature-v4/-/signature-v4-3.4.1.tgz#397067ed42882ac76a635cc8a68ecb74d765a7e4"
  integrity sha512-TqK5xan4kCr88/iVKbsVzNsNd/LZevh/S/ZJ1X5M7oJqhvUR36q1L4byaceqm6AKruIlKAPVU7zVTTu2V5pX0g==
  dependencies:
    "@aws-sdk/is-array-buffer" "3.4.1"
    "@aws-sdk/types" "3.4.1"
    "@aws-sdk/util-hex-encoding" "3.4.1"
    "@aws-sdk/util-uri-escape" "3.4.1"
    tslib "^1.8.0"

"@aws-sdk/smithy-client@3.4.1":
  version "3.4.1"
  resolved "https://registry.yarnpkg.com/@aws-sdk/smithy-client/-/smithy-client-3.4.1.tgz#17630451a897f5c4fdd109adf2dc296cc8392854"
  integrity sha512-Qt1/zKS1mLz5Yd3XUm+iZcvhHLXaeZSIALfK/FC1nn4v2uDJSlXjzd1sszViUqz9lcf6BNNyBLB9k2z5lnhCiA==
  dependencies:
    "@aws-sdk/middleware-stack" "3.4.1"
    "@aws-sdk/types" "3.4.1"
    tslib "^1.8.0"

"@aws-sdk/types@3.4.1", "@aws-sdk/types@^3.1.0":
  version "3.4.1"
  resolved "https://registry.yarnpkg.com/@aws-sdk/types/-/types-3.4.1.tgz#efd5c9ca2166d5569f353345fea5d9ff252350c5"
  integrity sha512-HqDPRdMzseVD4I/8Bb8TBAzg2X0U7oDiPfvYcvZt8fpVO2SwBOiLMh9tiEnRin48uRBbQMAw8D8wmCpyU78Dvg==

"@aws-sdk/url-parser-native@3.4.1":
  version "3.4.1"
  resolved "https://registry.yarnpkg.com/@aws-sdk/url-parser-native/-/url-parser-native-3.4.1.tgz#e9cc669fe74140ee956fa35a1fc11212275fb5aa"
  integrity sha512-DFPw1FiqZz5Qf1iW1h5tpV2kLV88Z0Zrsm7lvDsb4ROKU2biABkqcHzHAgueFSGMJaIrzv7nOHaNuVFuZSZDHQ==
  dependencies:
    "@aws-sdk/querystring-parser" "3.4.1"
    "@aws-sdk/types" "3.4.1"
    tslib "^1.8.0"
    url "^0.11.0"

"@aws-sdk/url-parser@3.4.1":
  version "3.4.1"
  resolved "https://registry.yarnpkg.com/@aws-sdk/url-parser/-/url-parser-3.4.1.tgz#5e612a0b24d00049822e8049d52ac8131d10d8c5"
  integrity sha512-ibvdL3b1XZ5nrjoJCBjELv1XqK0MmbWQ7XzsXgy75qrfKr0LoROejdkDd9WbD7RX0JA3Ji/9a1D8CbXkwWOcQA==
  dependencies:
    "@aws-sdk/querystring-parser" "3.4.1"
    "@aws-sdk/types" "3.4.1"
    tslib "^1.8.0"

"@aws-sdk/util-arn-parser@3.4.1":
  version "3.4.1"
  resolved "https://registry.yarnpkg.com/@aws-sdk/util-arn-parser/-/util-arn-parser-3.4.1.tgz#360626a114989299d523b070b813d00850c62fe0"
  integrity sha512-eqOWZp84f5hyY3I5Wtvy95r6SzmYpg6EcW98AttWEx1oo+8aibkyGUx0BXfploW89e4woZS/NQYHAm8nGt2L3Q==
  dependencies:
    tslib "^1.8.0"

"@aws-sdk/util-base64-browser@3.4.1":
  version "3.4.1"
  resolved "https://registry.yarnpkg.com/@aws-sdk/util-base64-browser/-/util-base64-browser-3.4.1.tgz#5ac43951e706d95ceec235087efbe46eccca6db3"
  integrity sha512-2VbOHFpW35XKlkVeVXWUfSEIHsvB4RNJUpHNXIy7CjTjZUd8FVCBIvaLdFMXhj1f7BPUVgPyvGtYvXC3bU0FUA==
  dependencies:
    tslib "^1.8.0"

"@aws-sdk/util-base64-node@3.4.1":
  version "3.4.1"
  resolved "https://registry.yarnpkg.com/@aws-sdk/util-base64-node/-/util-base64-node-3.4.1.tgz#a365b7c5d698237c4fe117b3a73160fff814bd7b"
  integrity sha512-9RBEK3VJq0B2Zlbiuw7N22fFJag+vG/cqanKvHpOLukzVHIL4dDH8hDA1Wh9cyKeYoqTQ9JP25zoOMb+Yy9MkQ==
  dependencies:
    "@aws-sdk/util-buffer-from" "3.4.1"
    tslib "^1.8.0"

"@aws-sdk/util-body-length-browser@3.4.1":
  version "3.4.1"
  resolved "https://registry.yarnpkg.com/@aws-sdk/util-body-length-browser/-/util-body-length-browser-3.4.1.tgz#929de2bbcd05df4145229f11dde9d64e5d8937fa"
  integrity sha512-lLNC4qBAaU6DU6HV0t93CdDZZyzm9nWNASAe9S3nBr4BPb0emXEPX/bToblWWCSIE2be1WDKnxkCtEctkqjozw==
  dependencies:
    tslib "^1.8.0"

"@aws-sdk/util-body-length-node@3.4.1":
  version "3.4.1"
  resolved "https://registry.yarnpkg.com/@aws-sdk/util-body-length-node/-/util-body-length-node-3.4.1.tgz#ae83e49f180cf19817f0f7eccfb44dd83fe396cb"
  integrity sha512-K7cQCvdJc4m5FXF/87hIgyJRjjydnsYX8kG8MDY9cSJPXgDwmT2DCFlsD67OwixUxwTwj2IJ0MIuworUTGydKQ==
  dependencies:
    tslib "^1.8.0"

"@aws-sdk/util-buffer-from@3.4.1":
  version "3.4.1"
  resolved "https://registry.yarnpkg.com/@aws-sdk/util-buffer-from/-/util-buffer-from-3.4.1.tgz#aaefa24ad776b4617c04a28dce9ac4e6193b0551"
  integrity sha512-RQz0xlR2LdfxnEyptTeAVBPPyNeqVz8Ib3pNR5mAjmARHT5w3FNSoRb/LRoRmzzV408qyKWdAUND7uugposj7A==
  dependencies:
    "@aws-sdk/is-array-buffer" "3.4.1"
    tslib "^1.8.0"

"@aws-sdk/util-hex-encoding@3.4.1":
  version "3.4.1"
  resolved "https://registry.yarnpkg.com/@aws-sdk/util-hex-encoding/-/util-hex-encoding-3.4.1.tgz#4ec50155666f7da345d11213c8b0b07dddf862bd"
  integrity sha512-t1yfE7nrVkaAVvt7/Nv+e3w90PSkplglFCCfKjgDwJ+DTIFMRhRCq5tI1iFcfJqCPpy8LUDYo40crZAPZLJyRA==
  dependencies:
    tslib "^1.8.0"

"@aws-sdk/util-locate-window@^3.0.0":
  version "3.4.1"
  resolved "https://registry.yarnpkg.com/@aws-sdk/util-locate-window/-/util-locate-window-3.4.1.tgz#933318165601fdb147693b8719996ddc60cae29d"
  integrity sha512-wjN2FWqlPDek9WIvwLeRCjjbf3P2751j2DL0EOUHmm231gpCCGfiV1Ykb1ZY9iKlYkFumybs8C+5QOQXTrQUlg==
  dependencies:
    tslib "^1.8.0"

"@aws-sdk/util-uri-escape@3.4.1":
  version "3.4.1"
  resolved "https://registry.yarnpkg.com/@aws-sdk/util-uri-escape/-/util-uri-escape-3.4.1.tgz#74e9ca21aac377a0be001a14a6d47ae91af9793a"
  integrity sha512-9KeC62PTYLx9Cat7Uc1g+9fL1h4XQdp2y6aln7d5VXVDFaeJqe4x4cmJNTrlOloH5kdVhFQ5f/EUUDYZ24gKjQ==
  dependencies:
    tslib "^1.8.0"

"@aws-sdk/util-user-agent-browser@3.4.1":
  version "3.4.1"
  resolved "https://registry.yarnpkg.com/@aws-sdk/util-user-agent-browser/-/util-user-agent-browser-3.4.1.tgz#29f582a23c4481b8b07f270649ae557a68136c6a"
  integrity sha512-8bycOF4zSRX1ddAk092mJoBXnh/iPTvwr9BcEjjSbDwrC9jDANW2xh5C889qUUpZy8jTORrbYYVoKiAjCDCOgg==
  dependencies:
    "@aws-sdk/types" "3.4.1"
    bowser "^2.11.0"
    tslib "^1.8.0"

"@aws-sdk/util-user-agent-node@3.4.1":
  version "3.4.1"
  resolved "https://registry.yarnpkg.com/@aws-sdk/util-user-agent-node/-/util-user-agent-node-3.4.1.tgz#9b26b83b8fde8e87afacf9b4f767f2144ee72706"
  integrity sha512-YaJX1ZnsxNYOJbQmR3bNC/Z0xaAUD3qsqa62ML9aWJ37+Rw3EpQnuI1HBS67lbpt4vaTlANhtSJtV/ikNsUoqw==
  dependencies:
    "@aws-sdk/node-config-provider" "3.4.1"
    "@aws-sdk/types" "3.4.1"
    tslib "^1.8.0"

"@aws-sdk/util-utf8-browser@3.4.1", "@aws-sdk/util-utf8-browser@^3.0.0":
  version "3.4.1"
  resolved "https://registry.yarnpkg.com/@aws-sdk/util-utf8-browser/-/util-utf8-browser-3.4.1.tgz#fef8faa75addce8726b08c2963171e8949ac315c"
  integrity sha512-dZ13D/y0cqFAe6LlWa17BXseRzRh96i8Jdx23I8zNSTcXctIetqINMwtO9KeJMl20vQTj8iORb4J496FgVRuUA==
  dependencies:
    tslib "^1.8.0"

"@aws-sdk/util-utf8-node@3.4.1":
  version "3.4.1"
  resolved "https://registry.yarnpkg.com/@aws-sdk/util-utf8-node/-/util-utf8-node-3.4.1.tgz#d33f19705f818b692087b1c5791db3d5b8576029"
  integrity sha512-89nrmzjQJJl0dHX7UfhwwTI7jNW8/PFOXKhSBNDaUjw5GAZHtsa8PNFSZ4Wmsyln7QT/c5ivggtrc6Xb3CZFdA==
  dependencies:
    "@aws-sdk/util-buffer-from" "3.4.1"
    tslib "^1.8.0"

"@aws-sdk/util-waiter@3.4.1":
  version "3.4.1"
  resolved "https://registry.yarnpkg.com/@aws-sdk/util-waiter/-/util-waiter-3.4.1.tgz#50d36f52758fd25169f9da7b9555c2e0f271079a"
  integrity sha512-V/ArSzjzHKsFCGbwwLcGDN8kB3zpaKf1Hth/Mfc93CMKaWmK1/DoEdlZw1d7YuyoIoCn8JlYF1E76h1v7jHTsA==
  dependencies:
    "@aws-sdk/abort-controller" "3.4.1"
    "@aws-sdk/types" "3.4.1"
    tslib "^1.8.0"

"@aws-sdk/xml-builder@3.4.1":
  version "3.4.1"
  resolved "https://registry.yarnpkg.com/@aws-sdk/xml-builder/-/xml-builder-3.4.1.tgz#3dcdbd06d94e780cab576f3e0845fbc08c81666f"
  integrity sha512-HpOveu6XU6t1xXsESum4szy7CoqBzoLf7Em1AFEdHZUHH06WTuFF771LASUqr1/Ch50ptfCIOQNi7SND5I0DaA==
  dependencies:
    tslib "^1.8.0"

"@types/aws-lambda@^8.10.71":
  version "8.10.71"
  resolved "https://registry.yarnpkg.com/@types/aws-lambda/-/aws-lambda-8.10.71.tgz#ab3084038411ce42f63b975e67aafb163f3aa353"
  integrity sha512-l0Lag6qq06AlKllprAJ3pbgVUbXCjRGRb7VpHow8IMn2BMHTPR0t5OD97/w8CR1+wA5XZuWQoXLjYvdlk2kQrQ==

"@types/node-fetch@^2.5.8":
  version "2.5.8"
  resolved "https://registry.yarnpkg.com/@types/node-fetch/-/node-fetch-2.5.8.tgz#e199c835d234c7eb0846f6618012e558544ee2fb"
  integrity sha512-fbjI6ja0N5ZA8TV53RUqzsKNkl9fv8Oj3T7zxW7FGv1GSH7gwJaNF8dzCjrqKaxKeUpTz4yT1DaJFq/omNpGfw==
  dependencies:
    "@types/node" "*"
    form-data "^3.0.0"

"@types/node@*", "@types/node@14.14.22":
  version "14.14.22"
  resolved "https://registry.yarnpkg.com/@types/node/-/node-14.14.22.tgz#0d29f382472c4ccf3bd96ff0ce47daf5b7b84b18"
  integrity sha512-g+f/qj/cNcqKkc3tFqlXOYjrmZA+jNBiDzbP3kH+B+otKFqAdPgVTGP1IeKRdMml/aE69as5S4FqtxAbl+LaMw==

arg@^4.1.0:
  version "4.1.3"
  resolved "https://registry.yarnpkg.com/arg/-/arg-4.1.3.tgz#269fc7ad5b8e42cb63c896d5666017261c144089"
  integrity sha512-58S9QDqG0Xx27YwPSt9fJxivjYl432YCwfDMfZ+71RAqUrZef7LrKQZ3LHLOwCS4FLNBplP533Zx895SeOCHvA==

argparse@^1.0.7:
  version "1.0.10"
  resolved "https://registry.yarnpkg.com/argparse/-/argparse-1.0.10.tgz#bcd6791ea5ae09725e17e5ad988134cd40b3d911"
  integrity sha512-o5Roy6tNG4SL/FOkCAN6RzjiakZS25RLYFrcMttJqbdd8BWrnA+fGz57iN5Pb06pvBGvl5gQ0B48dJlslXvoTg==
  dependencies:
    sprintf-js "~1.0.2"

asynckit@^0.4.0:
  version "0.4.0"
  resolved "https://registry.yarnpkg.com/asynckit/-/asynckit-0.4.0.tgz#c79ed97f7f34cb8f2ba1bc9790bcc366474b4b79"
  integrity sha1-x57Zf380y48robyXkLzDZkdLS3k=

aws-lambda@^1.0.6:
  version "1.0.6"
  resolved "https://registry.yarnpkg.com/aws-lambda/-/aws-lambda-1.0.6.tgz#ba562478264646b51e9dc817d7d25ea468ed011b"
  integrity sha512-Z9lmZBiDYejzjMWuQSDXuZWAqAun6vGt7WApB1r0f8tLNf0IlTGsH30qENfP1kXeTbbMgPpt1bPEeMZjYDTXxQ==
  dependencies:
    aws-sdk "*"
    commander "^3.0.2"
    js-yaml "^3.13.1"
    watchpack "^2.0.0-beta.10"

aws-sdk@*:
  version "2.834.0"
  resolved "https://registry.yarnpkg.com/aws-sdk/-/aws-sdk-2.834.0.tgz#1d9f8ed7cf2ed885041142d67e29f45cbb8621b7"
  integrity sha512-9WRULrn4qAmgXI+tEW/IG5s/6ixJGZqjPOrmJsFZQev7/WRkxAZmJAjcwd4Ifm/jsJbXx2FSwO76gOPEvu2LqA==
  dependencies:
    buffer "4.9.2"
    events "1.1.1"
    ieee754 "1.1.13"
    jmespath "0.15.0"
    querystring "0.2.0"
    sax "1.2.1"
    url "0.10.3"
    uuid "3.3.2"
    xml2js "0.4.19"

base64-js@^1.0.2:
  version "1.5.1"
  resolved "https://registry.yarnpkg.com/base64-js/-/base64-js-1.5.1.tgz#1b1b440160a5bf7ad40b650f095963481903930a"
  integrity sha512-AKpaYlHn8t4SVbOHCy+b5+KKgvR4vrsD8vbvrbiQJps7fKDTkjkDry6ji0rUJjC0kzbNePLwzxq8iypo41qeWA==

bowser@^2.11.0:
  version "2.11.0"
  resolved "https://registry.yarnpkg.com/bowser/-/bowser-2.11.0.tgz#5ca3c35757a7aa5771500c70a73a9f91ef420a8f"
  integrity sha512-AlcaJBi/pqqJBIQ8U9Mcpc9i8Aqxn88Skv5d+xBX006BY5u8N3mGLHa5Lgppa7L/HfwgwLgZ6NYs+Ag6uUmJRA==

buffer-from@^1.0.0:
  version "1.1.1"
  resolved "https://registry.yarnpkg.com/buffer-from/-/buffer-from-1.1.1.tgz#32713bc028f75c02fdb710d7c7bcec1f2c6070ef"
  integrity sha512-MQcXEUbCKtEo7bhqEs6560Hyd4XaovZlO/k9V3hjVUF/zwW7KBVdSK4gIt/bzwS9MbR5qob+F5jusZsb0YQK2A==

buffer@4.9.2:
  version "4.9.2"
  resolved "https://registry.yarnpkg.com/buffer/-/buffer-4.9.2.tgz#230ead344002988644841ab0244af8c44bbe3ef8"
  integrity sha512-xq+q3SRMOxGivLhBNaUdC64hDTQwejJ+H0T/NB1XMtTVEwNTrfFF3gAxiyW0Bu/xWEGhjVKgUcMhCrUy2+uCWg==
  dependencies:
    base64-js "^1.0.2"
    ieee754 "^1.1.4"
    isarray "^1.0.0"

combined-stream@^1.0.8:
  version "1.0.8"
  resolved "https://registry.yarnpkg.com/combined-stream/-/combined-stream-1.0.8.tgz#c3d45a8b34fd730631a110a8a2520682b31d5a7f"
  integrity sha512-FQN4MRfuJeHf7cBbBMJFXhKSDq+2kAArBlmRBvcvFE5BB1HZKXtSFASDhdlz9zOYwxh8lDdnvmMOe/+5cdoEdg==
  dependencies:
    delayed-stream "~1.0.0"

commander@^3.0.2:
  version "3.0.2"
  resolved "https://registry.yarnpkg.com/commander/-/commander-3.0.2.tgz#6837c3fb677ad9933d1cfba42dd14d5117d6b39e"
  integrity sha512-Gar0ASD4BDyKC4hl4DwHqDrmvjoxWKZigVnAbn5H1owvm4CxCPdb0HQDehwNYMJpla5+M2tPmPARzhtYuwpHow==

create-require@^1.1.0:
  version "1.1.1"
  resolved "https://registry.yarnpkg.com/create-require/-/create-require-1.1.1.tgz#c1d7e8f1e5f6cfc9ff65f9cd352d37348756c333"
  integrity sha512-dcKFX3jn0MpIaXjisoRvexIJVEKzaq7z2rZKxf+MSr9TkdmHmsU4m2lcLojrj/FHl8mk5VxMmYA+ftRkP/3oKQ==

delayed-stream@~1.0.0:
  version "1.0.0"
  resolved "https://registry.yarnpkg.com/delayed-stream/-/delayed-stream-1.0.0.tgz#df3ae199acadfb7d440aaae0b29e2272b24ec619"
  integrity sha1-3zrhmayt+31ECqrgsp4icrJOxhk=

diff@^4.0.1:
  version "4.0.2"
  resolved "https://registry.yarnpkg.com/diff/-/diff-4.0.2.tgz#60f3aecb89d5fae520c11aa19efc2bb982aade7d"
  integrity sha512-58lmxKSA4BNyLz+HHMUzlOEpg09FV+ev6ZMe3vJihgdxzgcwZ8VoEEPmALCZG9LmqfVoNMMKpttIYTVG6uDY7A==

esprima@^4.0.0:
  version "4.0.1"
  resolved "https://registry.yarnpkg.com/esprima/-/esprima-4.0.1.tgz#13b04cdb3e6c5d19df91ab6987a8695619b0aa71"
  integrity sha512-eGuFFw7Upda+g4p+QHvnW0RyTX/SVeJBDM/gCtMARO0cLuT2HcEKnTPvhjV6aGeqrCB/sbNop0Kszm0jsaWU4A==

events@1.1.1:
  version "1.1.1"
  resolved "https://registry.yarnpkg.com/events/-/events-1.1.1.tgz#9ebdb7635ad099c70dcc4c2a1f5004288e8bd924"
  integrity sha1-nr23Y1rQmccNzEwqH1AEKI6L2SQ=

fast-base64-decode@^1.0.0:
  version "1.0.0"
  resolved "https://registry.yarnpkg.com/fast-base64-decode/-/fast-base64-decode-1.0.0.tgz#b434a0dd7d92b12b43f26819300d2dafb83ee418"
  integrity sha512-qwaScUgUGBYeDNRnbc/KyllVU88Jk1pRHPStuF/lO7B0/RTRLj7U0lkdTAutlBblY08rwZDff6tNU9cjv6j//Q==

fast-xml-parser@^3.16.0:
  version "3.17.6"
  resolved "https://registry.yarnpkg.com/fast-xml-parser/-/fast-xml-parser-3.17.6.tgz#4f5df8cf927c3e59a10362abcfb7335c34bc5c5f"
  integrity sha512-40WHI/5d2MOzf1sD2bSaTXlPn1lueJLAX6j1xH5dSAr6tNeut8B9ktEL6sjAK9yVON4uNj9//axOdBJUuruCzw==

form-data@^3.0.0:
  version "3.0.0"
  resolved "https://registry.yarnpkg.com/form-data/-/form-data-3.0.0.tgz#31b7e39c85f1355b7139ee0c647cf0de7f83c682"
  integrity sha512-CKMFDglpbMi6PyN+brwB9Q/GOw0eAnsrEZDgcsH5Krhz5Od/haKHAX0NmQfha2zPPz0JpWzA7GJHGSnvCRLWsg==
  dependencies:
    asynckit "^0.4.0"
    combined-stream "^1.0.8"
    mime-types "^2.1.12"

glob-to-regexp@^0.4.1:
  version "0.4.1"
  resolved "https://registry.yarnpkg.com/glob-to-regexp/-/glob-to-regexp-0.4.1.tgz#c75297087c851b9a578bd217dd59a92f59fe546e"
  integrity sha512-lkX1HJXwyMcprw/5YUZc2s7DrpAiHB21/V+E1rHUrVNokkvB6bqMzT0VfV6/86ZNabt1k14YOIaT7nDvOX3Iiw==

graceful-fs@^4.1.2:
  version "4.2.4"
  resolved "https://registry.yarnpkg.com/graceful-fs/-/graceful-fs-4.2.4.tgz#2256bde14d3632958c465ebc96dc467ca07a29fb"
  integrity sha512-WjKPNJF79dtJAVniUlGGWHYGz2jWxT6VhN/4m1NdkbZ2nOsEF+cI1Edgql5zCRhs/VsQYRvrXctxktVXZUkixw==

ieee754@1.1.13:
  version "1.1.13"
  resolved "https://registry.yarnpkg.com/ieee754/-/ieee754-1.1.13.tgz#ec168558e95aa181fd87d37f55c32bbcb6708b84"
  integrity sha512-4vf7I2LYV/HaWerSo3XmlMkp5eZ83i+/CDluXi/IGTs/O1sejBNhTtnxzmRZfvOUqj7lZjqHkeTvpgSFDlWZTg==

ieee754@^1.1.4:
  version "1.2.1"
  resolved "https://registry.yarnpkg.com/ieee754/-/ieee754-1.2.1.tgz#8eb7a10a63fff25d15a57b001586d177d1b0d352"
  integrity sha512-dcyqhDvX1C46lXZcVqCpK+FtMRQVdIMN6/Df5js2zouUsqG7I6sFxitIC+7KYK29KdXOLHdu9zL4sFnoVQnqaA==

isarray@^1.0.0:
  version "1.0.0"
  resolved "https://registry.yarnpkg.com/isarray/-/isarray-1.0.0.tgz#bb935d48582cba168c06834957a54a3e07124f11"
  integrity sha1-u5NdSFgsuhaMBoNJV6VKPgcSTxE=

jmespath@0.15.0:
  version "0.15.0"
  resolved "https://registry.yarnpkg.com/jmespath/-/jmespath-0.15.0.tgz#a3f222a9aae9f966f5d27c796510e28091764217"
  integrity sha1-o/Iiqarp+Wb10nx5ZRDigJF2Qhc=

js-yaml@^3.13.1:
  version "3.14.1"
  resolved "https://registry.yarnpkg.com/js-yaml/-/js-yaml-3.14.1.tgz#dae812fdb3825fa306609a8717383c50c36a0537"
  integrity sha512-okMH7OXXJ7YrN9Ok3/SXrnu4iX9yOk+25nqX4imS2npuvTYDmo/QEZoqwZkYaIDk3jVvBOTOIEgEhaLOynBS9g==
  dependencies:
    argparse "^1.0.7"
    esprima "^4.0.0"

make-error@^1.1.1:
  version "1.3.6"
  resolved "https://registry.yarnpkg.com/make-error/-/make-error-1.3.6.tgz#2eb2e37ea9b67c4891f684a1394799af484cf7a2"
  integrity sha512-s8UhlNe7vPKomQhC1qFelMokr/Sc3AgNbso3n74mVPA5LTZwkB9NlXf4XPamLxJE8h0gh73rM94xvwRT2CVInw==

mime-db@1.45.0:
  version "1.45.0"
  resolved "https://registry.yarnpkg.com/mime-db/-/mime-db-1.45.0.tgz#cceeda21ccd7c3a745eba2decd55d4b73e7879ea"
  integrity sha512-CkqLUxUk15hofLoLyljJSrukZi8mAtgd+yE5uO4tqRZsdsAJKv0O+rFMhVDRJgozy+yG6md5KwuXhD4ocIoP+w==

mime-types@^2.1.12:
  version "2.1.28"
  resolved "https://registry.yarnpkg.com/mime-types/-/mime-types-2.1.28.tgz#1160c4757eab2c5363888e005273ecf79d2a0ecd"
  integrity sha512-0TO2yJ5YHYr7M2zzT7gDU1tbwHxEUWBCLt0lscSNpcdAfFyJOVEpRYNS7EXVcTLNj/25QO8gulHC5JtTzSE2UQ==
  dependencies:
    mime-db "1.45.0"

node-fetch@^2.6.1:
  version "2.6.1"
  resolved "https://registry.yarnpkg.com/node-fetch/-/node-fetch-2.6.1.tgz#045bd323631f76ed2e2b55573394416b639a0052"
  integrity sha512-V4aYg89jEoVRxRb2fJdAg8FHvI7cEyYdVAh94HH0UIK8oJxUfkjlDQN9RbMx+bEjP7+ggMiFRprSti032Oipxw==

punycode@1.3.2:
  version "1.3.2"
  resolved "https://registry.yarnpkg.com/punycode/-/punycode-1.3.2.tgz#9653a036fb7c1ee42342f2325cceefea3926c48d"
  integrity sha1-llOgNvt8HuQjQvIyXM7v6jkmxI0=

querystring@0.2.0:
  version "0.2.0"
  resolved "https://registry.yarnpkg.com/querystring/-/querystring-0.2.0.tgz#b209849203bb25df820da756e747005878521620"
  integrity sha1-sgmEkgO7Jd+CDadW50cAWHhSFiA=

react-native-get-random-values@^1.4.0:
  version "1.5.1"
  resolved "https://registry.yarnpkg.com/react-native-get-random-values/-/react-native-get-random-values-1.5.1.tgz#f335a37c09a4892deaf40187e73a888e14e82d60"
  integrity sha512-L76sTcz3jdFmc7Gn41SHOxCioYY3m4rtuWEUI6X8IeWVmkflHXrSyAObOW4eNTM5qytH+45pgMCVKJzfB/Ik4A==
  dependencies:
    fast-base64-decode "^1.0.0"

sax@1.2.1:
  version "1.2.1"
  resolved "https://registry.yarnpkg.com/sax/-/sax-1.2.1.tgz#7b8e656190b228e81a66aea748480d828cd2d37a"
  integrity sha1-e45lYZCyKOgaZq6nSEgNgozS03o=

sax@>=0.6.0:
  version "1.2.4"
  resolved "https://registry.yarnpkg.com/sax/-/sax-1.2.4.tgz#2816234e2378bddc4e5354fab5caa895df7100d9"
  integrity sha512-NqVDv9TpANUjFm0N8uM5GxL36UgKi9/atZw+x7YFnQ8ckwFGKrl4xX4yWtrey3UJm5nP1kUbnYgLopqWNSRhWw==

source-map-support@^0.5.17, source-map-support@^0.5.19:
  version "0.5.19"
  resolved "https://registry.yarnpkg.com/source-map-support/-/source-map-support-0.5.19.tgz#a98b62f86dcaf4f67399648c085291ab9e8fed61"
  integrity sha512-Wonm7zOCIJzBGQdB+thsPar0kYuCIzYvxZwlBa87yi/Mdjv7Tip2cyVbLj5o0cFPN4EVkuTwb3GDDyUx2DGnGw==
  dependencies:
    buffer-from "^1.0.0"
    source-map "^0.6.0"

source-map@^0.6.0:
  version "0.6.1"
  resolved "https://registry.yarnpkg.com/source-map/-/source-map-0.6.1.tgz#74722af32e9614e9c287a8d0bbde48b5e2f1a263"
  integrity sha512-UjgapumWlbMhkBgzT7Ykc5YXUT46F0iKu8SGXq0bcwP5dz/h0Plj6enJqjz1Zbq2l5WaqYnrVbwWOWMyF3F47g==

sprintf-js@~1.0.2:
  version "1.0.3"
  resolved "https://registry.yarnpkg.com/sprintf-js/-/sprintf-js-1.0.3.tgz#04e6926f662895354f3dd015203633b857297e2c"
  integrity sha1-BOaSb2YolTVPPdAVIDYzuFcpfiw=

ts-node@^9.1.1:
  version "9.1.1"
  resolved "https://registry.yarnpkg.com/ts-node/-/ts-node-9.1.1.tgz#51a9a450a3e959401bda5f004a72d54b936d376d"
  integrity sha512-hPlt7ZACERQGf03M253ytLY3dHbGNGrAq9qIHWUY9XHYl1z7wYngSr3OQ5xmui8o2AaxsONxIzjafLUiWBo1Fg==
  dependencies:
    arg "^4.1.0"
    create-require "^1.1.0"
    diff "^4.0.1"
    make-error "^1.1.1"
    source-map-support "^0.5.17"
    yn "3.1.1"

tslib@^1.11.1, tslib@^1.8.0:
  version "1.14.1"
  resolved "https://registry.yarnpkg.com/tslib/-/tslib-1.14.1.tgz#cf2d38bdc34a134bcaf1091c41f6619e2f672d00"
  integrity sha512-Xni35NKzjgMrwevysHTCArtLDpPvye8zV/0E4EyYn43P7/7qvQwPh9BGkHewbMulVntbigmcT7rdX3BNo9wRJg==

tslib@^2.0.0:
  version "2.1.0"
  resolved "https://registry.yarnpkg.com/tslib/-/tslib-2.1.0.tgz#da60860f1c2ecaa5703ab7d39bc05b6bf988b97a"
  integrity sha512-hcVC3wYEziELGGmEEXue7D75zbwIIVUMWAVbHItGPx0ziyXxrOMQx4rQEVEV45Ut/1IotuEvwqPopzIOkDMf0A==

typescript@^4.1.3:
  version "4.1.3"
  resolved "https://registry.yarnpkg.com/typescript/-/typescript-4.1.3.tgz#519d582bd94cba0cf8934c7d8e8467e473f53bb7"
  integrity sha512-B3ZIOf1IKeH2ixgHhj6la6xdwR9QrLC5d1VKeCSY4tvkqhF2eqd9O7txNlS0PO3GrBAFIdr3L1ndNwteUbZLYg==

url@0.10.3:
  version "0.10.3"
  resolved "https://registry.yarnpkg.com/url/-/url-0.10.3.tgz#021e4d9c7705f21bbf37d03ceb58767402774c64"
  integrity sha1-Ah5NnHcF8hu/N9A861h2dAJ3TGQ=
  dependencies:
    punycode "1.3.2"
    querystring "0.2.0"

url@^0.11.0:
  version "0.11.0"
  resolved "https://registry.yarnpkg.com/url/-/url-0.11.0.tgz#3838e97cfc60521eb73c525a8e55bfdd9e2e28f1"
  integrity sha1-ODjpfPxgUh63PFJajlW/3Z4uKPE=
  dependencies:
    punycode "1.3.2"
    querystring "0.2.0"

uuid@3.3.2:
  version "3.3.2"
  resolved "https://registry.yarnpkg.com/uuid/-/uuid-3.3.2.tgz#1b4af4955eb3077c501c23872fc6513811587131"
  integrity sha512-yXJmeNaw3DnnKAOKJE51sL/ZaYfWJRl1pK9dr19YFCu0ObS231AB1/LbqTKRAQ5kw8A90rA6fr4riOUpTZvQZA==

uuid@^3.0.0:
  version "3.4.0"
  resolved "https://registry.yarnpkg.com/uuid/-/uuid-3.4.0.tgz#b23e4358afa8a202fe7a100af1f5f883f02007ee"
  integrity sha512-HjSDRw6gZE5JMggctHBcjVak08+KEVhSIiDzFnT9S9aegmp85S/bReBVTb4QTFaRNptJ9kuYaNhnbNEOkbKb/A==

watchpack@^2.0.0-beta.10:
  version "2.1.0"
  resolved "https://registry.yarnpkg.com/watchpack/-/watchpack-2.1.0.tgz#e63194736bf3aa22026f7b191cd57907b0f9f696"
  integrity sha512-UjgD1mqjkG99+3lgG36at4wPnUXNvis2v1utwTgQ43C22c4LD71LsYMExdWXh4HZ+RmW+B0t1Vrg2GpXAkTOQw==
  dependencies:
    glob-to-regexp "^0.4.1"
    graceful-fs "^4.1.2"

xml2js@0.4.19:
  version "0.4.19"
  resolved "https://registry.yarnpkg.com/xml2js/-/xml2js-0.4.19.tgz#686c20f213209e94abf0d1bcf1efaa291c7827a7"
  integrity sha512-esZnJZJOiJR9wWKMyuvSE1y6Dq5LCuJanqhxslH2bxM6duahNZ+HMpCLhBQGZkbX6xRf8x1Y2eJlgt2q3qo49Q==
  dependencies:
    sax ">=0.6.0"
    xmlbuilder "~9.0.1"

xmlbuilder@~9.0.1:
  version "9.0.7"
  resolved "https://registry.yarnpkg.com/xmlbuilder/-/xmlbuilder-9.0.7.tgz#132ee63d2ec5565c557e20f4c22df9aca686b10d"
  integrity sha1-Ey7mPS7FVlxVfiD0wi35rKaGsQ0=

yn@3.1.1:
  version "3.1.1"
  resolved "https://registry.yarnpkg.com/yn/-/yn-3.1.1.tgz#1e87401a09d767c1d5eab26a6e4c185182d2eb50"
  integrity sha512-Ux4ygGWsu2c7isFWe8Yu1YluJmqVhxqK2cLXNQA5AcC3QfbGNpM7fu0Y8b/z16pXLnFxZYvWhd3fhBY9DLmC6Q==
